PODS:
  - Cartography (0.6.0)
  - RealmSwift (1.0.2-5-sync-0.27.1)
  - TOActionSheet (1.0.1)

DEPENDENCIES:
  - Cartography
  - RealmSwift (= 1.0.2-5-sync-0.27.1)
  - TOActionSheet

SPEC CHECKSUMS:
  Cartography: 70af183a248547694a8cfaa6b989cb7e04589985
  RealmSwift: 7e554ce55f099ed5f6d1f51028db66c96cc9e355
  TOActionSheet: 46ef00276160a8a7c0f62650a4fa4eb29822d211

PODFILE CHECKSUM: 8dedca06c02b4619317f2ae5410cff6ded2be941

COCOAPODS: 1.0.1
