PODS:
  - Cartography (0.7.0)
  - Realm (1.1.0):
    - RealmCore
    - RealmSync
  - RealmCore (2.0.0-rc3)
  - RealmSwift (1.1.0):
    - Realm (= 1.1.0)
  - RealmSync (1.0.0-beta-31.0):
    - RealmCore (= 2.0.0-rc3)

DEPENDENCIES:
  - Cartography (from `https://github.com/robb/Cartography.git`, branch `master`)
  - Realm (from `git@github.com:realm/realm-cocoa-private.git`, branch `sync`)
  - RealmCore (= 2.0.0-rc3)
  - RealmSwift (from `git@github.com:realm/realm-cocoa-private.git`, branch `sync`)
  - RealmSync (= 1.0.0-beta-31.0)

EXTERNAL SOURCES:
  Cartography:
    :branch: master
    :git: https://github.com/robb/Cartography.git
  Realm:
    :branch: sync
    :git: git@github.com:realm/realm-cocoa-private.git
    :submodules: true
  RealmSwift:
    :branch: sync
    :git: git@github.com:realm/realm-cocoa-private.git

CHECKOUT OPTIONS:
  Cartography:
    :commit: ecdeffda56a6ce9dc8bb571b5455a6395d403b03
    :git: https://github.com/robb/Cartography.git
  Realm:
    :commit: 1fb5e715b343816778d7ab86eeea94ae9ab2cebe
    :git: git@github.com:realm/realm-cocoa-private.git
    :submodules: true
  RealmSwift:
    :commit: 1fb5e715b343816778d7ab86eeea94ae9ab2cebe
    :git: git@github.com:realm/realm-cocoa-private.git

SPEC CHECKSUMS:
  Cartography: dd6044b6fe352252f68b648df5bff47841e591cc
  Realm: 6e501d87f7de272ea46ecfbd70f1aff31440878f
  RealmCore: 0c3d2ef84b197f1f7dddf4345d14744796c30484
  RealmSwift: 6c74231803e6ed829117d4b52168d285cb08a4f5
  RealmSync: 3a8bc9b4360474804c74011e5ecff3d32d4b0d6b

PODFILE CHECKSUM: be5e5691a361b87886ad26610906dc9fe1e9fd52

COCOAPODS: 1.0.1
