PODS:
  - Cartography (0.6.0)
  - RealmSwift (1.0.2-4-sync-0.26.3)

DEPENDENCIES:
  - Cartography
  - RealmSwift (= 1.0.2-4-sync-0.26.3)

SPEC CHECKSUMS:
  Cartography: 70af183a248547694a8cfaa6b989cb7e04589985
  RealmSwift: 9238036ecfd812a5bea67051d81d8a9711990a83

PODFILE CHECKSUM: 7aea1079e58ecbc7b7689604b16fd9d0b1365f9d

COCOAPODS: 1.0.1
