// !$*UTF8*$!
{
	archiveVersion = 1;
	classes = {
	};
	objectVersion = 46;
	objects = {

/* Begin PBXBuildFile section */
		220F33D81D265FDE007AFD1C /* RealmColor.swift in Sources */ = {isa = PBXBuildFile; fileRef = 220F33D71D265FDE007AFD1C /* RealmColor.swift */; };
		2212D5BD1D19E0700017CBC4 /* Realm.framework in Frameworks */ = {isa = PBXBuildFile; fileRef = 2212D5BC1D19E0700017CBC4 /* Realm.framework */; };
		228C37E11D38CB5B00D26842 /* OnboardView.swift in Sources */ = {isa = PBXBuildFile; fileRef = 228C37E01D38CB5B00D26842 /* OnboardView.swift */; };
		89BB5111A354E8CB3A46360E /* Pods_RealmClear.framework in Frameworks */ = {isa = PBXBuildFile; fileRef = 6ACA9FB2BA5D8D16277CA1CF /* Pods_RealmClear.framework */; };
		E83D4A821CBC471E002505F9 /* ToDoItem.swift in Sources */ = {isa = PBXBuildFile; fileRef = E83D4A811CBC471E002505F9 /* ToDoItem.swift */; };
		E83D4A8C1CBC4888002505F9 /* TableViewCell.swift in Sources */ = {isa = PBXBuildFile; fileRef = E83D4A8B1CBC4888002505F9 /* TableViewCell.swift */; };
		E83D4A931CBC4DEB002505F9 /* ToDoTextView.swift in Sources */ = {isa = PBXBuildFile; fileRef = E83D4A921CBC4DEB002505F9 /* ToDoTextView.swift */; };
		E84CF2B51CBC408000082C1A /* AppDelegate.swift in Sources */ = {isa = PBXBuildFile; fileRef = E84CF2B41CBC408000082C1A /* AppDelegate.swift */; };
		E84CF2B71CBC408000082C1A /* ViewController.swift in Sources */ = {isa = PBXBuildFile; fileRef = E84CF2B61CBC408000082C1A /* ViewController.swift */; };
		E84CF2BC1CBC408000082C1A /* Assets.xcassets in Resources */ = {isa = PBXBuildFile; fileRef = E84CF2BB1CBC408000082C1A /* Assets.xcassets */; };
		E84CF2BF1CBC408000082C1A /* LaunchScreen.storyboard in Resources */ = {isa = PBXBuildFile; fileRef = E84CF2BD1CBC408000082C1A /* LaunchScreen.storyboard */; };
		E84CF2CA1CBC408000082C1A /* RealmClearTests.swift in Sources */ = {isa = PBXBuildFile; fileRef = E84CF2C91CBC408000082C1A /* RealmClearTests.swift */; };
/* End PBXBuildFile section */

/* Begin PBXContainerItemProxy section */
		E84CF2C61CBC408000082C1A /* PBXContainerItemProxy */ = {
			isa = PBXContainerItemProxy;
			containerPortal = E84CF2A91CBC408000082C1A /* Project object */;
			proxyType = 1;
			remoteGlobalIDString = E84CF2B01CBC408000082C1A;
			remoteInfo = RealmClear;
		};
/* End PBXContainerItemProxy section */

/* Begin PBXFileReference section */
		01064821B9B0323059E6E745 /* Pods-RealmClear.release.xcconfig */ = {isa = PBXFileReference; includeInIndex = 1; lastKnownFileType = text.xcconfig; name = "Pods-RealmClear.release.xcconfig"; path = "Pods/Target Support Files/Pods-RealmClear/Pods-RealmClear.release.xcconfig"; sourceTree = "<group>"; };
		220F33D71D265FDE007AFD1C /* RealmColor.swift */ = {isa = PBXFileReference; fileEncoding = 4; lastKnownFileType = sourcecode.swift; path = RealmColor.swift; sourceTree = "<group>"; };
		2212D5BC1D19E0700017CBC4 /* Realm.framework */ = {isa = PBXFileReference; lastKnownFileType = wrapper.framework; name = Realm.framework; path = "Pods/Realm/ios/static/xcode-7/Realm.framework"; sourceTree = "<group>"; };
		228C37E01D38CB5B00D26842 /* OnboardView.swift */ = {isa = PBXFileReference; fileEncoding = 4; lastKnownFileType = sourcecode.swift; path = OnboardView.swift; sourceTree = "<group>"; };
		5F63F9370C2192427DBC5119 /* Pods-RealmClear.debug.xcconfig */ = {isa = PBXFileReference; includeInIndex = 1; lastKnownFileType = text.xcconfig; name = "Pods-RealmClear.debug.xcconfig"; path = "Pods/Target Support Files/Pods-RealmClear/Pods-RealmClear.debug.xcconfig"; sourceTree = "<group>"; };
		6ACA9FB2BA5D8D16277CA1CF /* Pods_RealmClear.framework */ = {isa = PBXFileReference; explicitFileType = wrapper.framework; includeInIndex = 0; path = Pods_RealmClear.framework; sourceTree = BUILT_PRODUCTS_DIR; };
		E83D4A811CBC471E002505F9 /* ToDoItem.swift */ = {isa = PBXFileReference; fileEncoding = 4; lastKnownFileType = sourcecode.swift; path = ToDoItem.swift; sourceTree = "<group>"; };
		E83D4A8B1CBC4888002505F9 /* TableViewCell.swift */ = {isa = PBXFileReference; fileEncoding = 4; lastKnownFileType = sourcecode.swift; path = TableViewCell.swift; sourceTree = "<group>"; };
		E83D4A921CBC4DEB002505F9 /* ToDoTextView.swift */ = {isa = PBXFileReference; fileEncoding = 4; lastKnownFileType = sourcecode.swift; path = ToDoTextView.swift; sourceTree = "<group>"; };
		E84CF2B11CBC408000082C1A /* RealmClear.app */ = {isa = PBXFileReference; explicitFileType = wrapper.application; includeInIndex = 0; path = RealmClear.app; sourceTree = BUILT_PRODUCTS_DIR; };
		E84CF2B41CBC408000082C1A /* AppDelegate.swift */ = {isa = PBXFileReference; lastKnownFileType = sourcecode.swift; path = AppDelegate.swift; sourceTree = "<group>"; };
		E84CF2B61CBC408000082C1A /* ViewController.swift */ = {isa = PBXFileReference; lastKnownFileType = sourcecode.swift; path = ViewController.swift; sourceTree = "<group>"; };
		E84CF2BB1CBC408000082C1A /* Assets.xcassets */ = {isa = PBXFileReference; lastKnownFileType = folder.assetcatalog; path = Assets.xcassets; sourceTree = "<group>"; };
		E84CF2BE1CBC408000082C1A /* Base */ = {isa = PBXFileReference; lastKnownFileType = file.storyboard; name = Base; path = Base.lproj/LaunchScreen.storyboard; sourceTree = "<group>"; };
		E84CF2C01CBC408000082C1A /* Info.plist */ = {isa = PBXFileReference; lastKnownFileType = text.plist.xml; path = Info.plist; sourceTree = "<group>"; };
		E84CF2C51CBC408000082C1A /* RealmClearTests.xctest */ = {isa = PBXFileReference; explicitFileType = wrapper.cfbundle; includeInIndex = 0; path = RealmClearTests.xctest; sourceTree = BUILT_PRODUCTS_DIR; };
		E84CF2C91CBC408000082C1A /* RealmClearTests.swift */ = {isa = PBXFileReference; lastKnownFileType = sourcecode.swift; path = RealmClearTests.swift; sourceTree = "<group>"; };
		E84CF2CB1CBC408000082C1A /* Info.plist */ = {isa = PBXFileReference; lastKnownFileType = text.plist.xml; path = Info.plist; sourceTree = "<group>"; };
/* End PBXFileReference section */

/* Begin PBXFrameworksBuildPhase section */
		E84CF2AE1CBC408000082C1A /* Frameworks */ = {
			isa = PBXFrameworksBuildPhase;
			buildActionMask = 2147483647;
			files = (
				89BB5111A354E8CB3A46360E /* Pods_RealmClear.framework in Frameworks */,
				2212D5BD1D19E0700017CBC4 /* Realm.framework in Frameworks */,
			);
			runOnlyForDeploymentPostprocessing = 0;
		};
		E84CF2C21CBC408000082C1A /* Frameworks */ = {
			isa = PBXFrameworksBuildPhase;
			buildActionMask = 2147483647;
			files = (
			);
			runOnlyForDeploymentPostprocessing = 0;
		};
/* End PBXFrameworksBuildPhase section */

/* Begin PBXGroup section */
		20DDCD0E2C347EB88F402A75 /* Frameworks */ = {
			isa = PBXGroup;
			children = (
				2212D5BC1D19E0700017CBC4 /* Realm.framework */,
				6ACA9FB2BA5D8D16277CA1CF /* Pods_RealmClear.framework */,
			);
			name = Frameworks;
			sourceTree = "<group>";
		};
		CE759B09B95721CF2EB9B60D /* Pods */ = {
			isa = PBXGroup;
			children = (
				5F63F9370C2192427DBC5119 /* Pods-RealmClear.debug.xcconfig */,
				01064821B9B0323059E6E745 /* Pods-RealmClear.release.xcconfig */,
			);
			name = Pods;
			sourceTree = "<group>";
		};
		E84CF2A81CBC408000082C1A = {
			isa = PBXGroup;
			children = (
				E84CF2B31CBC408000082C1A /* RealmClear */,
				E84CF2C81CBC408000082C1A /* RealmClearTests */,
				E84CF2B21CBC408000082C1A /* Products */,
				CE759B09B95721CF2EB9B60D /* Pods */,
				20DDCD0E2C347EB88F402A75 /* Frameworks */,
			);
			sourceTree = "<group>";
		};
		E84CF2B21CBC408000082C1A /* Products */ = {
			isa = PBXGroup;
			children = (
				E84CF2B11CBC408000082C1A /* RealmClear.app */,
				E84CF2C51CBC408000082C1A /* RealmClearTests.xctest */,
			);
			name = Products;
			sourceTree = "<group>";
		};
		E84CF2B31CBC408000082C1A /* RealmClear */ = {
			isa = PBXGroup;
			children = (
				E84CF2B41CBC408000082C1A /* AppDelegate.swift */,
				E84CF2B61CBC408000082C1A /* ViewController.swift */,
				E83D4A8B1CBC4888002505F9 /* TableViewCell.swift */,
				E83D4A921CBC4DEB002505F9 /* ToDoTextView.swift */,
				228C37E01D38CB5B00D26842 /* OnboardView.swift */,
				E83D4A811CBC471E002505F9 /* ToDoItem.swift */,
				E84CF2BB1CBC408000082C1A /* Assets.xcassets */,
				E84CF2BD1CBC408000082C1A /* LaunchScreen.storyboard */,
				E84CF2C01CBC408000082C1A /* Info.plist */,
				220F33D71D265FDE007AFD1C /* RealmColor.swift */,
			);
			path = RealmClear;
			sourceTree = "<group>";
		};
		E84CF2C81CBC408000082C1A /* RealmClearTests */ = {
			isa = PBXGroup;
			children = (
				E84CF2C91CBC408000082C1A /* RealmClearTests.swift */,
				E84CF2CB1CBC408000082C1A /* Info.plist */,
			);
			path = RealmClearTests;
			sourceTree = "<group>";
		};
/* End PBXGroup section */

/* Begin PBXNativeTarget section */
		E84CF2B01CBC408000082C1A /* RealmClear */ = {
			isa = PBXNativeTarget;
			buildConfigurationList = E84CF2CE1CBC408000082C1A /* Build configuration list for PBXNativeTarget "RealmClear" */;
			buildPhases = (
				35F4D05D72F0BCD961216D94 /* [CP] Check Pods Manifest.lock */,
				E84CF2AD1CBC408000082C1A /* Sources */,
				E84CF2AE1CBC408000082C1A /* Frameworks */,
				E84CF2AF1CBC408000082C1A /* Resources */,
				ACBBCF75C70A42D21B9BAF61 /* [CP] Embed Pods Frameworks */,
				96BCB93C57BBBCB3E5DA568B /* [CP] Copy Pods Resources */,
			);
			buildRules = (
			);
			dependencies = (
			);
			name = RealmClear;
			productName = RealmClear;
			productReference = E84CF2B11CBC408000082C1A /* RealmClear.app */;
			productType = "com.apple.product-type.application";
		};
		E84CF2C41CBC408000082C1A /* RealmClearTests */ = {
			isa = PBXNativeTarget;
			buildConfigurationList = E84CF2D11CBC408000082C1A /* Build configuration list for PBXNativeTarget "RealmClearTests" */;
			buildPhases = (
				E84CF2C11CBC408000082C1A /* Sources */,
				E84CF2C21CBC408000082C1A /* Frameworks */,
				E84CF2C31CBC408000082C1A /* Resources */,
			);
			buildRules = (
			);
			dependencies = (
				E84CF2C71CBC408000082C1A /* PBXTargetDependency */,
			);
			name = RealmClearTests;
			productName = RealmClearTests;
			productReference = E84CF2C51CBC408000082C1A /* RealmClearTests.xctest */;
			productType = "com.apple.product-type.bundle.unit-test";
		};
/* End PBXNativeTarget section */

/* Begin PBXProject section */
		E84CF2A91CBC408000082C1A /* Project object */ = {
			isa = PBXProject;
			attributes = {
				LastSwiftUpdateCheck = 0730;
				LastUpgradeCheck = 0730;
				ORGANIZATIONNAME = Realm;
				TargetAttributes = {
					E84CF2B01CBC408000082C1A = {
						CreatedOnToolsVersion = 7.3;
					};
					E84CF2C41CBC408000082C1A = {
						CreatedOnToolsVersion = 7.3;
						TestTargetID = E84CF2B01CBC408000082C1A;
					};
				};
			};
			buildConfigurationList = E84CF2AC1CBC408000082C1A /* Build configuration list for PBXProject "RealmClear" */;
			compatibilityVersion = "Xcode 3.2";
			developmentRegion = English;
			hasScannedForEncodings = 0;
			knownRegions = (
				en,
				Base,
			);
			mainGroup = E84CF2A81CBC408000082C1A;
			productRefGroup = E84CF2B21CBC408000082C1A /* Products */;
			projectDirPath = "";
			projectRoot = "";
			targets = (
				E84CF2B01CBC408000082C1A /* RealmClear */,
				E84CF2C41CBC408000082C1A /* RealmClearTests */,
			);
		};
/* End PBXProject section */

/* Begin PBXResourcesBuildPhase section */
		E84CF2AF1CBC408000082C1A /* Resources */ = {
			isa = PBXResourcesBuildPhase;
			buildActionMask = 2147483647;
			files = (
				E84CF2BF1CBC408000082C1A /* LaunchScreen.storyboard in Resources */,
				E84CF2BC1CBC408000082C1A /* Assets.xcassets in Resources */,
			);
			runOnlyForDeploymentPostprocessing = 0;
		};
		E84CF2C31CBC408000082C1A /* Resources */ = {
			isa = PBXResourcesBuildPhase;
			buildActionMask = 2147483647;
			files = (
			);
			runOnlyForDeploymentPostprocessing = 0;
		};
/* End PBXResourcesBuildPhase section */

/* Begin PBXShellScriptBuildPhase section */
		35F4D05D72F0BCD961216D94 /* [CP] Check Pods Manifest.lock */ = {
			isa = PBXShellScriptBuildPhase;
			buildActionMask = 2147483647;
			files = (
			);
			inputPaths = (
			);
			name = "[CP] Check Pods Manifest.lock";
			outputPaths = (
			);
			runOnlyForDeploymentPostprocessing = 0;
			shellPath = /bin/sh;
			shellScript = "diff \"${PODS_ROOT}/../Podfile.lock\" \"${PODS_ROOT}/Manifest.lock\" > /dev/null\nif [[ $? != 0 ]] ; then\n    cat << EOM\nerror: The sandbox is not in sync with the Podfile.lock. Run 'pod install' or update your CocoaPods installation.\nEOM\n    exit 1\nfi\n";
			showEnvVarsInLog = 0;
		};
		96BCB93C57BBBCB3E5DA568B /* [CP] Copy Pods Resources */ = {
			isa = PBXShellScriptBuildPhase;
			buildActionMask = 2147483647;
			files = (
			);
			inputPaths = (
			);
			name = "[CP] Copy Pods Resources";
			outputPaths = (
			);
			runOnlyForDeploymentPostprocessing = 0;
			shellPath = /bin/sh;
			shellScript = "\"${SRCROOT}/Pods/Target Support Files/Pods-RealmClear/Pods-RealmClear-resources.sh\"\n";
			showEnvVarsInLog = 0;
		};
		ACBBCF75C70A42D21B9BAF61 /* [CP] Embed Pods Frameworks */ = {
			isa = PBXShellScriptBuildPhase;
			buildActionMask = 2147483647;
			files = (
			);
			inputPaths = (
			);
			name = "[CP] Embed Pods Frameworks";
			outputPaths = (
			);
			runOnlyForDeploymentPostprocessing = 0;
			shellPath = /bin/sh;
			shellScript = "\"${SRCROOT}/Pods/Target Support Files/Pods-RealmClear/Pods-RealmClear-frameworks.sh\"\n";
			showEnvVarsInLog = 0;
		};
/* End PBXShellScriptBuildPhase section */

/* Begin PBXSourcesBuildPhase section */
		E84CF2AD1CBC408000082C1A /* Sources */ = {
			isa = PBXSourcesBuildPhase;
			buildActionMask = 2147483647;
			files = (
				228C37E11D38CB5B00D26842 /* OnboardView.swift in Sources */,
				E83D4A931CBC4DEB002505F9 /* ToDoTextView.swift in Sources */,
				E84CF2B71CBC408000082C1A /* ViewController.swift in Sources */,
				E83D4A8C1CBC4888002505F9 /* TableViewCell.swift in Sources */,
				220F33D81D265FDE007AFD1C /* RealmColor.swift in Sources */,
				E84CF2B51CBC408000082C1A /* AppDelegate.swift in Sources */,
				E83D4A821CBC471E002505F9 /* ToDoItem.swift in Sources */,
			);
			runOnlyForDeploymentPostprocessing = 0;
		};
		E84CF2C11CBC408000082C1A /* Sources */ = {
			isa = PBXSourcesBuildPhase;
			buildActionMask = 2147483647;
			files = (
				E84CF2CA1CBC408000082C1A /* RealmClearTests.swift in Sources */,
			);
			runOnlyForDeploymentPostprocessing = 0;
		};
/* End PBXSourcesBuildPhase section */

/* Begin PBXTargetDependency section */
		E84CF2C71CBC408000082C1A /* PBXTargetDependency */ = {
			isa = PBXTargetDependency;
			target = E84CF2B01CBC408000082C1A /* RealmClear */;
			targetProxy = E84CF2C61CBC408000082C1A /* PBXContainerItemProxy */;
		};
/* End PBXTargetDependency section */

/* Begin PBXVariantGroup section */
		E84CF2BD1CBC408000082C1A /* LaunchScreen.storyboard */ = {
			isa = PBXVariantGroup;
			children = (
				E84CF2BE1CBC408000082C1A /* Base */,
			);
			name = LaunchScreen.storyboard;
			sourceTree = "<group>";
		};
/* End PBXVariantGroup section */

/* Begin XCBuildConfiguration section */
		E84CF2CC1CBC408000082C1A /* Debug */ = {
			isa = XCBuildConfiguration;
			buildSettings = {
				ALWAYS_SEARCH_USER_PATHS = NO;
				CLANG_ANALYZER_NONNULL = YES;
				CLANG_CXX_LANGUAGE_STANDARD = "gnu++0x";
				CLANG_CXX_LIBRARY = "libc++";
				CLANG_ENABLE_MODULES = YES;
				CLANG_ENABLE_OBJC_ARC = YES;
				CLANG_WARN_BOOL_CONVERSION = YES;
				CLANG_WARN_CONSTANT_CONVERSION = YES;
				CLANG_WARN_DIRECT_OBJC_ISA_USAGE = YES_ERROR;
				CLANG_WARN_EMPTY_BODY = YES;
				CLANG_WARN_ENUM_CONVERSION = YES;
				CLANG_WARN_INT_CONVERSION = YES;
				CLANG_WARN_OBJC_ROOT_CLASS = YES_ERROR;
				CLANG_WARN_UNREACHABLE_CODE = YES;
				CLANG_WARN__DUPLICATE_METHOD_MATCH = YES;
				"CODE_SIGN_IDENTITY[sdk=iphoneos*]" = "iPhone Developer";
				COPY_PHASE_STRIP = NO;
				DEBUG_INFORMATION_FORMAT = dwarf;
				ENABLE_STRICT_OBJC_MSGSEND = YES;
				ENABLE_TESTABILITY = YES;
				GCC_C_LANGUAGE_STANDARD = gnu99;
				GCC_DYNAMIC_NO_PIC = NO;
				GCC_NO_COMMON_BLOCKS = YES;
				GCC_OPTIMIZATION_LEVEL = 0;
				GCC_PREPROCESSOR_DEFINITIONS = (
					"DEBUG=1",
					"$(inherited)",
				);
				GCC_WARN_64_TO_32_BIT_CONVERSION = YES;
				GCC_WARN_ABOUT_RETURN_TYPE = YES_ERROR;
				GCC_WARN_UNDECLARED_SELECTOR = YES;
				GCC_WARN_UNINITIALIZED_AUTOS = YES_AGGRESSIVE;
				GCC_WARN_UNUSED_FUNCTION = YES;
				GCC_WARN_UNUSED_VARIABLE = YES;
				IPHONEOS_DEPLOYMENT_TARGET = 9.3;
				MTL_ENABLE_DEBUG_INFO = YES;
				ONLY_ACTIVE_ARCH = YES;
				SDKROOT = iphoneos;
				SWIFT_OPTIMIZATION_LEVEL = "-Onone";
			};
			name = Debug;
		};
		E84CF2CD1CBC408000082C1A /* Release */ = {
			isa = XCBuildConfiguration;
			buildSettings = {
				ALWAYS_SEARCH_USER_PATHS = NO;
				CLANG_ANALYZER_NONNULL = YES;
				CLANG_CXX_LANGUAGE_STANDARD = "gnu++0x";
				CLANG_CXX_LIBRARY = "libc++";
				CLANG_ENABLE_MODULES = YES;
				CLANG_ENABLE_OBJC_ARC = YES;
				CLANG_WARN_BOOL_CONVERSION = YES;
				CLANG_WARN_CONSTANT_CONVERSION = YES;
				CLANG_WARN_DIRECT_OBJC_ISA_USAGE = YES_ERROR;
				CLANG_WARN_EMPTY_BODY = YES;
				CLANG_WARN_ENUM_CONVERSION = YES;
				CLANG_WARN_INT_CONVERSION = YES;
				CLANG_WARN_OBJC_ROOT_CLASS = YES_ERROR;
				CLANG_WARN_UNREACHABLE_CODE = YES;
				CLANG_WARN__DUPLICATE_METHOD_MATCH = YES;
				"CODE_SIGN_IDENTITY[sdk=iphoneos*]" = "iPhone Developer";
				COPY_PHASE_STRIP = NO;
				DEBUG_INFORMATION_FORMAT = "dwarf-with-dsym";
				ENABLE_NS_ASSERTIONS = NO;
				ENABLE_STRICT_OBJC_MSGSEND = YES;
				GCC_C_LANGUAGE_STANDARD = gnu99;
				GCC_NO_COMMON_BLOCKS = YES;
				GCC_WARN_64_TO_32_BIT_CONVERSION = YES;
				GCC_WARN_ABOUT_RETURN_TYPE = YES_ERROR;
				GCC_WARN_UNDECLARED_SELECTOR = YES;
				GCC_WARN_UNINITIALIZED_AUTOS = YES_AGGRESSIVE;
				GCC_WARN_UNUSED_FUNCTION = YES;
				GCC_WARN_UNUSED_VARIABLE = YES;
				IPHONEOS_DEPLOYMENT_TARGET = 9.3;
				MTL_ENABLE_DEBUG_INFO = NO;
				SDKROOT = iphoneos;
				VALIDATE_PRODUCT = YES;
			};
			name = Release;
		};
		E84CF2CF1CBC408000082C1A /* Debug */ = {
			isa = XCBuildConfiguration;
			baseConfigurationReference = 5F63F9370C2192427DBC5119 /* Pods-RealmClear.debug.xcconfig */;
			buildSettings = {
				ASSETCATALOG_COMPILER_APPICON_NAME = AppIcon;
				FRAMEWORK_SEARCH_PATHS = (
					"$(inherited)",
					"$(PROJECT_DIR)/Pods/Realm/ios/static/xcode-7",
					"$(PROJECT_DIR)/Pods/RealmSwift/ios/swift-2.2",
				);
				INFOPLIST_FILE = RealmClear/Info.plist;
				LD_RUNPATH_SEARCH_PATHS = "$(inherited) @executable_path/Frameworks";
				PRODUCT_BUNDLE_IDENTIFIER = io.realm.RealmClear;
				PRODUCT_NAME = "$(TARGET_NAME)";
			};
			name = Debug;
		};
		E84CF2D01CBC408000082C1A /* Release */ = {
			isa = XCBuildConfiguration;
			baseConfigurationReference = 01064821B9B0323059E6E745 /* Pods-RealmClear.release.xcconfig */;
			buildSettings = {
				ASSETCATALOG_COMPILER_APPICON_NAME = AppIcon;
				FRAMEWORK_SEARCH_PATHS = (
					"$(inherited)",
					"$(PROJECT_DIR)/Pods/Realm/ios/static/xcode-7",
					"$(PROJECT_DIR)/Pods/RealmSwift/ios/swift-2.2",
				);
				INFOPLIST_FILE = RealmClear/Info.plist;
				LD_RUNPATH_SEARCH_PATHS = "$(inherited) @executable_path/Frameworks";
				PRODUCT_BUNDLE_IDENTIFIER = io.realm.RealmClear;
				PRODUCT_NAME = "$(TARGET_NAME)";
			};
			name = Release;
		};
		E84CF2D21CBC408000082C1A /* Debug */ = {
			isa = XCBuildConfiguration;
			buildSettings = {
				BUNDLE_LOADER = "$(TEST_HOST)";
				INFOPLIST_FILE = RealmClearTests/Info.plist;
				LD_RUNPATH_SEARCH_PATHS = "$(inherited) @executable_path/Frameworks @loader_path/Frameworks";
				PRODUCT_BUNDLE_IDENTIFIER = io.realm.RealmClearTests;
				PRODUCT_NAME = "$(TARGET_NAME)";
				TEST_HOST = "$(BUILT_PRODUCTS_DIR)/RealmClear.app/RealmClear";
			};
			name = Debug;
		};
		E84CF2D31CBC408000082C1A /* Release */ = {
			isa = XCBuildConfiguration;
			buildSettings = {
				BUNDLE_LOADER = "$(TEST_HOST)";
				INFOPLIST_FILE = RealmClearTests/Info.plist;
				LD_RUNPATH_SEARCH_PATHS = "$(inherited) @executable_path/Frameworks @loader_path/Frameworks";
				PRODUCT_BUNDLE_IDENTIFIER = io.realm.RealmClearTests;
				PRODUCT_NAME = "$(TARGET_NAME)";
				TEST_HOST = "$(BUILT_PRODUCTS_DIR)/RealmClear.app/RealmClear";
			};
			name = Release;
		};
/* End XCBuildConfiguration section */

/* Begin XCConfigurationList section */
		E84CF2AC1CBC408000082C1A /* Build configuration list for PBXProject "RealmClear" */ = {
			isa = XCConfigurationList;
			buildConfigurations = (
				E84CF2CC1CBC408000082C1A /* Debug */,
				E84CF2CD1CBC408000082C1A /* Release */,
			);
			defaultConfigurationIsVisible = 0;
			defaultConfigurationName = Release;
		};
		E84CF2CE1CBC408000082C1A /* Build configuration list for PBXNativeTarget "RealmClear" */ = {
			isa = XCConfigurationList;
			buildConfigurations = (
				E84CF2CF1CBC408000082C1A /* Debug */,
				E84CF2D01CBC408000082C1A /* Release */,
			);
			defaultConfigurationIsVisible = 0;
			defaultConfigurationName = Release;
		};
		E84CF2D11CBC408000082C1A /* Build configuration list for PBXNativeTarget "RealmClearTests" */ = {
			isa = XCConfigurationList;
			buildConfigurations = (
				E84CF2D21CBC408000082C1A /* Debug */,
				E84CF2D31CBC408000082C1A /* Release */,
			);
			defaultConfigurationIsVisible = 0;
			defaultConfigurationName = Release;
		};
/* End XCConfigurationList section */
	};
	rootObject = E84CF2A91CBC408000082C1A /* Project object */;
}
