<?xml version="1.0" encoding="UTF-8"?>
<!DOCTYPE plist PUBLIC "-//Apple//DTD PLIST 1.0//EN" "http://www.apple.com/DTDs/PropertyList-1.0.dtd">
<plist version="1.0">
<dict>
	<key>archiveVersion</key>
	<string>1</string>
	<key>classes</key>
	<dict/>
	<key>objectVersion</key>
	<string>46</string>
	<key>objects</key>
	<dict>
		<key>0C1FC133460B9224E2A98CBE</key>
		<dict>
			<key>explicitFileType</key>
			<string>wrapper.framework</string>
			<key>includeInIndex</key>
			<string>0</string>
			<key>isa</key>
			<string>PBXFileReference</string>
			<key>path</key>
			<string>Pods_RealmTasks_RealmTasks_macOS.framework</string>
			<key>sourceTree</key>
			<string>BUILT_PRODUCTS_DIR</string>
		</dict>
		<key>0F65AA97E042CAA771FDB716</key>
		<dict>
			<key>explicitFileType</key>
			<string>wrapper.framework</string>
			<key>includeInIndex</key>
			<string>0</string>
			<key>isa</key>
			<string>PBXFileReference</string>
			<key>path</key>
			<string>Pods_RealmTasks_RealmTasks_iOS.framework</string>
			<key>sourceTree</key>
			<string>BUILT_PRODUCTS_DIR</string>
		</dict>
		<key>143C81DB1D65D1AA00E872E6</key>
		<dict>
			<key>buildActionMask</key>
			<string>2147483647</string>
			<key>files</key>
			<array>
				<string>143C81E21D65D1AA00E872E6</string>
			</array>
			<key>isa</key>
			<string>PBXSourcesBuildPhase</string>
			<key>runOnlyForDeploymentPostprocessing</key>
			<string>0</string>
		</dict>
		<key>143C81DC1D65D1AA00E872E6</key>
		<dict>
			<key>buildActionMask</key>
			<string>2147483647</string>
			<key>files</key>
			<array>
				<string>2A447ADB26F54F2CF35792DC</string>
			</array>
			<key>isa</key>
			<string>PBXFrameworksBuildPhase</string>
			<key>runOnlyForDeploymentPostprocessing</key>
			<string>0</string>
		</dict>
		<key>143C81DD1D65D1AA00E872E6</key>
		<dict>
			<key>buildActionMask</key>
			<string>2147483647</string>
			<key>files</key>
			<array/>
			<key>isa</key>
			<string>PBXResourcesBuildPhase</string>
			<key>runOnlyForDeploymentPostprocessing</key>
			<string>0</string>
		</dict>
		<key>143C81DE1D65D1AA00E872E6</key>
		<dict>
			<key>buildConfigurationList</key>
			<string>143C81E81D65D1AA00E872E6</string>
			<key>buildPhases</key>
			<array>
				<string>3AE7B23DDA2C82C375060AF1</string>
				<string>143C81DB1D65D1AA00E872E6</string>
				<string>143C81DC1D65D1AA00E872E6</string>
				<string>143C81DD1D65D1AA00E872E6</string>
				<string>9A7151C815A02F4740D197D1</string>
				<string>7087FEFB203D3E6D6368DA7B</string>
			</array>
			<key>buildRules</key>
			<array/>
			<key>dependencies</key>
			<array>
				<string>143C81E51D65D1AA00E872E6</string>
			</array>
			<key>isa</key>
			<string>PBXNativeTarget</string>
			<key>name</key>
			<string>RealmTasks iOS Tests</string>
			<key>productName</key>
			<string>RealmTasks iOS Tests</string>
			<key>productReference</key>
			<string>143C81DF1D65D1AA00E872E6</string>
			<key>productType</key>
			<string>com.apple.product-type.bundle.unit-test</string>
		</dict>
		<key>143C81DF1D65D1AA00E872E6</key>
		<dict>
			<key>explicitFileType</key>
			<string>wrapper.cfbundle</string>
			<key>includeInIndex</key>
			<string>0</string>
			<key>isa</key>
			<string>PBXFileReference</string>
			<key>path</key>
			<string>RealmTasks iOS Tests.xctest</string>
			<key>sourceTree</key>
			<string>BUILT_PRODUCTS_DIR</string>
		</dict>
		<key>143C81E01D65D1AA00E872E6</key>
		<dict>
			<key>children</key>
			<array>
				<string>143C81E11D65D1AA00E872E6</string>
				<string>143C81E31D65D1AA00E872E6</string>
			</array>
			<key>isa</key>
			<string>PBXGroup</string>
			<key>path</key>
			<string>RealmTasks iOS Tests</string>
			<key>sourceTree</key>
			<string>&lt;group&gt;</string>
		</dict>
		<key>143C81E11D65D1AA00E872E6</key>
		<dict>
			<key>isa</key>
			<string>PBXFileReference</string>
			<key>lastKnownFileType</key>
			<string>sourcecode.swift</string>
			<key>path</key>
			<string>RealmTasksTests.swift</string>
			<key>sourceTree</key>
			<string>&lt;group&gt;</string>
		</dict>
		<key>143C81E21D65D1AA00E872E6</key>
		<dict>
			<key>fileRef</key>
			<string>143C81E11D65D1AA00E872E6</string>
			<key>isa</key>
			<string>PBXBuildFile</string>
		</dict>
		<key>143C81E31D65D1AA00E872E6</key>
		<dict>
			<key>isa</key>
			<string>PBXFileReference</string>
			<key>lastKnownFileType</key>
			<string>text.plist.xml</string>
			<key>path</key>
			<string>Info.plist</string>
			<key>sourceTree</key>
			<string>&lt;group&gt;</string>
		</dict>
		<key>143C81E41D65D1AA00E872E6</key>
		<dict>
			<key>containerPortal</key>
			<string>E84CF2A91CBC408000082C1A</string>
			<key>isa</key>
			<string>PBXContainerItemProxy</string>
			<key>proxyType</key>
			<string>1</string>
			<key>remoteGlobalIDString</key>
			<string>E84CF2B01CBC408000082C1A</string>
			<key>remoteInfo</key>
			<string>RealmTasks iOS</string>
		</dict>
		<key>143C81E51D65D1AA00E872E6</key>
		<dict>
			<key>isa</key>
			<string>PBXTargetDependency</string>
			<key>target</key>
			<string>E84CF2B01CBC408000082C1A</string>
			<key>targetProxy</key>
			<string>143C81E41D65D1AA00E872E6</string>
		</dict>
		<key>143C81E61D65D1AA00E872E6</key>
		<dict>
			<key>baseConfigurationReference</key>
			<string>EE45F26564356ACD28724653</string>
			<key>buildSettings</key>
			<dict>
				<key>BUNDLE_LOADER</key>
				<string>$(TEST_HOST)</string>
				<key>CODE_SIGN_IDENTITY[sdk=iphoneos*]</key>
				<string>iPhone Developer</string>
				<key>INFOPLIST_FILE</key>
				<string>RealmTasks iOS Tests/Info.plist</string>
				<key>LD_RUNPATH_SEARCH_PATHS</key>
				<string>$(inherited) @executable_path/Frameworks @loader_path/Frameworks</string>
				<key>PRODUCT_BUNDLE_IDENTIFIER</key>
				<string>io.realm.RealmTasks-iOS-Tests</string>
				<key>PRODUCT_NAME</key>
				<string>$(TARGET_NAME)</string>
				<key>SWIFT_VERSION</key>
				<string>2.3</string>
				<key>TEST_HOST</key>
				<string>$(BUILT_PRODUCTS_DIR)/RealmTasks.app/RealmTasks</string>
			</dict>
			<key>isa</key>
			<string>XCBuildConfiguration</string>
			<key>name</key>
			<string>Debug</string>
		</dict>
		<key>143C81E71D65D1AA00E872E6</key>
		<dict>
			<key>baseConfigurationReference</key>
			<string>5D7D2927CA4A12217D6E1964</string>
			<key>buildSettings</key>
			<dict>
				<key>BUNDLE_LOADER</key>
				<string>$(TEST_HOST)</string>
				<key>CODE_SIGN_IDENTITY[sdk=iphoneos*]</key>
				<string>iPhone Developer</string>
				<key>INFOPLIST_FILE</key>
				<string>RealmTasks iOS Tests/Info.plist</string>
				<key>LD_RUNPATH_SEARCH_PATHS</key>
				<string>$(inherited) @executable_path/Frameworks @loader_path/Frameworks</string>
				<key>PRODUCT_BUNDLE_IDENTIFIER</key>
				<string>io.realm.RealmTasks-iOS-Tests</string>
				<key>PRODUCT_NAME</key>
				<string>$(TARGET_NAME)</string>
				<key>SWIFT_VERSION</key>
				<string>2.3</string>
				<key>TEST_HOST</key>
				<string>$(BUILT_PRODUCTS_DIR)/RealmTasks.app/RealmTasks</string>
			</dict>
			<key>isa</key>
			<string>XCBuildConfiguration</string>
			<key>name</key>
			<string>Release</string>
		</dict>
		<key>143C81E81D65D1AA00E872E6</key>
		<dict>
			<key>buildConfigurations</key>
			<array>
				<string>143C81E61D65D1AA00E872E6</string>
				<string>143C81E71D65D1AA00E872E6</string>
			</array>
			<key>defaultConfigurationIsVisible</key>
			<string>0</string>
			<key>defaultConfigurationName</key>
			<string>Release</string>
			<key>isa</key>
			<string>XCConfigurationList</string>
		</dict>
		<key>1F2F1BE895B44ABCE16F567F</key>
		<dict>
			<key>includeInIndex</key>
			<string>1</string>
			<key>isa</key>
			<string>PBXFileReference</string>
			<key>lastKnownFileType</key>
			<string>text.xcconfig</string>
			<key>name</key>
			<string>Pods-RealmTasks-RealmTasks iOS.release.xcconfig</string>
			<key>path</key>
			<string>Pods/Target Support Files/Pods-RealmTasks-RealmTasks iOS/Pods-RealmTasks-RealmTasks iOS.release.xcconfig</string>
			<key>sourceTree</key>
			<string>&lt;group&gt;</string>
		</dict>
		<key>20DDCD0E2C347EB88F402A75</key>
		<dict>
			<key>children</key>
			<array>
				<string>0F65AA97E042CAA771FDB716</string>
				<string>0C1FC133460B9224E2A98CBE</string>
				<string>4DDADA10BA83306A40543B8B</string>
			</array>
			<key>isa</key>
			<string>PBXGroup</string>
			<key>name</key>
			<string>Frameworks</string>
			<key>sourceTree</key>
			<string>&lt;group&gt;</string>
		</dict>
		<key>22092D851D5C5BCB0016E757</key>
		<dict>
			<key>fileEncoding</key>
			<string>4</string>
			<key>isa</key>
			<string>PBXFileReference</string>
			<key>lastKnownFileType</key>
			<string>sourcecode.swift</string>
			<key>path</key>
			<string>NavHintView.swift</string>
			<key>sourceTree</key>
			<string>&lt;group&gt;</string>
		</dict>
		<key>22092D861D5C5BCB0016E757</key>
		<dict>
			<key>fileRef</key>
			<string>22092D851D5C5BCB0016E757</string>
			<key>isa</key>
			<string>PBXBuildFile</string>
		</dict>
		<key>220C33491D3DE1F40043A885</key>
		<dict>
			<key>fileEncoding</key>
			<string>4</string>
			<key>isa</key>
			<string>PBXFileReference</string>
			<key>lastKnownFileType</key>
			<string>sourcecode.swift</string>
			<key>path</key>
			<string>OnboardView.swift</string>
			<key>sourceTree</key>
			<string>&lt;group&gt;</string>
		</dict>
		<key>220C334A1D3DE1F40043A885</key>
		<dict>
			<key>fileRef</key>
			<string>220C33491D3DE1F40043A885</string>
			<key>isa</key>
			<string>PBXBuildFile</string>
		</dict>
		<key>225201931D3DD648009E45FA</key>
		<dict>
			<key>children</key>
			<array>
				<string>22FEFEBB1D91789B00523E21</string>
				<string>225201941D3DD648009E45FA</string>
				<string>2252019C1D3DD648009E45FA</string>
				<string>E8A1E64F1D59354500D8B04A</string>
				<string>225201981D3DD648009E45FA</string>
				<string>225201951D3DD648009E45FA</string>
				<string>225201961D3DD648009E45FA</string>
				<string>E89CE6821D409D0400BB4521</string>
				<string>220C33491D3DE1F40043A885</string>
				<string>22092D851D5C5BCB0016E757</string>
				<string>2252019A1D3DD648009E45FA</string>
				<string>2252019D1D3DD648009E45FA</string>
				<string>9C24AA031D8FED0800192CE3</string>
			</array>
			<key>isa</key>
			<string>PBXGroup</string>
			<key>path</key>
			<string>RealmTasks iOS</string>
			<key>sourceTree</key>
			<string>&lt;group&gt;</string>
		</dict>
		<key>225201941D3DD648009E45FA</key>
		<dict>
			<key>fileEncoding</key>
			<string>4</string>
			<key>isa</key>
			<string>PBXFileReference</string>
			<key>lastKnownFileType</key>
			<string>sourcecode.swift</string>
			<key>path</key>
			<string>AppDelegate.swift</string>
			<key>sourceTree</key>
			<string>&lt;group&gt;</string>
		</dict>
		<key>225201951D3DD648009E45FA</key>
		<dict>
			<key>isa</key>
			<string>PBXFileReference</string>
			<key>lastKnownFileType</key>
			<string>folder.assetcatalog</string>
			<key>path</key>
			<string>iOS.xcassets</string>
			<key>sourceTree</key>
			<string>&lt;group&gt;</string>
		</dict>
		<key>225201961D3DD648009E45FA</key>
		<dict>
			<key>children</key>
			<array>
				<string>225201971D3DD648009E45FA</string>
			</array>
			<key>isa</key>
			<string>PBXVariantGroup</string>
			<key>name</key>
			<string>LaunchScreen.storyboard</string>
			<key>sourceTree</key>
			<string>&lt;group&gt;</string>
		</dict>
		<key>225201971D3DD648009E45FA</key>
		<dict>
			<key>isa</key>
			<string>PBXFileReference</string>
			<key>lastKnownFileType</key>
			<string>file.storyboard</string>
			<key>name</key>
			<string>Base</string>
			<key>path</key>
			<string>Base.lproj/LaunchScreen.storyboard</string>
			<key>sourceTree</key>
			<string>&lt;group&gt;</string>
		</dict>
		<key>225201981D3DD648009E45FA</key>
		<dict>
			<key>fileEncoding</key>
			<string>4</string>
			<key>isa</key>
			<string>PBXFileReference</string>
			<key>lastKnownFileType</key>
			<string>text.plist.xml</string>
			<key>path</key>
			<string>Info.plist</string>
			<key>sourceTree</key>
			<string>&lt;group&gt;</string>
		</dict>
		<key>225201991D3DD648009E45FA</key>
		<dict>
			<key>fileEncoding</key>
			<string>4</string>
			<key>isa</key>
			<string>PBXFileReference</string>
			<key>lastKnownFileType</key>
			<string>sourcecode.swift</string>
			<key>path</key>
			<string>RealmColor.swift</string>
			<key>sourceTree</key>
			<string>&lt;group&gt;</string>
		</dict>
		<key>2252019A1D3DD648009E45FA</key>
		<dict>
			<key>fileEncoding</key>
			<string>4</string>
			<key>isa</key>
			<string>PBXFileReference</string>
			<key>lastKnownFileType</key>
			<string>sourcecode.swift</string>
			<key>path</key>
			<string>TableViewCell.swift</string>
			<key>sourceTree</key>
			<string>&lt;group&gt;</string>
		</dict>
		<key>2252019B1D3DD648009E45FA</key>
		<dict>
			<key>fileEncoding</key>
			<string>4</string>
			<key>isa</key>
			<string>PBXFileReference</string>
			<key>lastKnownFileType</key>
			<string>sourcecode.swift</string>
			<key>path</key>
			<string>Models.swift</string>
			<key>sourceTree</key>
			<string>&lt;group&gt;</string>
		</dict>
		<key>2252019C1D3DD648009E45FA</key>
		<dict>
			<key>fileEncoding</key>
			<string>4</string>
			<key>isa</key>
			<string>PBXFileReference</string>
			<key>lastKnownFileType</key>
			<string>sourcecode.swift</string>
			<key>path</key>
			<string>CellTextView.swift</string>
			<key>sourceTree</key>
			<string>&lt;group&gt;</string>
		</dict>
		<key>2252019D1D3DD648009E45FA</key>
		<dict>
			<key>fileEncoding</key>
			<string>4</string>
			<key>isa</key>
			<string>PBXFileReference</string>
			<key>lastKnownFileType</key>
			<string>sourcecode.swift</string>
			<key>path</key>
			<string>ViewController.swift</string>
			<key>sourceTree</key>
			<string>&lt;group&gt;</string>
		</dict>
		<key>2252019E1D3DD648009E45FA</key>
		<dict>
			<key>fileRef</key>
			<string>225201941D3DD648009E45FA</string>
			<key>isa</key>
			<string>PBXBuildFile</string>
		</dict>
		<key>2252019F1D3DD648009E45FA</key>
		<dict>
			<key>fileRef</key>
			<string>225201951D3DD648009E45FA</string>
			<key>isa</key>
			<string>PBXBuildFile</string>
		</dict>
		<key>225201A01D3DD648009E45FA</key>
		<dict>
			<key>fileRef</key>
			<string>225201961D3DD648009E45FA</string>
			<key>isa</key>
			<string>PBXBuildFile</string>
		</dict>
		<key>225201A21D3DD648009E45FA</key>
		<dict>
			<key>fileRef</key>
			<string>225201991D3DD648009E45FA</string>
			<key>isa</key>
			<string>PBXBuildFile</string>
		</dict>
		<key>225201A31D3DD648009E45FA</key>
		<dict>
			<key>fileRef</key>
			<string>2252019A1D3DD648009E45FA</string>
			<key>isa</key>
			<string>PBXBuildFile</string>
		</dict>
		<key>225201A41D3DD648009E45FA</key>
		<dict>
			<key>fileRef</key>
			<string>2252019B1D3DD648009E45FA</string>
			<key>isa</key>
			<string>PBXBuildFile</string>
		</dict>
		<key>225201A51D3DD648009E45FA</key>
		<dict>
			<key>fileRef</key>
			<string>2252019C1D3DD648009E45FA</string>
			<key>isa</key>
			<string>PBXBuildFile</string>
		</dict>
		<key>225201A61D3DD648009E45FA</key>
		<dict>
			<key>fileRef</key>
			<string>2252019D1D3DD648009E45FA</string>
			<key>isa</key>
			<string>PBXBuildFile</string>
		</dict>
		<key>22FEFEBB1D91789B00523E21</key>
		<dict>
			<key>fileEncoding</key>
			<string>4</string>
			<key>isa</key>
			<string>PBXFileReference</string>
			<key>lastKnownFileType</key>
			<string>text.plist.entitlements</string>
			<key>path</key>
			<string>RealmTasks-iOS.entitlements</string>
			<key>sourceTree</key>
			<string>&lt;group&gt;</string>
		</dict>
		<key>2A447ADB26F54F2CF35792DC</key>
		<dict>
			<key>fileRef</key>
			<string>4DDADA10BA83306A40543B8B</string>
			<key>isa</key>
			<string>PBXBuildFile</string>
		</dict>
		<key>35F4D05D72F0BCD961216D94</key>
		<dict>
			<key>buildActionMask</key>
			<string>2147483647</string>
			<key>files</key>
			<array/>
			<key>inputPaths</key>
			<array/>
			<key>isa</key>
			<string>PBXShellScriptBuildPhase</string>
			<key>name</key>
			<string>[CP] Check Pods Manifest.lock</string>
			<key>outputPaths</key>
			<array/>
			<key>runOnlyForDeploymentPostprocessing</key>
			<string>0</string>
			<key>shellPath</key>
			<string>/bin/sh</string>
			<key>shellScript</key>
			<string>diff "${PODS_ROOT}/../Podfile.lock" "${PODS_ROOT}/Manifest.lock" &gt; /dev/null
if [[ $? != 0 ]] ; then
    cat &lt;&lt; EOM
error: The sandbox is not in sync with the Podfile.lock. Run 'pod install' or update your CocoaPods installation.
EOM
    exit 1
fi
</string>
			<key>showEnvVarsInLog</key>
			<string>0</string>
		</dict>
		<key>3AE7B23DDA2C82C375060AF1</key>
		<dict>
			<key>buildActionMask</key>
			<string>2147483647</string>
			<key>files</key>
			<array/>
			<key>inputPaths</key>
			<array/>
			<key>isa</key>
			<string>PBXShellScriptBuildPhase</string>
			<key>name</key>
			<string>[CP] Check Pods Manifest.lock</string>
			<key>outputPaths</key>
			<array/>
			<key>runOnlyForDeploymentPostprocessing</key>
			<string>0</string>
			<key>shellPath</key>
			<string>/bin/sh</string>
			<key>shellScript</key>
			<string>diff "${PODS_ROOT}/../Podfile.lock" "${PODS_ROOT}/Manifest.lock" &gt; /dev/null
if [[ $? != 0 ]] ; then
    cat &lt;&lt; EOM
error: The sandbox is not in sync with the Podfile.lock. Run 'pod install' or update your CocoaPods installation.
EOM
    exit 1
fi
</string>
			<key>showEnvVarsInLog</key>
			<string>0</string>
		</dict>
		<key>4DDADA10BA83306A40543B8B</key>
		<dict>
			<key>explicitFileType</key>
			<string>wrapper.framework</string>
			<key>includeInIndex</key>
			<string>0</string>
			<key>isa</key>
			<string>PBXFileReference</string>
			<key>path</key>
			<string>Pods_RealmTasks_RealmTasks_iOS_Tests.framework</string>
			<key>sourceTree</key>
			<string>BUILT_PRODUCTS_DIR</string>
		</dict>
		<key>5D7D2927CA4A12217D6E1964</key>
		<dict>
			<key>includeInIndex</key>
			<string>1</string>
			<key>isa</key>
			<string>PBXFileReference</string>
			<key>lastKnownFileType</key>
			<string>text.xcconfig</string>
			<key>name</key>
			<string>Pods-RealmTasks-RealmTasks iOS Tests.release.xcconfig</string>
			<key>path</key>
			<string>Pods/Target Support Files/Pods-RealmTasks-RealmTasks iOS Tests/Pods-RealmTasks-RealmTasks iOS Tests.release.xcconfig</string>
			<key>sourceTree</key>
			<string>&lt;group&gt;</string>
		</dict>
		<key>5ED81D26D231C143AB37A5C5</key>
		<dict>
			<key>buildActionMask</key>
			<string>2147483647</string>
			<key>files</key>
			<array/>
			<key>inputPaths</key>
			<array/>
			<key>isa</key>
			<string>PBXShellScriptBuildPhase</string>
			<key>name</key>
			<string>[CP] Copy Pods Resources</string>
			<key>outputPaths</key>
			<array/>
			<key>runOnlyForDeploymentPostprocessing</key>
			<string>0</string>
			<key>shellPath</key>
			<string>/bin/sh</string>
			<key>shellScript</key>
			<string>"${SRCROOT}/Pods/Target Support Files/Pods-RealmTasks-RealmTasks macOS/Pods-RealmTasks-RealmTasks macOS-resources.sh"
</string>
			<key>showEnvVarsInLog</key>
			<string>0</string>
		</dict>
		<key>666E57D5FF9C810836B976B3</key>
		<dict>
			<key>buildActionMask</key>
			<string>2147483647</string>
			<key>files</key>
			<array/>
			<key>inputPaths</key>
			<array/>
			<key>isa</key>
			<string>PBXShellScriptBuildPhase</string>
			<key>name</key>
			<string>[CP] Check Pods Manifest.lock</string>
			<key>outputPaths</key>
			<array/>
			<key>runOnlyForDeploymentPostprocessing</key>
			<string>0</string>
			<key>shellPath</key>
			<string>/bin/sh</string>
			<key>shellScript</key>
			<string>diff "${PODS_ROOT}/../Podfile.lock" "${PODS_ROOT}/Manifest.lock" &gt; /dev/null
if [[ $? != 0 ]] ; then
    cat &lt;&lt; EOM
error: The sandbox is not in sync with the Podfile.lock. Run 'pod install' or update your CocoaPods installation.
EOM
    exit 1
fi
</string>
			<key>showEnvVarsInLog</key>
			<string>0</string>
		</dict>
		<key>7087FEFB203D3E6D6368DA7B</key>
		<dict>
			<key>buildActionMask</key>
			<string>2147483647</string>
			<key>files</key>
			<array/>
			<key>inputPaths</key>
			<array/>
			<key>isa</key>
			<string>PBXShellScriptBuildPhase</string>
			<key>name</key>
			<string>[CP] Copy Pods Resources</string>
			<key>outputPaths</key>
			<array/>
			<key>runOnlyForDeploymentPostprocessing</key>
			<string>0</string>
			<key>shellPath</key>
			<string>/bin/sh</string>
			<key>shellScript</key>
			<string>"${SRCROOT}/Pods/Target Support Files/Pods-RealmTasks-RealmTasks iOS Tests/Pods-RealmTasks-RealmTasks iOS Tests-resources.sh"
</string>
			<key>showEnvVarsInLog</key>
			<string>0</string>
		</dict>
		<key>8B1FB31D3393CD8ADBB8A08A</key>
		<dict>
			<key>buildActionMask</key>
			<string>2147483647</string>
			<key>files</key>
			<array/>
			<key>inputPaths</key>
			<array/>
			<key>isa</key>
			<string>PBXShellScriptBuildPhase</string>
			<key>name</key>
			<string>[CP] Embed Pods Frameworks</string>
			<key>outputPaths</key>
			<array/>
			<key>runOnlyForDeploymentPostprocessing</key>
			<string>0</string>
			<key>shellPath</key>
			<string>/bin/sh</string>
			<key>shellScript</key>
			<string>"${SRCROOT}/Pods/Target Support Files/Pods-RealmTasks-RealmTasks macOS/Pods-RealmTasks-RealmTasks macOS-frameworks.sh"
</string>
			<key>showEnvVarsInLog</key>
			<string>0</string>
		</dict>
		<key>96BCB93C57BBBCB3E5DA568B</key>
		<dict>
			<key>buildActionMask</key>
			<string>2147483647</string>
			<key>files</key>
			<array/>
			<key>inputPaths</key>
			<array/>
			<key>isa</key>
			<string>PBXShellScriptBuildPhase</string>
			<key>name</key>
			<string>[CP] Copy Pods Resources</string>
			<key>outputPaths</key>
			<array/>
			<key>runOnlyForDeploymentPostprocessing</key>
			<string>0</string>
			<key>shellPath</key>
			<string>/bin/sh</string>
			<key>shellScript</key>
			<string>"${SRCROOT}/Pods/Target Support Files/Pods-RealmTasks-RealmTasks iOS/Pods-RealmTasks-RealmTasks iOS-resources.sh"
</string>
			<key>showEnvVarsInLog</key>
			<string>0</string>
		</dict>
		<key>9A7151C815A02F4740D197D1</key>
		<dict>
			<key>buildActionMask</key>
			<string>2147483647</string>
			<key>files</key>
			<array/>
			<key>inputPaths</key>
			<array/>
			<key>isa</key>
			<string>PBXShellScriptBuildPhase</string>
			<key>name</key>
			<string>[CP] Embed Pods Frameworks</string>
			<key>outputPaths</key>
			<array/>
			<key>runOnlyForDeploymentPostprocessing</key>
			<string>0</string>
			<key>shellPath</key>
			<string>/bin/sh</string>
			<key>shellScript</key>
			<string>"${SRCROOT}/Pods/Target Support Files/Pods-RealmTasks-RealmTasks iOS Tests/Pods-RealmTasks-RealmTasks iOS Tests-frameworks.sh"
</string>
			<key>showEnvVarsInLog</key>
			<string>0</string>
		</dict>
		<key>9C24AA031D8FED0800192CE3</key>
		<dict>
			<key>children</key>
			<array>
				<string>9C24AA0C1D8FFEA200192CE3</string>
				<string>9C24AA061D8FEEB500192CE3</string>
				<string>9C24AA0A1D8FFC0400192CE3</string>
			</array>
			<key>isa</key>
			<string>PBXGroup</string>
			<key>name</key>
			<string>ViewController</string>
			<key>sourceTree</key>
			<string>&lt;group&gt;</string>
		</dict>
		<key>9C24AA061D8FEEB500192CE3</key>
		<dict>
			<key>fileEncoding</key>
			<string>4</string>
			<key>isa</key>
			<string>PBXFileReference</string>
			<key>lastKnownFileType</key>
			<string>sourcecode.swift</string>
			<key>path</key>
			<string>CellPresenter.swift</string>
			<key>sourceTree</key>
			<string>&lt;group&gt;</string>
		</dict>
		<key>9C24AA071D8FEEB500192CE3</key>
		<dict>
			<key>fileRef</key>
			<string>9C24AA061D8FEEB500192CE3</string>
			<key>isa</key>
			<string>PBXBuildFile</string>
		</dict>
		<key>9C24AA0A1D8FFC0400192CE3</key>
		<dict>
			<key>fileEncoding</key>
			<string>4</string>
			<key>isa</key>
			<string>PBXFileReference</string>
			<key>lastKnownFileType</key>
			<string>sourcecode.swift</string>
			<key>path</key>
			<string>TablePresenter.swift</string>
			<key>sourceTree</key>
			<string>&lt;group&gt;</string>
		</dict>
		<key>9C24AA0B1D8FFC0400192CE3</key>
		<dict>
			<key>fileRef</key>
			<string>9C24AA0A1D8FFC0400192CE3</string>
			<key>isa</key>
			<string>PBXBuildFile</string>
		</dict>
		<key>9C24AA0C1D8FFEA200192CE3</key>
		<dict>
			<key>fileEncoding</key>
			<string>4</string>
			<key>isa</key>
			<string>PBXFileReference</string>
			<key>lastKnownFileType</key>
			<string>sourcecode.swift</string>
			<key>path</key>
			<string>ListPresenter.swift</string>
			<key>sourceTree</key>
			<string>&lt;group&gt;</string>
		</dict>
		<key>9C24AA0D1D8FFEA200192CE3</key>
		<dict>
			<key>fileRef</key>
			<string>9C24AA0C1D8FFEA200192CE3</string>
			<key>isa</key>
			<string>PBXBuildFile</string>
		</dict>
		<key>9CCE23B978EF7565F4866B4B</key>
		<dict>
			<key>includeInIndex</key>
			<string>1</string>
			<key>isa</key>
			<string>PBXFileReference</string>
			<key>lastKnownFileType</key>
			<string>text.xcconfig</string>
			<key>name</key>
			<string>Pods-RealmTasks-RealmTasks iOS.debug.xcconfig</string>
			<key>path</key>
			<string>Pods/Target Support Files/Pods-RealmTasks-RealmTasks iOS/Pods-RealmTasks-RealmTasks iOS.debug.xcconfig</string>
			<key>sourceTree</key>
			<string>&lt;group&gt;</string>
		</dict>
		<key>ACBBCF75C70A42D21B9BAF61</key>
		<dict>
			<key>buildActionMask</key>
			<string>2147483647</string>
			<key>files</key>
			<array/>
			<key>inputPaths</key>
			<array/>
			<key>isa</key>
			<string>PBXShellScriptBuildPhase</string>
			<key>name</key>
			<string>[CP] Embed Pods Frameworks</string>
			<key>outputPaths</key>
			<array/>
			<key>runOnlyForDeploymentPostprocessing</key>
			<string>0</string>
			<key>shellPath</key>
			<string>/bin/sh</string>
			<key>shellScript</key>
			<string>"${SRCROOT}/Pods/Target Support Files/Pods-RealmTasks-RealmTasks iOS/Pods-RealmTasks-RealmTasks iOS-frameworks.sh"
</string>
			<key>showEnvVarsInLog</key>
			<string>0</string>
		</dict>
		<key>AF6DB3B195E188C570802C2B</key>
		<dict>
			<key>fileRef</key>
			<string>0C1FC133460B9224E2A98CBE</string>
			<key>isa</key>
			<string>PBXBuildFile</string>
		</dict>
		<key>C23EB0191D46329400D3E0AC</key>
		<dict>
			<key>buildActionMask</key>
			<string>2147483647</string>
			<key>files</key>
			<array>
				<string>C23EB05B1D4655A900D3E0AC</string>
				<string>C23EB0591D46535F00D3E0AC</string>
				<string>C28A34021D50A0C500EE8F1A</string>
				<string>C23EB05D1D4A028A00D3E0AC</string>
				<string>C23EB0331D463A2C00D3E0AC</string>
				<string>C23EB0201D46329400D3E0AC</string>
				<string>C23EB0391D4643B900D3E0AC</string>
				<string>C28A34051D50D19B00EE8F1A</string>
				<string>E8A1E6531D59368200D8B04A</string>
				<string>C23EB0301D46364000D3E0AC</string>
				<string>C23EB0321D46364000D3E0AC</string>
			</array>
			<key>isa</key>
			<string>PBXSourcesBuildPhase</string>
			<key>runOnlyForDeploymentPostprocessing</key>
			<string>0</string>
		</dict>
		<key>C23EB01A1D46329400D3E0AC</key>
		<dict>
			<key>buildActionMask</key>
			<string>2147483647</string>
			<key>files</key>
			<array>
				<string>AF6DB3B195E188C570802C2B</string>
			</array>
			<key>isa</key>
			<string>PBXFrameworksBuildPhase</string>
			<key>runOnlyForDeploymentPostprocessing</key>
			<string>0</string>
		</dict>
		<key>C23EB01B1D46329400D3E0AC</key>
		<dict>
			<key>buildActionMask</key>
			<string>2147483647</string>
			<key>files</key>
			<array>
				<string>C23EB0221D46329400D3E0AC</string>
				<string>C23EB02E1D4635C400D3E0AC</string>
				<string>C23EB03C1D464A7D00D3E0AC</string>
			</array>
			<key>isa</key>
			<string>PBXResourcesBuildPhase</string>
			<key>runOnlyForDeploymentPostprocessing</key>
			<string>0</string>
		</dict>
		<key>C23EB01C1D46329400D3E0AC</key>
		<dict>
			<key>buildConfigurationList</key>
			<string>C23EB0271D46329400D3E0AC</string>
			<key>buildPhases</key>
			<array>
				<string>666E57D5FF9C810836B976B3</string>
				<string>C23EB03A1D4648E100D3E0AC</string>
				<string>C23EB0191D46329400D3E0AC</string>
				<string>C23EB01A1D46329400D3E0AC</string>
				<string>C23EB01B1D46329400D3E0AC</string>
				<string>8B1FB31D3393CD8ADBB8A08A</string>
				<string>5ED81D26D231C143AB37A5C5</string>
			</array>
			<key>buildRules</key>
			<array/>
			<key>dependencies</key>
			<array/>
			<key>isa</key>
			<string>PBXNativeTarget</string>
			<key>name</key>
			<string>RealmTasks macOS</string>
			<key>productName</key>
			<string>RealmTasks</string>
			<key>productReference</key>
			<string>C23EB01D1D46329400D3E0AC</string>
			<key>productType</key>
			<string>com.apple.product-type.application</string>
		</dict>
		<key>C23EB01D1D46329400D3E0AC</key>
		<dict>
			<key>explicitFileType</key>
			<string>wrapper.application</string>
			<key>includeInIndex</key>
			<string>0</string>
			<key>isa</key>
			<string>PBXFileReference</string>
			<key>path</key>
			<string>RealmTasks.app</string>
			<key>sourceTree</key>
			<string>BUILT_PRODUCTS_DIR</string>
		</dict>
		<key>C23EB01E1D46329400D3E0AC</key>
		<dict>
			<key>children</key>
			<array>
				<string>C23EB02A1D46339E00D3E0AC</string>
				<string>C23EB0211D46329400D3E0AC</string>
				<string>C23EB0261D46329400D3E0AC</string>
				<string>C23EB03B1D464A7D00D3E0AC</string>
				<string>C23EB01F1D46329400D3E0AC</string>
				<string>C23EB0581D46535F00D3E0AC</string>
				<string>C23EB05A1D4655A900D3E0AC</string>
				<string>C23EB05C1D4A028A00D3E0AC</string>
				<string>C28A34011D50A0C500EE8F1A</string>
				<string>C28A34041D50D19B00EE8F1A</string>
			</array>
			<key>isa</key>
			<string>PBXGroup</string>
			<key>path</key>
			<string>RealmTasks macOS</string>
			<key>sourceTree</key>
			<string>&lt;group&gt;</string>
		</dict>
		<key>C23EB01F1D46329400D3E0AC</key>
		<dict>
			<key>isa</key>
			<string>PBXFileReference</string>
			<key>lastKnownFileType</key>
			<string>sourcecode.swift</string>
			<key>path</key>
			<string>AppDelegate.swift</string>
			<key>sourceTree</key>
			<string>&lt;group&gt;</string>
		</dict>
		<key>C23EB0201D46329400D3E0AC</key>
		<dict>
			<key>fileRef</key>
			<string>C23EB01F1D46329400D3E0AC</string>
			<key>isa</key>
			<string>PBXBuildFile</string>
		</dict>
		<key>C23EB0211D46329400D3E0AC</key>
		<dict>
			<key>isa</key>
			<string>PBXFileReference</string>
			<key>lastKnownFileType</key>
			<string>folder.assetcatalog</string>
			<key>path</key>
			<string>macOS.xcassets</string>
			<key>sourceTree</key>
			<string>&lt;group&gt;</string>
		</dict>
		<key>C23EB0221D46329400D3E0AC</key>
		<dict>
			<key>fileRef</key>
			<string>C23EB0211D46329400D3E0AC</string>
			<key>isa</key>
			<string>PBXBuildFile</string>
		</dict>
		<key>C23EB0261D46329400D3E0AC</key>
		<dict>
			<key>isa</key>
			<string>PBXFileReference</string>
			<key>lastKnownFileType</key>
			<string>text.plist.xml</string>
			<key>path</key>
			<string>Info.plist</string>
			<key>sourceTree</key>
			<string>&lt;group&gt;</string>
		</dict>
		<key>C23EB0271D46329400D3E0AC</key>
		<dict>
			<key>buildConfigurations</key>
			<array>
				<string>C23EB0281D46329400D3E0AC</string>
				<string>C23EB0291D46329400D3E0AC</string>
			</array>
			<key>defaultConfigurationIsVisible</key>
			<string>0</string>
			<key>defaultConfigurationName</key>
			<string>Release</string>
			<key>isa</key>
			<string>XCConfigurationList</string>
		</dict>
		<key>C23EB0281D46329400D3E0AC</key>
		<dict>
			<key>baseConfigurationReference</key>
			<string>F9B66AB3287C77E6F01777F3</string>
			<key>buildSettings</key>
			<dict>
				<key>ASSETCATALOG_COMPILER_APPICON_NAME</key>
				<string>AppIcon</string>
				<key>CODE_SIGN_ENTITLEMENTS</key>
				<string>RealmTasks macOS/RealmTasks-macOS.entitlements</string>
				<key>CODE_SIGN_IDENTITY</key>
				<string>-</string>
				<key>COMBINE_HIDPI_IMAGES</key>
				<string>YES</string>
				<key>INFOPLIST_FILE</key>
				<string>$(SRCROOT)/$(TARGET_NAME)/Info.plist</string>
				<key>LD_RUNPATH_SEARCH_PATHS</key>
				<string>$(inherited) @executable_path/../Frameworks</string>
				<key>MACOSX_DEPLOYMENT_TARGET</key>
				<string>10.10</string>
				<key>PRODUCT_BUNDLE_IDENTIFIER</key>
				<string>io.realm.realmtasks.macos</string>
				<key>SDKROOT</key>
				<string>macosx</string>
				<key>SWIFT_VERSION</key>
				<string>2.3</string>
			</dict>
			<key>isa</key>
			<string>XCBuildConfiguration</string>
			<key>name</key>
			<string>Debug</string>
		</dict>
		<key>C23EB0291D46329400D3E0AC</key>
		<dict>
			<key>baseConfigurationReference</key>
			<string>FE1F651C6DD135AF60B7902F</string>
			<key>buildSettings</key>
			<dict>
				<key>ASSETCATALOG_COMPILER_APPICON_NAME</key>
				<string>AppIcon</string>
				<key>CODE_SIGN_ENTITLEMENTS</key>
				<string>RealmTasks macOS/RealmTasks-macOS.entitlements</string>
				<key>CODE_SIGN_IDENTITY</key>
				<string>-</string>
				<key>COMBINE_HIDPI_IMAGES</key>
				<string>YES</string>
				<key>INFOPLIST_FILE</key>
				<string>$(SRCROOT)/$(TARGET_NAME)/Info.plist</string>
				<key>LD_RUNPATH_SEARCH_PATHS</key>
				<string>$(inherited) @executable_path/../Frameworks</string>
				<key>MACOSX_DEPLOYMENT_TARGET</key>
				<string>10.10</string>
				<key>PRODUCT_BUNDLE_IDENTIFIER</key>
				<string>io.realm.realmtasks.macos</string>
				<key>SDKROOT</key>
				<string>macosx</string>
				<key>SWIFT_VERSION</key>
				<string>2.3</string>
			</dict>
			<key>isa</key>
			<string>XCBuildConfiguration</string>
			<key>name</key>
			<string>Release</string>
		</dict>
		<key>C23EB02A1D46339E00D3E0AC</key>
		<dict>
			<key>isa</key>
			<string>PBXFileReference</string>
			<key>lastKnownFileType</key>
			<string>text.plist.entitlements</string>
			<key>path</key>
			<string>RealmTasks-macOS.entitlements</string>
			<key>sourceTree</key>
			<string>&lt;group&gt;</string>
		</dict>
		<key>C23EB02B1D4634B700D3E0AC</key>
		<dict>
			<key>children</key>
			<array>
				<string>C23EB0371D4643B900D3E0AC</string>
				<string>C2E4721F1D3FDF2E00276542</string>
				<string>2252019B1D3DD648009E45FA</string>
				<string>225201991D3DD648009E45FA</string>
				<string>C23EB02C1D4635C400D3E0AC</string>
				<string>E8A1E6511D59360A00D8B04A</string>
			</array>
			<key>isa</key>
			<string>PBXGroup</string>
			<key>path</key>
			<string>RealmTasks Shared</string>
			<key>sourceTree</key>
			<string>&lt;group&gt;</string>
		</dict>
		<key>C23EB02C1D4635C400D3E0AC</key>
		<dict>
			<key>isa</key>
			<string>PBXFileReference</string>
			<key>lastKnownFileType</key>
			<string>folder.assetcatalog</string>
			<key>path</key>
			<string>Shared.xcassets</string>
			<key>sourceTree</key>
			<string>&lt;group&gt;</string>
		</dict>
		<key>C23EB02D1D4635C400D3E0AC</key>
		<dict>
			<key>fileRef</key>
			<string>C23EB02C1D4635C400D3E0AC</string>
			<key>isa</key>
			<string>PBXBuildFile</string>
		</dict>
		<key>C23EB02E1D4635C400D3E0AC</key>
		<dict>
			<key>fileRef</key>
			<string>C23EB02C1D4635C400D3E0AC</string>
			<key>isa</key>
			<string>PBXBuildFile</string>
		</dict>
		<key>C23EB0301D46364000D3E0AC</key>
		<dict>
			<key>fileRef</key>
			<string>2252019B1D3DD648009E45FA</string>
			<key>isa</key>
			<string>PBXBuildFile</string>
		</dict>
		<key>C23EB0321D46364000D3E0AC</key>
		<dict>
			<key>fileRef</key>
			<string>C2E4721F1D3FDF2E00276542</string>
			<key>isa</key>
			<string>PBXBuildFile</string>
		</dict>
		<key>C23EB0331D463A2C00D3E0AC</key>
		<dict>
			<key>fileRef</key>
			<string>225201991D3DD648009E45FA</string>
			<key>isa</key>
			<string>PBXBuildFile</string>
		</dict>
		<key>C23EB0371D4643B900D3E0AC</key>
		<dict>
			<key>fileEncoding</key>
			<string>4</string>
			<key>isa</key>
			<string>PBXFileReference</string>
			<key>lastKnownFileType</key>
			<string>sourcecode.swift</string>
			<key>path</key>
			<string>Constants.swift</string>
			<key>sourceTree</key>
			<string>&lt;group&gt;</string>
		</dict>
		<key>C23EB0381D4643B900D3E0AC</key>
		<dict>
			<key>fileRef</key>
			<string>C23EB0371D4643B900D3E0AC</string>
			<key>isa</key>
			<string>PBXBuildFile</string>
		</dict>
		<key>C23EB0391D4643B900D3E0AC</key>
		<dict>
			<key>fileRef</key>
			<string>C23EB0371D4643B900D3E0AC</string>
			<key>isa</key>
			<string>PBXBuildFile</string>
		</dict>
		<key>C23EB03A1D4648E100D3E0AC</key>
		<dict>
			<key>buildActionMask</key>
			<string>2147483647</string>
			<key>files</key>
			<array/>
			<key>inputPaths</key>
			<array/>
			<key>isa</key>
			<string>PBXShellScriptBuildPhase</string>
			<key>name</key>
			<string>Write local IP address</string>
			<key>outputPaths</key>
			<array/>
			<key>runOnlyForDeploymentPostprocessing</key>
			<string>0</string>
			<key>shellPath</key>
			<string>/bin/sh</string>
			<key>shellScript</key>
			<string>LOCAL_IP_ADDR=$(ipconfig getifaddr $(netstat -f inet -rant | awk '/default/ { print $6; exit }'))
echo "let localIPAddress = \"$LOCAL_IP_ADDR\"" &gt; "$SRCROOT/RealmTasks Shared/LocalIPAddress.swift"</string>
		</dict>
		<key>C23EB03B1D464A7D00D3E0AC</key>
		<dict>
			<key>fileEncoding</key>
			<string>4</string>
			<key>isa</key>
			<string>PBXFileReference</string>
			<key>lastKnownFileType</key>
			<string>file.storyboard</string>
			<key>path</key>
			<string>Main.storyboard</string>
			<key>sourceTree</key>
			<string>&lt;group&gt;</string>
		</dict>
		<key>C23EB03C1D464A7D00D3E0AC</key>
		<dict>
			<key>fileRef</key>
			<string>C23EB03B1D464A7D00D3E0AC</string>
			<key>isa</key>
			<string>PBXBuildFile</string>
		</dict>
		<key>C23EB0581D46535F00D3E0AC</key>
		<dict>
			<key>fileEncoding</key>
			<string>4</string>
			<key>isa</key>
			<string>PBXFileReference</string>
			<key>lastKnownFileType</key>
			<string>sourcecode.swift</string>
			<key>path</key>
			<string>TaskListViewController.swift</string>
			<key>sourceTree</key>
			<string>&lt;group&gt;</string>
		</dict>
		<key>C23EB0591D46535F00D3E0AC</key>
		<dict>
			<key>fileRef</key>
			<string>C23EB0581D46535F00D3E0AC</string>
			<key>isa</key>
			<string>PBXBuildFile</string>
		</dict>
		<key>C23EB05A1D4655A900D3E0AC</key>
		<dict>
			<key>fileEncoding</key>
			<string>4</string>
			<key>isa</key>
			<string>PBXFileReference</string>
			<key>lastKnownFileType</key>
			<string>sourcecode.swift</string>
			<key>path</key>
			<string>TaskCellView.swift</string>
			<key>sourceTree</key>
			<string>&lt;group&gt;</string>
		</dict>
		<key>C23EB05B1D4655A900D3E0AC</key>
		<dict>
			<key>fileRef</key>
			<string>C23EB05A1D4655A900D3E0AC</string>
			<key>isa</key>
			<string>PBXBuildFile</string>
		</dict>
		<key>C23EB05C1D4A028A00D3E0AC</key>
		<dict>
			<key>fileEncoding</key>
			<string>4</string>
			<key>isa</key>
			<string>PBXFileReference</string>
			<key>lastKnownFileType</key>
			<string>sourcecode.swift</string>
			<key>path</key>
			<string>NSView+Animations.swift</string>
			<key>sourceTree</key>
			<string>&lt;group&gt;</string>
		</dict>
		<key>C23EB05D1D4A028A00D3E0AC</key>
		<dict>
			<key>fileRef</key>
			<string>C23EB05C1D4A028A00D3E0AC</string>
			<key>isa</key>
			<string>PBXBuildFile</string>
		</dict>
		<key>C28A34011D50A0C500EE8F1A</key>
		<dict>
			<key>fileEncoding</key>
			<string>4</string>
			<key>isa</key>
			<string>PBXFileReference</string>
			<key>lastKnownFileType</key>
			<string>sourcecode.swift</string>
			<key>path</key>
			<string>LogInViewController.swift</string>
			<key>sourceTree</key>
			<string>&lt;group&gt;</string>
		</dict>
		<key>C28A34021D50A0C500EE8F1A</key>
		<dict>
			<key>fileRef</key>
			<string>C28A34011D50A0C500EE8F1A</string>
			<key>isa</key>
			<string>PBXBuildFile</string>
		</dict>
		<key>C28A34041D50D19B00EE8F1A</key>
		<dict>
			<key>fileEncoding</key>
			<string>4</string>
			<key>isa</key>
			<string>PBXFileReference</string>
			<key>lastKnownFileType</key>
			<string>sourcecode.swift</string>
			<key>path</key>
			<string>RegisterViewController.swift</string>
			<key>sourceTree</key>
			<string>&lt;group&gt;</string>
		</dict>
		<key>C28A34051D50D19B00EE8F1A</key>
		<dict>
			<key>fileRef</key>
			<string>C28A34041D50D19B00EE8F1A</string>
			<key>isa</key>
			<string>PBXBuildFile</string>
		</dict>
		<key>C2E4721F1D3FDF2E00276542</key>
		<dict>
			<key>fileEncoding</key>
			<string>4</string>
			<key>isa</key>
			<string>PBXFileReference</string>
			<key>lastKnownFileType</key>
			<string>sourcecode.swift</string>
			<key>path</key>
			<string>LocalIPAddress.swift</string>
			<key>sourceTree</key>
			<string>&lt;group&gt;</string>
		</dict>
		<key>C2E472201D3FDF2E00276542</key>
		<dict>
			<key>fileRef</key>
			<string>C2E4721F1D3FDF2E00276542</string>
			<key>isa</key>
			<string>PBXBuildFile</string>
		</dict>
		<key>C2E472211D3FDFDB00276542</key>
		<dict>
			<key>buildActionMask</key>
			<string>2147483647</string>
			<key>files</key>
			<array/>
			<key>inputPaths</key>
			<array/>
			<key>isa</key>
			<string>PBXShellScriptBuildPhase</string>
			<key>name</key>
			<string>Write local IP address</string>
			<key>outputPaths</key>
			<array/>
			<key>runOnlyForDeploymentPostprocessing</key>
			<string>0</string>
			<key>shellPath</key>
			<string>/bin/sh</string>
			<key>shellScript</key>
			<string>LOCAL_IP_ADDR=$(ipconfig getifaddr $(netstat -f inet -rant | awk '/default/ { print $6; exit }'))
echo "let localIPAddress = \"$LOCAL_IP_ADDR\"" &gt; "$SRCROOT/RealmTasks Shared/LocalIPAddress.swift"
</string>
			<key>showEnvVarsInLog</key>
			<string>0</string>
		</dict>
		<key>E84CF2A81CBC408000082C1A</key>
		<dict>
			<key>children</key>
			<array>
				<string>C23EB02B1D4634B700D3E0AC</string>
				<string>225201931D3DD648009E45FA</string>
				<string>C23EB01E1D46329400D3E0AC</string>
				<string>143C81E01D65D1AA00E872E6</string>
				<string>E84CF2B21CBC408000082C1A</string>
				<string>20DDCD0E2C347EB88F402A75</string>
				<string>FA3ECB465F0764AECB003C19</string>
			</array>
			<key>isa</key>
			<string>PBXGroup</string>
			<key>sourceTree</key>
			<string>&lt;group&gt;</string>
		</dict>
		<key>E84CF2A91CBC408000082C1A</key>
		<dict>
			<key>attributes</key>
			<dict>
				<key>LastSwiftUpdateCheck</key>
				<string>0730</string>
				<key>LastUpgradeCheck</key>
				<string>0800</string>
				<key>ORGANIZATIONNAME</key>
				<string>Realm</string>
				<key>TargetAttributes</key>
				<dict>
					<key>143C81DE1D65D1AA00E872E6</key>
					<dict>
						<key>CreatedOnToolsVersion</key>
						<string>7.3.1</string>
						<key>TestTargetID</key>
						<string>E84CF2B01CBC408000082C1A</string>
					</dict>
					<key>C23EB01C1D46329400D3E0AC</key>
					<dict>
						<key>CreatedOnToolsVersion</key>
						<string>7.3.1</string>
						<key>LastSwiftMigration</key>
						<string>0800</string>
						<key>SystemCapabilities</key>
						<dict>
							<key>com.apple.Keychain</key>
							<dict>
								<key>enabled</key>
								<string>0</string>
							</dict>
							<key>com.apple.Sandbox</key>
							<dict>
								<key>enabled</key>
								<string>1</string>
							</dict>
						</dict>
					</dict>
					<key>E84CF2B01CBC408000082C1A</key>
					<dict>
						<key>CreatedOnToolsVersion</key>
						<string>7.3</string>
						<key>ProvisioningStyle</key>
						<string>Automatic</string>
						<key>SystemCapabilities</key>
						<dict>
							<key>com.apple.Keychain</key>
							<dict>
								<key>enabled</key>
								<string>1</string>
							</dict>
						</dict>
					</dict>
				</dict>
			</dict>
			<key>buildConfigurationList</key>
			<string>E84CF2AC1CBC408000082C1A</string>
			<key>compatibilityVersion</key>
			<string>Xcode 3.2</string>
			<key>developmentRegion</key>
			<string>English</string>
			<key>hasScannedForEncodings</key>
			<string>0</string>
			<key>isa</key>
			<string>PBXProject</string>
			<key>knownRegions</key>
			<array>
				<string>en</string>
				<string>Base</string>
			</array>
			<key>mainGroup</key>
			<string>E84CF2A81CBC408000082C1A</string>
			<key>productRefGroup</key>
			<string>E84CF2B21CBC408000082C1A</string>
			<key>projectDirPath</key>
			<string></string>
			<key>projectReferences</key>
			<array/>
			<key>projectRoot</key>
			<string></string>
			<key>targets</key>
			<array>
				<string>E84CF2B01CBC408000082C1A</string>
				<string>C23EB01C1D46329400D3E0AC</string>
				<string>143C81DE1D65D1AA00E872E6</string>
			</array>
		</dict>
		<key>E84CF2AC1CBC408000082C1A</key>
		<dict>
			<key>buildConfigurations</key>
			<array>
				<string>E84CF2CC1CBC408000082C1A</string>
				<string>E84CF2CD1CBC408000082C1A</string>
			</array>
			<key>defaultConfigurationIsVisible</key>
			<string>0</string>
			<key>defaultConfigurationName</key>
			<string>Release</string>
			<key>isa</key>
			<string>XCConfigurationList</string>
		</dict>
		<key>E84CF2AD1CBC408000082C1A</key>
		<dict>
			<key>buildActionMask</key>
			<string>2147483647</string>
			<key>files</key>
			<array>
				<string>220C334A1D3DE1F40043A885</string>
				<string>C2E472201D3FDF2E00276542</string>
				<string>225201A61D3DD648009E45FA</string>
				<string>22092D861D5C5BCB0016E757</string>
				<string>225201A51D3DD648009E45FA</string>
				<string>E8A1E6521D59360A00D8B04A</string>
				<string>9C24AA071D8FEEB500192CE3</string>
				<string>C23EB0381D4643B900D3E0AC</string>
				<string>225201A31D3DD648009E45FA</string>
				<string>E8A1E6501D59354500D8B04A</string>
				<string>9C24AA0D1D8FFEA200192CE3</string>
				<string>2252019E1D3DD648009E45FA</string>
				<string>E89CE68E1D409D3500BB4521</string>
				<string>E89CE68F1D409D3500BB4521</string>
				<string>225201A41D3DD648009E45FA</string>
				<string>225201A21D3DD648009E45FA</string>
				<string>9C24AA0B1D8FFC0400192CE3</string>
			</array>
			<key>isa</key>
			<string>PBXSourcesBuildPhase</string>
			<key>runOnlyForDeploymentPostprocessing</key>
			<string>0</string>
		</dict>
		<key>E84CF2AE1CBC408000082C1A</key>
		<dict>
			<key>buildActionMask</key>
			<string>2147483647</string>
			<key>files</key>
			<array>
				<string>EC86AB13DF2672178CFBDC08</string>
			</array>
			<key>isa</key>
			<string>PBXFrameworksBuildPhase</string>
			<key>runOnlyForDeploymentPostprocessing</key>
			<string>0</string>
		</dict>
		<key>E84CF2AF1CBC408000082C1A</key>
		<dict>
			<key>buildActionMask</key>
			<string>2147483647</string>
			<key>files</key>
			<array>
				<string>2252019F1D3DD648009E45FA</string>
				<string>225201A01D3DD648009E45FA</string>
				<string>C23EB02D1D4635C400D3E0AC</string>
				<string>E89CE68B1D409D3500BB4521</string>
			</array>
			<key>isa</key>
			<string>PBXResourcesBuildPhase</string>
			<key>runOnlyForDeploymentPostprocessing</key>
			<string>0</string>
		</dict>
		<key>E84CF2B01CBC408000082C1A</key>
		<dict>
			<key>buildConfigurationList</key>
			<string>E84CF2CE1CBC408000082C1A</string>
			<key>buildPhases</key>
			<array>
				<string>35F4D05D72F0BCD961216D94</string>
				<string>C2E472211D3FDFDB00276542</string>
				<string>E84CF2AD1CBC408000082C1A</string>
				<string>E84CF2AE1CBC408000082C1A</string>
				<string>E84CF2AF1CBC408000082C1A</string>
				<string>ACBBCF75C70A42D21B9BAF61</string>
				<string>96BCB93C57BBBCB3E5DA568B</string>
			</array>
			<key>buildRules</key>
			<array/>
			<key>dependencies</key>
			<array/>
			<key>isa</key>
			<string>PBXNativeTarget</string>
			<key>name</key>
			<string>RealmTasks iOS</string>
			<key>productName</key>
			<string>RealmTasks</string>
			<key>productReference</key>
			<string>E84CF2B11CBC408000082C1A</string>
			<key>productType</key>
			<string>com.apple.product-type.application</string>
		</dict>
		<key>E84CF2B11CBC408000082C1A</key>
		<dict>
			<key>explicitFileType</key>
			<string>wrapper.application</string>
			<key>includeInIndex</key>
			<string>0</string>
			<key>isa</key>
			<string>PBXFileReference</string>
			<key>path</key>
			<string>RealmTasks.app</string>
			<key>sourceTree</key>
			<string>BUILT_PRODUCTS_DIR</string>
		</dict>
		<key>E84CF2B21CBC408000082C1A</key>
		<dict>
			<key>children</key>
			<array>
				<string>E84CF2B11CBC408000082C1A</string>
				<string>C23EB01D1D46329400D3E0AC</string>
				<string>143C81DF1D65D1AA00E872E6</string>
			</array>
			<key>isa</key>
			<string>PBXGroup</string>
			<key>name</key>
			<string>Products</string>
			<key>sourceTree</key>
			<string>&lt;group&gt;</string>
		</dict>
		<key>E84CF2CC1CBC408000082C1A</key>
		<dict>
			<key>buildSettings</key>
			<dict>
				<key>ALWAYS_SEARCH_USER_PATHS</key>
				<string>NO</string>
				<key>CLANG_ANALYZER_NONNULL</key>
				<string>YES</string>
				<key>CLANG_CXX_LANGUAGE_STANDARD</key>
				<string>gnu++0x</string>
				<key>CLANG_CXX_LIBRARY</key>
				<string>libc++</string>
				<key>CLANG_ENABLE_MODULES</key>
				<string>YES</string>
				<key>CLANG_ENABLE_OBJC_ARC</key>
				<string>YES</string>
				<key>CLANG_WARN_BOOL_CONVERSION</key>
				<string>YES</string>
				<key>CLANG_WARN_CONSTANT_CONVERSION</key>
				<string>YES</string>
				<key>CLANG_WARN_DIRECT_OBJC_ISA_USAGE</key>
				<string>YES_ERROR</string>
				<key>CLANG_WARN_EMPTY_BODY</key>
				<string>YES</string>
				<key>CLANG_WARN_ENUM_CONVERSION</key>
				<string>YES</string>
				<key>CLANG_WARN_INFINITE_RECURSION</key>
				<string>YES</string>
				<key>CLANG_WARN_INT_CONVERSION</key>
				<string>YES</string>
				<key>CLANG_WARN_OBJC_ROOT_CLASS</key>
				<string>YES_ERROR</string>
				<key>CLANG_WARN_SUSPICIOUS_MOVE</key>
				<string>YES</string>
				<key>CLANG_WARN_UNREACHABLE_CODE</key>
				<string>YES</string>
				<key>CLANG_WARN__DUPLICATE_METHOD_MATCH</key>
				<string>YES</string>
				<key>COPY_PHASE_STRIP</key>
				<string>NO</string>
				<key>DEBUG_INFORMATION_FORMAT</key>
				<string>dwarf</string>
				<key>ENABLE_STRICT_OBJC_MSGSEND</key>
				<string>YES</string>
				<key>ENABLE_TESTABILITY</key>
				<string>YES</string>
				<key>GCC_C_LANGUAGE_STANDARD</key>
				<string>gnu99</string>
				<key>GCC_DYNAMIC_NO_PIC</key>
				<string>NO</string>
				<key>GCC_NO_COMMON_BLOCKS</key>
				<string>YES</string>
				<key>GCC_OPTIMIZATION_LEVEL</key>
				<string>0</string>
				<key>GCC_PREPROCESSOR_DEFINITIONS</key>
				<array>
					<string>DEBUG=1</string>
					<string>$(inherited)</string>
				</array>
				<key>GCC_WARN_64_TO_32_BIT_CONVERSION</key>
				<string>YES</string>
				<key>GCC_WARN_ABOUT_RETURN_TYPE</key>
				<string>YES_ERROR</string>
				<key>GCC_WARN_UNDECLARED_SELECTOR</key>
				<string>YES</string>
				<key>GCC_WARN_UNINITIALIZED_AUTOS</key>
				<string>YES_AGGRESSIVE</string>
				<key>GCC_WARN_UNUSED_FUNCTION</key>
				<string>YES</string>
				<key>GCC_WARN_UNUSED_VARIABLE</key>
				<string>YES</string>
				<key>MTL_ENABLE_DEBUG_INFO</key>
				<string>YES</string>
				<key>ONLY_ACTIVE_ARCH</key>
				<string>YES</string>
				<key>OTHER_SWIFT_FLAGS</key>
				<string>-DDEBUG</string>
				<key>PRODUCT_NAME</key>
				<string>RealmTasks</string>
				<key>SWIFT_OPTIMIZATION_LEVEL</key>
				<string>-Onone</string>
			</dict>
			<key>isa</key>
			<string>XCBuildConfiguration</string>
			<key>name</key>
			<string>Debug</string>
		</dict>
		<key>E84CF2CD1CBC408000082C1A</key>
		<dict>
			<key>buildSettings</key>
			<dict>
				<key>ALWAYS_SEARCH_USER_PATHS</key>
				<string>NO</string>
				<key>CLANG_ANALYZER_NONNULL</key>
				<string>YES</string>
				<key>CLANG_CXX_LANGUAGE_STANDARD</key>
				<string>gnu++0x</string>
				<key>CLANG_CXX_LIBRARY</key>
				<string>libc++</string>
				<key>CLANG_ENABLE_MODULES</key>
				<string>YES</string>
				<key>CLANG_ENABLE_OBJC_ARC</key>
				<string>YES</string>
				<key>CLANG_WARN_BOOL_CONVERSION</key>
				<string>YES</string>
				<key>CLANG_WARN_CONSTANT_CONVERSION</key>
				<string>YES</string>
				<key>CLANG_WARN_DIRECT_OBJC_ISA_USAGE</key>
				<string>YES_ERROR</string>
				<key>CLANG_WARN_EMPTY_BODY</key>
				<string>YES</string>
				<key>CLANG_WARN_ENUM_CONVERSION</key>
				<string>YES</string>
				<key>CLANG_WARN_INFINITE_RECURSION</key>
				<string>YES</string>
				<key>CLANG_WARN_INT_CONVERSION</key>
				<string>YES</string>
				<key>CLANG_WARN_OBJC_ROOT_CLASS</key>
				<string>YES_ERROR</string>
				<key>CLANG_WARN_SUSPICIOUS_MOVE</key>
				<string>YES</string>
				<key>CLANG_WARN_UNREACHABLE_CODE</key>
				<string>YES</string>
				<key>CLANG_WARN__DUPLICATE_METHOD_MATCH</key>
				<string>YES</string>
				<key>COPY_PHASE_STRIP</key>
				<string>NO</string>
				<key>DEBUG_INFORMATION_FORMAT</key>
				<string>dwarf-with-dsym</string>
				<key>ENABLE_NS_ASSERTIONS</key>
				<string>NO</string>
				<key>ENABLE_STRICT_OBJC_MSGSEND</key>
				<string>YES</string>
				<key>GCC_C_LANGUAGE_STANDARD</key>
				<string>gnu99</string>
				<key>GCC_NO_COMMON_BLOCKS</key>
				<string>YES</string>
				<key>GCC_WARN_64_TO_32_BIT_CONVERSION</key>
				<string>YES</string>
				<key>GCC_WARN_ABOUT_RETURN_TYPE</key>
				<string>YES_ERROR</string>
				<key>GCC_WARN_UNDECLARED_SELECTOR</key>
				<string>YES</string>
				<key>GCC_WARN_UNINITIALIZED_AUTOS</key>
				<string>YES_AGGRESSIVE</string>
				<key>GCC_WARN_UNUSED_FUNCTION</key>
				<string>YES</string>
				<key>GCC_WARN_UNUSED_VARIABLE</key>
				<string>YES</string>
				<key>MTL_ENABLE_DEBUG_INFO</key>
				<string>NO</string>
				<key>PRODUCT_NAME</key>
				<string>RealmTasks</string>
				<key>SWIFT_OPTIMIZATION_LEVEL</key>
				<string>-Owholemodule</string>
				<key>VALIDATE_PRODUCT</key>
				<string>YES</string>
			</dict>
			<key>isa</key>
			<string>XCBuildConfiguration</string>
			<key>name</key>
			<string>Release</string>
		</dict>
		<key>E84CF2CE1CBC408000082C1A</key>
		<dict>
			<key>buildConfigurations</key>
			<array>
				<string>E84CF2CF1CBC408000082C1A</string>
				<string>E84CF2D01CBC408000082C1A</string>
			</array>
			<key>defaultConfigurationIsVisible</key>
			<string>0</string>
			<key>defaultConfigurationName</key>
			<string>Release</string>
			<key>isa</key>
			<string>XCConfigurationList</string>
		</dict>
		<key>E84CF2CF1CBC408000082C1A</key>
		<dict>
			<key>baseConfigurationReference</key>
			<string>9CCE23B978EF7565F4866B4B</string>
			<key>buildSettings</key>
			<dict>
				<key>ASSETCATALOG_COMPILER_APPICON_NAME</key>
				<string>AppIcon</string>
				<key>CODE_SIGN_ENTITLEMENTS</key>
				<string>RealmTasks iOS/RealmTasks-iOS.entitlements</string>
				<key>CODE_SIGN_IDENTITY</key>
				<string>iPhone Developer</string>
				<key>INFOPLIST_FILE</key>
				<string>$(SRCROOT)/$(TARGET_NAME)/Info.plist</string>
				<key>IPHONEOS_DEPLOYMENT_TARGET</key>
				<string>9.3</string>
				<key>LD_RUNPATH_SEARCH_PATHS</key>
				<string>$(inherited) @executable_path/Frameworks</string>
				<key>PRODUCT_BUNDLE_IDENTIFIER</key>
				<string>io.realm.realmtasks.ios</string>
				<key>SDKROOT</key>
				<string>iphoneos</string>
				<key>SWIFT_VERSION</key>
				<string>2.3</string>
				<key>TARGETED_DEVICE_FAMILY</key>
				<string>1,2</string>
			</dict>
			<key>isa</key>
			<string>XCBuildConfiguration</string>
			<key>name</key>
			<string>Debug</string>
		</dict>
		<key>E84CF2D01CBC408000082C1A</key>
		<dict>
			<key>baseConfigurationReference</key>
			<string>1F2F1BE895B44ABCE16F567F</string>
			<key>buildSettings</key>
			<dict>
				<key>ASSETCATALOG_COMPILER_APPICON_NAME</key>
				<string>AppIcon</string>
				<key>CODE_SIGN_ENTITLEMENTS</key>
				<string>RealmTasks iOS/RealmTasks-iOS.entitlements</string>
				<key>CODE_SIGN_IDENTITY</key>
				<string>iPhone Developer</string>
				<key>INFOPLIST_FILE</key>
				<string>$(SRCROOT)/$(TARGET_NAME)/Info.plist</string>
				<key>IPHONEOS_DEPLOYMENT_TARGET</key>
				<string>9.3</string>
				<key>LD_RUNPATH_SEARCH_PATHS</key>
				<string>$(inherited) @executable_path/Frameworks</string>
				<key>PRODUCT_BUNDLE_IDENTIFIER</key>
				<string>io.realm.realmtasks.ios</string>
				<key>SDKROOT</key>
				<string>iphoneos</string>
				<key>SWIFT_VERSION</key>
				<string>2.3</string>
				<key>TARGETED_DEVICE_FAMILY</key>
				<string>1,2</string>
			</dict>
			<key>isa</key>
			<string>XCBuildConfiguration</string>
			<key>name</key>
			<string>Release</string>
		</dict>
		<key>E89CE6821D409D0400BB4521</key>
		<dict>
			<key>children</key>
			<array>
				<string>E89CE6831D409D3500BB4521</string>
				<string>E89CE6851D409D3500BB4521</string>
			</array>
			<key>isa</key>
			<string>PBXGroup</string>
			<key>path</key>
			<string>LogInViewController</string>
			<key>sourceTree</key>
			<string>&lt;group&gt;</string>
		</dict>
		<key>E89CE6831D409D3500BB4521</key>
		<dict>
			<key>children</key>
			<array>
				<string>E89CE6841D409D3500BB4521</string>
			</array>
			<key>isa</key>
			<string>PBXGroup</string>
			<key>path</key>
			<string>Assets</string>
			<key>sourceTree</key>
			<string>&lt;group&gt;</string>
		</dict>
		<key>E89CE6841D409D3500BB4521</key>
		<dict>
			<key>fileEncoding</key>
			<string>4</string>
			<key>isa</key>
			<string>PBXFileReference</string>
			<key>lastKnownFileType</key>
			<string>file.storyboard</string>
			<key>path</key>
			<string>RealmSyncLogin.storyboard</string>
			<key>sourceTree</key>
			<string>&lt;group&gt;</string>
		</dict>
		<key>E89CE6851D409D3500BB4521</key>
		<dict>
			<key>children</key>
			<array>
				<string>E89CE6881D409D3500BB4521</string>
			</array>
			<key>isa</key>
			<string>PBXGroup</string>
			<key>path</key>
			<string>Classes</string>
			<key>sourceTree</key>
			<string>&lt;group&gt;</string>
		</dict>
		<key>E89CE6881D409D3500BB4521</key>
		<dict>
			<key>children</key>
			<array>
				<string>E89CE6891D409D3500BB4521</string>
				<string>E89CE68A1D409D3500BB4521</string>
			</array>
			<key>isa</key>
			<string>PBXGroup</string>
			<key>path</key>
			<string>UI</string>
			<key>sourceTree</key>
			<string>&lt;group&gt;</string>
		</dict>
		<key>E89CE6891D409D3500BB4521</key>
		<dict>
			<key>fileEncoding</key>
			<string>4</string>
			<key>isa</key>
			<string>PBXFileReference</string>
			<key>lastKnownFileType</key>
			<string>sourcecode.swift</string>
			<key>path</key>
			<string>LogInViewController.swift</string>
			<key>sourceTree</key>
			<string>&lt;group&gt;</string>
		</dict>
		<key>E89CE68A1D409D3500BB4521</key>
		<dict>
			<key>fileEncoding</key>
			<string>4</string>
			<key>isa</key>
			<string>PBXFileReference</string>
			<key>lastKnownFileType</key>
			<string>sourcecode.swift</string>
			<key>path</key>
			<string>RegisterViewController.swift</string>
			<key>sourceTree</key>
			<string>&lt;group&gt;</string>
		</dict>
		<key>E89CE68B1D409D3500BB4521</key>
		<dict>
			<key>fileRef</key>
			<string>E89CE6841D409D3500BB4521</string>
			<key>isa</key>
			<string>PBXBuildFile</string>
		</dict>
		<key>E89CE68E1D409D3500BB4521</key>
		<dict>
			<key>fileRef</key>
			<string>E89CE6891D409D3500BB4521</string>
			<key>isa</key>
			<string>PBXBuildFile</string>
		</dict>
		<key>E89CE68F1D409D3500BB4521</key>
		<dict>
			<key>fileRef</key>
			<string>E89CE68A1D409D3500BB4521</string>
			<key>isa</key>
			<string>PBXBuildFile</string>
		</dict>
		<key>E8A1E64F1D59354500D8B04A</key>
		<dict>
			<key>fileEncoding</key>
			<string>4</string>
			<key>isa</key>
			<string>PBXFileReference</string>
			<key>lastKnownFileType</key>
			<string>sourcecode.swift</string>
			<key>path</key>
			<string>ContainerViewController.swift</string>
			<key>sourceTree</key>
			<string>&lt;group&gt;</string>
		</dict>
		<key>E8A1E6501D59354500D8B04A</key>
		<dict>
			<key>fileRef</key>
			<string>E8A1E64F1D59354500D8B04A</string>
			<key>isa</key>
			<string>PBXBuildFile</string>
		</dict>
		<key>E8A1E6511D59360A00D8B04A</key>
		<dict>
			<key>fileEncoding</key>
			<string>4</string>
			<key>isa</key>
			<string>PBXFileReference</string>
			<key>lastKnownFileType</key>
			<string>sourcecode.swift</string>
			<key>path</key>
			<string>SharedFunctionality.swift</string>
			<key>sourceTree</key>
			<string>&lt;group&gt;</string>
		</dict>
		<key>E8A1E6521D59360A00D8B04A</key>
		<dict>
			<key>fileRef</key>
			<string>E8A1E6511D59360A00D8B04A</string>
			<key>isa</key>
			<string>PBXBuildFile</string>
		</dict>
		<key>E8A1E6531D59368200D8B04A</key>
		<dict>
			<key>fileRef</key>
			<string>E8A1E6511D59360A00D8B04A</string>
			<key>isa</key>
			<string>PBXBuildFile</string>
		</dict>
		<key>EC86AB13DF2672178CFBDC08</key>
		<dict>
			<key>fileRef</key>
			<string>0F65AA97E042CAA771FDB716</string>
			<key>isa</key>
			<string>PBXBuildFile</string>
		</dict>
		<key>EE45F26564356ACD28724653</key>
		<dict>
			<key>includeInIndex</key>
			<string>1</string>
			<key>isa</key>
			<string>PBXFileReference</string>
			<key>lastKnownFileType</key>
			<string>text.xcconfig</string>
			<key>name</key>
			<string>Pods-RealmTasks-RealmTasks iOS Tests.debug.xcconfig</string>
			<key>path</key>
			<string>Pods/Target Support Files/Pods-RealmTasks-RealmTasks iOS Tests/Pods-RealmTasks-RealmTasks iOS Tests.debug.xcconfig</string>
			<key>sourceTree</key>
			<string>&lt;group&gt;</string>
		</dict>
		<key>F9B66AB3287C77E6F01777F3</key>
		<dict>
			<key>includeInIndex</key>
			<string>1</string>
			<key>isa</key>
			<string>PBXFileReference</string>
			<key>lastKnownFileType</key>
			<string>text.xcconfig</string>
			<key>name</key>
			<string>Pods-RealmTasks-RealmTasks macOS.debug.xcconfig</string>
			<key>path</key>
			<string>Pods/Target Support Files/Pods-RealmTasks-RealmTasks macOS/Pods-RealmTasks-RealmTasks macOS.debug.xcconfig</string>
			<key>sourceTree</key>
			<string>&lt;group&gt;</string>
		</dict>
		<key>FA3ECB465F0764AECB003C19</key>
		<dict>
			<key>children</key>
			<array>
				<string>9CCE23B978EF7565F4866B4B</string>
				<string>1F2F1BE895B44ABCE16F567F</string>
				<string>F9B66AB3287C77E6F01777F3</string>
				<string>FE1F651C6DD135AF60B7902F</string>
				<string>EE45F26564356ACD28724653</string>
				<string>5D7D2927CA4A12217D6E1964</string>
			</array>
			<key>isa</key>
			<string>PBXGroup</string>
			<key>name</key>
			<string>Pods</string>
			<key>sourceTree</key>
			<string>&lt;group&gt;</string>
		</dict>
		<key>FE1F651C6DD135AF60B7902F</key>
		<dict>
			<key>includeInIndex</key>
			<string>1</string>
			<key>isa</key>
			<string>PBXFileReference</string>
			<key>lastKnownFileType</key>
			<string>text.xcconfig</string>
			<key>name</key>
			<string>Pods-RealmTasks-RealmTasks macOS.release.xcconfig</string>
			<key>path</key>
			<string>Pods/Target Support Files/Pods-RealmTasks-RealmTasks macOS/Pods-RealmTasks-RealmTasks macOS.release.xcconfig</string>
			<key>sourceTree</key>
			<string>&lt;group&gt;</string>
		</dict>
	</dict>
	<key>rootObject</key>
	<string>E84CF2A91CBC408000082C1A</string>
</dict>
</plist>
