// !$*UTF8*$!
{
	archiveVersion = 1;
	classes = {
	};
	objectVersion = 46;
	objects = {

/* Begin PBXBuildFile section */
		143C81E21D65D1AA00E872E6 /* RealmTasksTests.swift in Sources */ = {isa = PBXBuildFile; fileRef = 143C81E11D65D1AA00E872E6 /* RealmTasksTests.swift */; };
		1DA72CE5337592E2195CAD58 /* Pods_RealmTasks_RealmTasks_iOS.framework in Frameworks */ = {isa = PBXBuildFile; fileRef = 4AA030A92A734CF89C6AD4F8 /* Pods_RealmTasks_RealmTasks_iOS.framework */; };
		22092D861D5C5BCB0016E757 /* NavHintView.swift in Sources */ = {isa = PBXBuildFile; fileRef = 22092D851D5C5BCB0016E757 /* NavHintView.swift */; };
		220C334A1D3DE1F40043A885 /* OnboardView.swift in Sources */ = {isa = PBXBuildFile; fileRef = 220C33491D3DE1F40043A885 /* OnboardView.swift */; };
		2252019E1D3DD648009E45FA /* AppDelegate.swift in Sources */ = {isa = PBXBuildFile; fileRef = 225201941D3DD648009E45FA /* AppDelegate.swift */; };
		2252019F1D3DD648009E45FA /* iOS.xcassets in Resources */ = {isa = PBXBuildFile; fileRef = 225201951D3DD648009E45FA /* iOS.xcassets */; };
		225201A01D3DD648009E45FA /* LaunchScreen.storyboard in Resources */ = {isa = PBXBuildFile; fileRef = 225201961D3DD648009E45FA /* LaunchScreen.storyboard */; };
		225201A21D3DD648009E45FA /* RealmColor.swift in Sources */ = {isa = PBXBuildFile; fileRef = 225201991D3DD648009E45FA /* RealmColor.swift */; };
		225201A31D3DD648009E45FA /* TableViewCell.swift in Sources */ = {isa = PBXBuildFile; fileRef = 2252019A1D3DD648009E45FA /* TableViewCell.swift */; };
		225201A41D3DD648009E45FA /* Models.swift in Sources */ = {isa = PBXBuildFile; fileRef = 2252019B1D3DD648009E45FA /* Models.swift */; };
		225201A51D3DD648009E45FA /* CellTextView.swift in Sources */ = {isa = PBXBuildFile; fileRef = 2252019C1D3DD648009E45FA /* CellTextView.swift */; };
		225201A61D3DD648009E45FA /* ViewController.swift in Sources */ = {isa = PBXBuildFile; fileRef = 2252019D1D3DD648009E45FA /* ViewController.swift */; };
		229372151E4D5D7800B2E2A1 /* FooterView.swift in Sources */ = {isa = PBXBuildFile; fileRef = 229372141E4D5D7800B2E2A1 /* FooterView.swift */; };
		22B9ADD41E44857300E81E66 /* UIImage+Icons.swift in Sources */ = {isa = PBXBuildFile; fileRef = 22B9ADD31E44857300E81E66 /* UIImage+Icons.swift */; };
		535B94220A4A156FBAFB1335 /* Pods_RealmTasks_RealmTasks_macOS.framework in Frameworks */ = {isa = PBXBuildFile; fileRef = 9E3DAC51F69DA3CADC0CEDEF /* Pods_RealmTasks_RealmTasks_macOS.framework */; };
		60662D4341CEABBF2A842F0E /* Pods_RealmTasks_RealmTasks_iOS_Tests.framework in Frameworks */ = {isa = PBXBuildFile; fileRef = 97B4ACBD426131A983A5D4F9 /* Pods_RealmTasks_RealmTasks_iOS_Tests.framework */; };
		9C24AA071D8FEEB500192CE3 /* CellPresenter.swift in Sources */ = {isa = PBXBuildFile; fileRef = 9C24AA061D8FEEB500192CE3 /* CellPresenter.swift */; };
		9C24AA0B1D8FFC0400192CE3 /* TablePresenter.swift in Sources */ = {isa = PBXBuildFile; fileRef = 9C24AA0A1D8FFC0400192CE3 /* TablePresenter.swift */; };
		9C24AA0D1D8FFEA200192CE3 /* ListPresenter.swift in Sources */ = {isa = PBXBuildFile; fileRef = 9C24AA0C1D8FFEA200192CE3 /* ListPresenter.swift */; };
		9CDF4F1D1D9E73AF00EC051B /* ViewControllerProtocol.swift in Sources */ = {isa = PBXBuildFile; fileRef = 9CDF4F1C1D9E73AF00EC051B /* ViewControllerProtocol.swift */; };
		9CDF4F1F1D9E745300EC051B /* UIView+constraints.swift in Sources */ = {isa = PBXBuildFile; fileRef = 9CDF4F1E1D9E745300EC051B /* UIView+constraints.swift */; };
		C23EB0201D46329400D3E0AC /* AppDelegate.swift in Sources */ = {isa = PBXBuildFile; fileRef = C23EB01F1D46329400D3E0AC /* AppDelegate.swift */; };
		C23EB0221D46329400D3E0AC /* macOS.xcassets in Resources */ = {isa = PBXBuildFile; fileRef = C23EB0211D46329400D3E0AC /* macOS.xcassets */; };
		C23EB02D1D4635C400D3E0AC /* Shared.xcassets in Resources */ = {isa = PBXBuildFile; fileRef = C23EB02C1D4635C400D3E0AC /* Shared.xcassets */; };
		C23EB02E1D4635C400D3E0AC /* Shared.xcassets in Resources */ = {isa = PBXBuildFile; fileRef = C23EB02C1D4635C400D3E0AC /* Shared.xcassets */; };
		C23EB0301D46364000D3E0AC /* Models.swift in Sources */ = {isa = PBXBuildFile; fileRef = 2252019B1D3DD648009E45FA /* Models.swift */; };
		C23EB0321D46364000D3E0AC /* LocalIPAddress.swift in Sources */ = {isa = PBXBuildFile; fileRef = C2E4721F1D3FDF2E00276542 /* LocalIPAddress.swift */; };
		C23EB0331D463A2C00D3E0AC /* RealmColor.swift in Sources */ = {isa = PBXBuildFile; fileRef = 225201991D3DD648009E45FA /* RealmColor.swift */; };
		C23EB0381D4643B900D3E0AC /* Constants.swift in Sources */ = {isa = PBXBuildFile; fileRef = C23EB0371D4643B900D3E0AC /* Constants.swift */; };
		C23EB0391D4643B900D3E0AC /* Constants.swift in Sources */ = {isa = PBXBuildFile; fileRef = C23EB0371D4643B900D3E0AC /* Constants.swift */; };
		C23EB03C1D464A7D00D3E0AC /* Main.storyboard in Resources */ = {isa = PBXBuildFile; fileRef = C23EB03B1D464A7D00D3E0AC /* Main.storyboard */; };
		C23EB0591D46535F00D3E0AC /* ListViewController.swift in Sources */ = {isa = PBXBuildFile; fileRef = C23EB0581D46535F00D3E0AC /* ListViewController.swift */; };
		C23EB05B1D4655A900D3E0AC /* TaskCellView.swift in Sources */ = {isa = PBXBuildFile; fileRef = C23EB05A1D4655A900D3E0AC /* TaskCellView.swift */; };
		C23EB05D1D4A028A00D3E0AC /* NSView+Animations.swift in Sources */ = {isa = PBXBuildFile; fileRef = C23EB05C1D4A028A00D3E0AC /* NSView+Animations.swift */; };
		C277A6F11D80329D00DED239 /* TitleView.swift in Sources */ = {isa = PBXBuildFile; fileRef = C277A6F01D80329D00DED239 /* TitleView.swift */; };
		C277A6F31D8035B300DED239 /* ContainerViewController.swift in Sources */ = {isa = PBXBuildFile; fileRef = C277A6F21D8035B300DED239 /* ContainerViewController.swift */; };
		C277A6F71D80646500DED239 /* ListCellView.swift in Sources */ = {isa = PBXBuildFile; fileRef = C277A6F61D80646500DED239 /* ListCellView.swift */; };
		C27B619F1DA7DFEC00B02EF3 /* ItemCellView.swift in Sources */ = {isa = PBXBuildFile; fileRef = C27B619E1DA7DFEC00B02EF3 /* ItemCellView.swift */; };
		C28A34021D50A0C500EE8F1A /* LogInViewController.swift in Sources */ = {isa = PBXBuildFile; fileRef = C28A34011D50A0C500EE8F1A /* LogInViewController.swift */; };
		C28A34051D50D19B00EE8F1A /* RegisterViewController.swift in Sources */ = {isa = PBXBuildFile; fileRef = C28A34041D50D19B00EE8F1A /* RegisterViewController.swift */; };
		C2CFD00A1D915DAB00725B88 /* ColorView.swift in Sources */ = {isa = PBXBuildFile; fileRef = C2CFD0091D915DAB00725B88 /* ColorView.swift */; };
		C2CFD00C1D91660200725B88 /* NSView+TrackingAreas.swift in Sources */ = {isa = PBXBuildFile; fileRef = C2CFD00B1D91660200725B88 /* NSView+TrackingAreas.swift */; };
		C2E472201D3FDF2E00276542 /* LocalIPAddress.swift in Sources */ = {isa = PBXBuildFile; fileRef = C2E4721F1D3FDF2E00276542 /* LocalIPAddress.swift */; };
		C2E981E81DB4F27300288A2B /* NSAttributedString+Strikethrough.swift in Sources */ = {isa = PBXBuildFile; fileRef = C2E981E71DB4F27300288A2B /* NSAttributedString+Strikethrough.swift */; };
		C2E981E91DB4F27300288A2B /* NSAttributedString+Strikethrough.swift in Sources */ = {isa = PBXBuildFile; fileRef = C2E981E71DB4F27300288A2B /* NSAttributedString+Strikethrough.swift */; };
		E8A1E6501D59354500D8B04A /* ContainerViewController.swift in Sources */ = {isa = PBXBuildFile; fileRef = E8A1E64F1D59354500D8B04A /* ContainerViewController.swift */; };
		E8A1E6521D59360A00D8B04A /* SharedFunctionality.swift in Sources */ = {isa = PBXBuildFile; fileRef = E8A1E6511D59360A00D8B04A /* SharedFunctionality.swift */; };
		E8A1E6531D59368200D8B04A /* SharedFunctionality.swift in Sources */ = {isa = PBXBuildFile; fileRef = E8A1E6511D59360A00D8B04A /* SharedFunctionality.swift */; };
/* End PBXBuildFile section */

/* Begin PBXContainerItemProxy section */
		143C81E41D65D1AA00E872E6 /* PBXContainerItemProxy */ = {
			isa = PBXContainerItemProxy;
			containerPortal = E84CF2A91CBC408000082C1A /* Project object */;
			proxyType = 1;
			remoteGlobalIDString = E84CF2B01CBC408000082C1A;
			remoteInfo = "RealmTasks iOS";
		};
/* End PBXContainerItemProxy section */

/* Begin PBXFileReference section */
		0AA4D2E06BB2A484E9D2DBF4 /* Pods-RealmTasks-RealmTasks iOS Tests.debug.xcconfig */ = {isa = PBXFileReference; includeInIndex = 1; lastKnownFileType = text.xcconfig; name = "Pods-RealmTasks-RealmTasks iOS Tests.debug.xcconfig"; path = "Pods/Target Support Files/Pods-RealmTasks-RealmTasks iOS Tests/Pods-RealmTasks-RealmTasks iOS Tests.debug.xcconfig"; sourceTree = "<group>"; };
		0DFE6C7EF9CCDB37848E6721 /* Pods-RealmTasks-RealmTasks iOS.debug.xcconfig */ = {isa = PBXFileReference; includeInIndex = 1; lastKnownFileType = text.xcconfig; name = "Pods-RealmTasks-RealmTasks iOS.debug.xcconfig"; path = "Pods/Target Support Files/Pods-RealmTasks-RealmTasks iOS/Pods-RealmTasks-RealmTasks iOS.debug.xcconfig"; sourceTree = "<group>"; };
		12658D517EFD85331DC2F783 /* Pods-RealmTasks-RealmTasks iOS.release.xcconfig */ = {isa = PBXFileReference; includeInIndex = 1; lastKnownFileType = text.xcconfig; name = "Pods-RealmTasks-RealmTasks iOS.release.xcconfig"; path = "Pods/Target Support Files/Pods-RealmTasks-RealmTasks iOS/Pods-RealmTasks-RealmTasks iOS.release.xcconfig"; sourceTree = "<group>"; };
		143C81DF1D65D1AA00E872E6 /* RealmTasks iOS Tests.xctest */ = {isa = PBXFileReference; explicitFileType = wrapper.cfbundle; includeInIndex = 0; path = "RealmTasks iOS Tests.xctest"; sourceTree = BUILT_PRODUCTS_DIR; };
		143C81E11D65D1AA00E872E6 /* RealmTasksTests.swift */ = {isa = PBXFileReference; lastKnownFileType = sourcecode.swift; path = RealmTasksTests.swift; sourceTree = "<group>"; };
		143C81E31D65D1AA00E872E6 /* Info.plist */ = {isa = PBXFileReference; lastKnownFileType = text.plist.xml; path = Info.plist; sourceTree = "<group>"; };
		22092D851D5C5BCB0016E757 /* NavHintView.swift */ = {isa = PBXFileReference; fileEncoding = 4; lastKnownFileType = sourcecode.swift; path = NavHintView.swift; sourceTree = "<group>"; };
		220C33491D3DE1F40043A885 /* OnboardView.swift */ = {isa = PBXFileReference; fileEncoding = 4; lastKnownFileType = sourcecode.swift; path = OnboardView.swift; sourceTree = "<group>"; };
		225201941D3DD648009E45FA /* AppDelegate.swift */ = {isa = PBXFileReference; fileEncoding = 4; lastKnownFileType = sourcecode.swift; path = AppDelegate.swift; sourceTree = "<group>"; };
		225201951D3DD648009E45FA /* iOS.xcassets */ = {isa = PBXFileReference; lastKnownFileType = folder.assetcatalog; path = iOS.xcassets; sourceTree = "<group>"; };
		225201971D3DD648009E45FA /* Base */ = {isa = PBXFileReference; lastKnownFileType = file.storyboard; name = Base; path = Base.lproj/LaunchScreen.storyboard; sourceTree = "<group>"; };
		225201981D3DD648009E45FA /* Info.plist */ = {isa = PBXFileReference; fileEncoding = 4; lastKnownFileType = text.plist.xml; path = Info.plist; sourceTree = "<group>"; };
		225201991D3DD648009E45FA /* RealmColor.swift */ = {isa = PBXFileReference; fileEncoding = 4; lastKnownFileType = sourcecode.swift; path = RealmColor.swift; sourceTree = "<group>"; };
		2252019A1D3DD648009E45FA /* TableViewCell.swift */ = {isa = PBXFileReference; fileEncoding = 4; lastKnownFileType = sourcecode.swift; path = TableViewCell.swift; sourceTree = "<group>"; };
		2252019B1D3DD648009E45FA /* Models.swift */ = {isa = PBXFileReference; fileEncoding = 4; lastKnownFileType = sourcecode.swift; path = Models.swift; sourceTree = "<group>"; };
		2252019C1D3DD648009E45FA /* CellTextView.swift */ = {isa = PBXFileReference; fileEncoding = 4; lastKnownFileType = sourcecode.swift; path = CellTextView.swift; sourceTree = "<group>"; };
		2252019D1D3DD648009E45FA /* ViewController.swift */ = {isa = PBXFileReference; fileEncoding = 4; lastKnownFileType = sourcecode.swift; path = ViewController.swift; sourceTree = "<group>"; };
		229372141E4D5D7800B2E2A1 /* FooterView.swift */ = {isa = PBXFileReference; fileEncoding = 4; lastKnownFileType = sourcecode.swift; path = FooterView.swift; sourceTree = "<group>"; };
		22B9ADD31E44857300E81E66 /* UIImage+Icons.swift */ = {isa = PBXFileReference; fileEncoding = 4; lastKnownFileType = sourcecode.swift; path = "UIImage+Icons.swift"; sourceTree = "<group>"; };
		36D73C99E80DFD3FBBEC671A /* Pods-RealmTasks-RealmTasks iOS Tests.release.xcconfig */ = {isa = PBXFileReference; includeInIndex = 1; lastKnownFileType = text.xcconfig; name = "Pods-RealmTasks-RealmTasks iOS Tests.release.xcconfig"; path = "Pods/Target Support Files/Pods-RealmTasks-RealmTasks iOS Tests/Pods-RealmTasks-RealmTasks iOS Tests.release.xcconfig"; sourceTree = "<group>"; };
		4AA030A92A734CF89C6AD4F8 /* Pods_RealmTasks_RealmTasks_iOS.framework */ = {isa = PBXFileReference; explicitFileType = wrapper.framework; includeInIndex = 0; path = Pods_RealmTasks_RealmTasks_iOS.framework; sourceTree = BUILT_PRODUCTS_DIR; };
		97B4ACBD426131A983A5D4F9 /* Pods_RealmTasks_RealmTasks_iOS_Tests.framework */ = {isa = PBXFileReference; explicitFileType = wrapper.framework; includeInIndex = 0; path = Pods_RealmTasks_RealmTasks_iOS_Tests.framework; sourceTree = BUILT_PRODUCTS_DIR; };
		9C24AA061D8FEEB500192CE3 /* CellPresenter.swift */ = {isa = PBXFileReference; fileEncoding = 4; lastKnownFileType = sourcecode.swift; path = CellPresenter.swift; sourceTree = "<group>"; };
		9C24AA0A1D8FFC0400192CE3 /* TablePresenter.swift */ = {isa = PBXFileReference; fileEncoding = 4; lastKnownFileType = sourcecode.swift; path = TablePresenter.swift; sourceTree = "<group>"; };
		9C24AA0C1D8FFEA200192CE3 /* ListPresenter.swift */ = {isa = PBXFileReference; fileEncoding = 4; lastKnownFileType = sourcecode.swift; path = ListPresenter.swift; sourceTree = "<group>"; };
		9CDF4F1C1D9E73AF00EC051B /* ViewControllerProtocol.swift */ = {isa = PBXFileReference; fileEncoding = 4; lastKnownFileType = sourcecode.swift; path = ViewControllerProtocol.swift; sourceTree = "<group>"; };
		9CDF4F1E1D9E745300EC051B /* UIView+constraints.swift */ = {isa = PBXFileReference; fileEncoding = 4; lastKnownFileType = sourcecode.swift; path = "UIView+constraints.swift"; sourceTree = "<group>"; };
		9E3DAC51F69DA3CADC0CEDEF /* Pods_RealmTasks_RealmTasks_macOS.framework */ = {isa = PBXFileReference; explicitFileType = wrapper.framework; includeInIndex = 0; path = Pods_RealmTasks_RealmTasks_macOS.framework; sourceTree = BUILT_PRODUCTS_DIR; };
		C23EB01D1D46329400D3E0AC /* RealmTasks.app */ = {isa = PBXFileReference; explicitFileType = wrapper.application; includeInIndex = 0; path = RealmTasks.app; sourceTree = BUILT_PRODUCTS_DIR; };
		C23EB01F1D46329400D3E0AC /* AppDelegate.swift */ = {isa = PBXFileReference; lastKnownFileType = sourcecode.swift; path = AppDelegate.swift; sourceTree = "<group>"; };
		C23EB0211D46329400D3E0AC /* macOS.xcassets */ = {isa = PBXFileReference; lastKnownFileType = folder.assetcatalog; path = macOS.xcassets; sourceTree = "<group>"; };
		C23EB0261D46329400D3E0AC /* Info.plist */ = {isa = PBXFileReference; lastKnownFileType = text.plist.xml; path = Info.plist; sourceTree = "<group>"; };
		C23EB02A1D46339E00D3E0AC /* RealmTasks-macOS.entitlements */ = {isa = PBXFileReference; lastKnownFileType = text.plist.entitlements; path = "RealmTasks-macOS.entitlements"; sourceTree = "<group>"; };
		C23EB02C1D4635C400D3E0AC /* Shared.xcassets */ = {isa = PBXFileReference; lastKnownFileType = folder.assetcatalog; path = Shared.xcassets; sourceTree = "<group>"; };
		C23EB0371D4643B900D3E0AC /* Constants.swift */ = {isa = PBXFileReference; fileEncoding = 4; lastKnownFileType = sourcecode.swift; path = Constants.swift; sourceTree = "<group>"; };
		C23EB03B1D464A7D00D3E0AC /* Main.storyboard */ = {isa = PBXFileReference; fileEncoding = 4; lastKnownFileType = file.storyboard; path = Main.storyboard; sourceTree = "<group>"; };
		C23EB0581D46535F00D3E0AC /* ListViewController.swift */ = {isa = PBXFileReference; fileEncoding = 4; lastKnownFileType = sourcecode.swift; path = ListViewController.swift; sourceTree = "<group>"; };
		C23EB05A1D4655A900D3E0AC /* TaskCellView.swift */ = {isa = PBXFileReference; fileEncoding = 4; lastKnownFileType = sourcecode.swift; path = TaskCellView.swift; sourceTree = "<group>"; };
		C23EB05C1D4A028A00D3E0AC /* NSView+Animations.swift */ = {isa = PBXFileReference; fileEncoding = 4; lastKnownFileType = sourcecode.swift; path = "NSView+Animations.swift"; sourceTree = "<group>"; };
		C277A6F01D80329D00DED239 /* TitleView.swift */ = {isa = PBXFileReference; fileEncoding = 4; lastKnownFileType = sourcecode.swift; path = TitleView.swift; sourceTree = "<group>"; };
		C277A6F21D8035B300DED239 /* ContainerViewController.swift */ = {isa = PBXFileReference; fileEncoding = 4; lastKnownFileType = sourcecode.swift; path = ContainerViewController.swift; sourceTree = "<group>"; };
		C277A6F61D80646500DED239 /* ListCellView.swift */ = {isa = PBXFileReference; fileEncoding = 4; lastKnownFileType = sourcecode.swift; path = ListCellView.swift; sourceTree = "<group>"; };
		C27B619E1DA7DFEC00B02EF3 /* ItemCellView.swift */ = {isa = PBXFileReference; fileEncoding = 4; lastKnownFileType = sourcecode.swift; path = ItemCellView.swift; sourceTree = "<group>"; };
		C28A34011D50A0C500EE8F1A /* LogInViewController.swift */ = {isa = PBXFileReference; fileEncoding = 4; lastKnownFileType = sourcecode.swift; path = LogInViewController.swift; sourceTree = "<group>"; };
		C28A34041D50D19B00EE8F1A /* RegisterViewController.swift */ = {isa = PBXFileReference; fileEncoding = 4; lastKnownFileType = sourcecode.swift; path = RegisterViewController.swift; sourceTree = "<group>"; };
		C2CFD0091D915DAB00725B88 /* ColorView.swift */ = {isa = PBXFileReference; fileEncoding = 4; lastKnownFileType = sourcecode.swift; path = ColorView.swift; sourceTree = "<group>"; };
		C2CFD00B1D91660200725B88 /* NSView+TrackingAreas.swift */ = {isa = PBXFileReference; fileEncoding = 4; lastKnownFileType = sourcecode.swift; path = "NSView+TrackingAreas.swift"; sourceTree = "<group>"; };
		C2E4721F1D3FDF2E00276542 /* LocalIPAddress.swift */ = {isa = PBXFileReference; fileEncoding = 4; lastKnownFileType = sourcecode.swift; path = LocalIPAddress.swift; sourceTree = "<group>"; };
		C2E981E71DB4F27300288A2B /* NSAttributedString+Strikethrough.swift */ = {isa = PBXFileReference; fileEncoding = 4; lastKnownFileType = sourcecode.swift; path = "NSAttributedString+Strikethrough.swift"; sourceTree = "<group>"; };
		D537CB852E108EDC2E48B670 /* Pods-RealmTasks-RealmTasks macOS.debug.xcconfig */ = {isa = PBXFileReference; includeInIndex = 1; lastKnownFileType = text.xcconfig; name = "Pods-RealmTasks-RealmTasks macOS.debug.xcconfig"; path = "Pods/Target Support Files/Pods-RealmTasks-RealmTasks macOS/Pods-RealmTasks-RealmTasks macOS.debug.xcconfig"; sourceTree = "<group>"; };
		E84CF2B11CBC408000082C1A /* RealmTasks.app */ = {isa = PBXFileReference; explicitFileType = wrapper.application; includeInIndex = 0; path = RealmTasks.app; sourceTree = BUILT_PRODUCTS_DIR; };
		E8A1E64F1D59354500D8B04A /* ContainerViewController.swift */ = {isa = PBXFileReference; fileEncoding = 4; lastKnownFileType = sourcecode.swift; path = ContainerViewController.swift; sourceTree = "<group>"; };
		E8A1E6511D59360A00D8B04A /* SharedFunctionality.swift */ = {isa = PBXFileReference; fileEncoding = 4; lastKnownFileType = sourcecode.swift; path = SharedFunctionality.swift; sourceTree = "<group>"; };
		F3A327E1424F6C7BA7E2D7C8 /* Pods-RealmTasks-RealmTasks macOS.release.xcconfig */ = {isa = PBXFileReference; includeInIndex = 1; lastKnownFileType = text.xcconfig; name = "Pods-RealmTasks-RealmTasks macOS.release.xcconfig"; path = "Pods/Target Support Files/Pods-RealmTasks-RealmTasks macOS/Pods-RealmTasks-RealmTasks macOS.release.xcconfig"; sourceTree = "<group>"; };
/* End PBXFileReference section */

/* Begin PBXFrameworksBuildPhase section */
		143C81DC1D65D1AA00E872E6 /* Frameworks */ = {
			isa = PBXFrameworksBuildPhase;
			buildActionMask = 2147483647;
			files = (
				60662D4341CEABBF2A842F0E /* Pods_RealmTasks_RealmTasks_iOS_Tests.framework in Frameworks */,
			);
			runOnlyForDeploymentPostprocessing = 0;
		};
		C23EB01A1D46329400D3E0AC /* Frameworks */ = {
			isa = PBXFrameworksBuildPhase;
			buildActionMask = 2147483647;
			files = (
				535B94220A4A156FBAFB1335 /* Pods_RealmTasks_RealmTasks_macOS.framework in Frameworks */,
			);
			runOnlyForDeploymentPostprocessing = 0;
		};
		E84CF2AE1CBC408000082C1A /* Frameworks */ = {
			isa = PBXFrameworksBuildPhase;
			buildActionMask = 2147483647;
			files = (
				1DA72CE5337592E2195CAD58 /* Pods_RealmTasks_RealmTasks_iOS.framework in Frameworks */,
			);
			runOnlyForDeploymentPostprocessing = 0;
		};
/* End PBXFrameworksBuildPhase section */

/* Begin PBXGroup section */
		143C81E01D65D1AA00E872E6 /* RealmTasks iOS Tests */ = {
			isa = PBXGroup;
			children = (
				143C81E11D65D1AA00E872E6 /* RealmTasksTests.swift */,
				143C81E31D65D1AA00E872E6 /* Info.plist */,
			);
			path = "RealmTasks iOS Tests";
			sourceTree = "<group>";
		};
		225201931D3DD648009E45FA /* RealmTasks iOS */ = {
			isa = PBXGroup;
			children = (
				225201941D3DD648009E45FA /* AppDelegate.swift */,
				225201981D3DD648009E45FA /* Info.plist */,
				225201951D3DD648009E45FA /* iOS.xcassets */,
				225201961D3DD648009E45FA /* LaunchScreen.storyboard */,
				E8A1E64F1D59354500D8B04A /* ContainerViewController.swift */,
				22B9ADD21E44857300E81E66 /* Extensions */,
				9CDF4F201D9E780100EC051B /* Views */,
				9C24AA031D8FED0800192CE3 /* ViewController */,
			);
			path = "RealmTasks iOS";
			sourceTree = "<group>";
		};
		22B9ADD21E44857300E81E66 /* Extensions */ = {
			isa = PBXGroup;
			children = (
				22B9ADD31E44857300E81E66 /* UIImage+Icons.swift */,
			);
			path = Extensions;
			sourceTree = "<group>";
		};
		516438FDE83F2EF7AE575983 /* Frameworks */ = {
			isa = PBXGroup;
			children = (
				4AA030A92A734CF89C6AD4F8 /* Pods_RealmTasks_RealmTasks_iOS.framework */,
				97B4ACBD426131A983A5D4F9 /* Pods_RealmTasks_RealmTasks_iOS_Tests.framework */,
				9E3DAC51F69DA3CADC0CEDEF /* Pods_RealmTasks_RealmTasks_macOS.framework */,
			);
			name = Frameworks;
			sourceTree = "<group>";
		};
		9C24AA031D8FED0800192CE3 /* ViewController */ = {
			isa = PBXGroup;
			children = (
				2252019D1D3DD648009E45FA /* ViewController.swift */,
				9C24AA0C1D8FFEA200192CE3 /* ListPresenter.swift */,
				9C24AA061D8FEEB500192CE3 /* CellPresenter.swift */,
				9C24AA0A1D8FFC0400192CE3 /* TablePresenter.swift */,
				9CDF4F1C1D9E73AF00EC051B /* ViewControllerProtocol.swift */,
			);
			name = ViewController;
			sourceTree = "<group>";
		};
		9CDF4F201D9E780100EC051B /* Views */ = {
			isa = PBXGroup;
			children = (
				220C33491D3DE1F40043A885 /* OnboardView.swift */,
				2252019C1D3DD648009E45FA /* CellTextView.swift */,
				2252019A1D3DD648009E45FA /* TableViewCell.swift */,
				22092D851D5C5BCB0016E757 /* NavHintView.swift */,
				9CDF4F1E1D9E745300EC051B /* UIView+constraints.swift */,
				229372141E4D5D7800B2E2A1 /* FooterView.swift */,
			);
			name = Views;
			sourceTree = "<group>";
		};
		A52070EF64A7533454868459 /* Pods */ = {
			isa = PBXGroup;
			children = (
				0DFE6C7EF9CCDB37848E6721 /* Pods-RealmTasks-RealmTasks iOS.debug.xcconfig */,
				12658D517EFD85331DC2F783 /* Pods-RealmTasks-RealmTasks iOS.release.xcconfig */,
				0AA4D2E06BB2A484E9D2DBF4 /* Pods-RealmTasks-RealmTasks iOS Tests.debug.xcconfig */,
				36D73C99E80DFD3FBBEC671A /* Pods-RealmTasks-RealmTasks iOS Tests.release.xcconfig */,
				D537CB852E108EDC2E48B670 /* Pods-RealmTasks-RealmTasks macOS.debug.xcconfig */,
				F3A327E1424F6C7BA7E2D7C8 /* Pods-RealmTasks-RealmTasks macOS.release.xcconfig */,
			);
			name = Pods;
			sourceTree = "<group>";
		};
		C23EB01E1D46329400D3E0AC /* RealmTasks macOS */ = {
			isa = PBXGroup;
			children = (
				C23EB02A1D46339E00D3E0AC /* RealmTasks-macOS.entitlements */,
				C23EB0211D46329400D3E0AC /* macOS.xcassets */,
				C23EB0261D46329400D3E0AC /* Info.plist */,
				C23EB03B1D464A7D00D3E0AC /* Main.storyboard */,
				C23EB01F1D46329400D3E0AC /* AppDelegate.swift */,
				C28A34011D50A0C500EE8F1A /* LogInViewController.swift */,
				C28A34041D50D19B00EE8F1A /* RegisterViewController.swift */,
				C277A6F21D8035B300DED239 /* ContainerViewController.swift */,
				C23EB0581D46535F00D3E0AC /* ListViewController.swift */,
				C27B619E1DA7DFEC00B02EF3 /* ItemCellView.swift */,
				C23EB05A1D4655A900D3E0AC /* TaskCellView.swift */,
				C277A6F61D80646500DED239 /* ListCellView.swift */,
				C277A6F01D80329D00DED239 /* TitleView.swift */,
				C2CFD0091D915DAB00725B88 /* ColorView.swift */,
				C23EB05C1D4A028A00D3E0AC /* NSView+Animations.swift */,
				C2CFD00B1D91660200725B88 /* NSView+TrackingAreas.swift */,
			);
			path = "RealmTasks macOS";
			sourceTree = "<group>";
		};
		C23EB02B1D4634B700D3E0AC /* RealmTasks Shared */ = {
			isa = PBXGroup;
			children = (
				C23EB0371D4643B900D3E0AC /* Constants.swift */,
				C2E4721F1D3FDF2E00276542 /* LocalIPAddress.swift */,
				2252019B1D3DD648009E45FA /* Models.swift */,
				225201991D3DD648009E45FA /* RealmColor.swift */,
				C23EB02C1D4635C400D3E0AC /* Shared.xcassets */,
				E8A1E6511D59360A00D8B04A /* SharedFunctionality.swift */,
				C2E981E71DB4F27300288A2B /* NSAttributedString+Strikethrough.swift */,
			);
			path = "RealmTasks Shared";
			sourceTree = "<group>";
		};
		E84CF2A81CBC408000082C1A = {
			isa = PBXGroup;
			children = (
				C23EB02B1D4634B700D3E0AC /* RealmTasks Shared */,
				225201931D3DD648009E45FA /* RealmTasks iOS */,
				C23EB01E1D46329400D3E0AC /* RealmTasks macOS */,
				143C81E01D65D1AA00E872E6 /* RealmTasks iOS Tests */,
				E84CF2B21CBC408000082C1A /* Products */,
				A52070EF64A7533454868459 /* Pods */,
				516438FDE83F2EF7AE575983 /* Frameworks */,
			);
			sourceTree = "<group>";
		};
		E84CF2B21CBC408000082C1A /* Products */ = {
			isa = PBXGroup;
			children = (
				E84CF2B11CBC408000082C1A /* RealmTasks.app */,
				C23EB01D1D46329400D3E0AC /* RealmTasks.app */,
				143C81DF1D65D1AA00E872E6 /* RealmTasks iOS Tests.xctest */,
			);
			name = Products;
			sourceTree = "<group>";
		};
/* End PBXGroup section */

/* Begin PBXNativeTarget section */
		143C81DE1D65D1AA00E872E6 /* RealmTasks iOS Tests */ = {
			isa = PBXNativeTarget;
			buildConfigurationList = 143C81E81D65D1AA00E872E6 /* Build configuration list for PBXNativeTarget "RealmTasks iOS Tests" */;
			buildPhases = (
				22EDBB5497A561545F23AE8D /* [CP] Check Pods Manifest.lock */,
				143C81DB1D65D1AA00E872E6 /* Sources */,
				143C81DC1D65D1AA00E872E6 /* Frameworks */,
				143C81DD1D65D1AA00E872E6 /* Resources */,
				5B368728E85906F40F548CF1 /* [CP] Embed Pods Frameworks */,
				0D9CF3A2D31EB552B27CDC3D /* [CP] Copy Pods Resources */,
			);
			buildRules = (
			);
			dependencies = (
				143C81E51D65D1AA00E872E6 /* PBXTargetDependency */,
			);
			name = "RealmTasks iOS Tests";
			productName = "RealmTasks iOS Tests";
			productReference = 143C81DF1D65D1AA00E872E6 /* RealmTasks iOS Tests.xctest */;
			productType = "com.apple.product-type.bundle.unit-test";
		};
		C23EB01C1D46329400D3E0AC /* RealmTasks macOS */ = {
			isa = PBXNativeTarget;
			buildConfigurationList = C23EB0271D46329400D3E0AC /* Build configuration list for PBXNativeTarget "RealmTasks macOS" */;
			buildPhases = (
				2A8DD934183969A4FD9533EC /* [CP] Check Pods Manifest.lock */,
				C23EB03A1D4648E100D3E0AC /* Write local IP address */,
				C23EB0191D46329400D3E0AC /* Sources */,
				C23EB01A1D46329400D3E0AC /* Frameworks */,
				C23EB01B1D46329400D3E0AC /* Resources */,
				22AD84871E26320B002D5C48 /* SwiftLint */,
				6A0804EADBC811A055BD359F /* [CP] Embed Pods Frameworks */,
				40B288F667440ABF61689613 /* [CP] Copy Pods Resources */,
			);
			buildRules = (
			);
			dependencies = (
			);
			name = "RealmTasks macOS";
			productName = RealmTasks;
			productReference = C23EB01D1D46329400D3E0AC /* RealmTasks.app */;
			productType = "com.apple.product-type.application";
		};
		E84CF2B01CBC408000082C1A /* RealmTasks iOS */ = {
			isa = PBXNativeTarget;
			buildConfigurationList = E84CF2CE1CBC408000082C1A /* Build configuration list for PBXNativeTarget "RealmTasks iOS" */;
			buildPhases = (
				6E38F307B198239ED96B8CCD /* [CP] Check Pods Manifest.lock */,
				C2E472211D3FDFDB00276542 /* Write local IP address */,
				E84CF2AD1CBC408000082C1A /* Sources */,
				E84CF2AE1CBC408000082C1A /* Frameworks */,
				E84CF2AF1CBC408000082C1A /* Resources */,
				22AD84861E262772002D5C48 /* SwiftLint */,
				12A823A7CA8E791DDFE2C184 /* [CP] Embed Pods Frameworks */,
				F27998141CF9201225AF6BF3 /* [CP] Copy Pods Resources */,
			);
			buildRules = (
			);
			dependencies = (
			);
			name = "RealmTasks iOS";
			productName = RealmTasks;
			productReference = E84CF2B11CBC408000082C1A /* RealmTasks.app */;
			productType = "com.apple.product-type.application";
		};
/* End PBXNativeTarget section */

/* Begin PBXProject section */
		E84CF2A91CBC408000082C1A /* Project object */ = {
			isa = PBXProject;
			attributes = {
				LastSwiftUpdateCheck = 0730;
				LastUpgradeCheck = 0820;
				ORGANIZATIONNAME = Realm;
				TargetAttributes = {
					143C81DE1D65D1AA00E872E6 = {
						CreatedOnToolsVersion = 7.3.1;
						TestTargetID = E84CF2B01CBC408000082C1A;
					};
					C23EB01C1D46329400D3E0AC = {
						CreatedOnToolsVersion = 7.3.1;
						LastSwiftMigration = 0800;
						SystemCapabilities = {
							com.apple.Keychain = {
								enabled = 0;
							};
							com.apple.Sandbox = {
								enabled = 1;
							};
						};
					};
					E84CF2B01CBC408000082C1A = {
						CreatedOnToolsVersion = 7.3;
						DevelopmentTeam = 4XL3X97RQ3;
						ProvisioningStyle = Automatic;
						SystemCapabilities = {
							com.apple.Keychain = {
								enabled = 0;
							};
						};
					};
				};
			};
			buildConfigurationList = E84CF2AC1CBC408000082C1A /* Build configuration list for PBXProject "RealmTasks" */;
			compatibilityVersion = "Xcode 3.2";
			developmentRegion = English;
			hasScannedForEncodings = 0;
			knownRegions = (
				en,
				Base,
			);
			mainGroup = E84CF2A81CBC408000082C1A;
			productRefGroup = E84CF2B21CBC408000082C1A /* Products */;
			projectDirPath = "";
			projectRoot = "";
			targets = (
				E84CF2B01CBC408000082C1A /* RealmTasks iOS */,
				C23EB01C1D46329400D3E0AC /* RealmTasks macOS */,
				143C81DE1D65D1AA00E872E6 /* RealmTasks iOS Tests */,
			);
		};
/* End PBXProject section */

/* Begin PBXResourcesBuildPhase section */
		143C81DD1D65D1AA00E872E6 /* Resources */ = {
			isa = PBXResourcesBuildPhase;
			buildActionMask = 2147483647;
			files = (
			);
			runOnlyForDeploymentPostprocessing = 0;
		};
		C23EB01B1D46329400D3E0AC /* Resources */ = {
			isa = PBXResourcesBuildPhase;
			buildActionMask = 2147483647;
			files = (
				C23EB0221D46329400D3E0AC /* macOS.xcassets in Resources */,
				C23EB02E1D4635C400D3E0AC /* Shared.xcassets in Resources */,
				C23EB03C1D464A7D00D3E0AC /* Main.storyboard in Resources */,
			);
			runOnlyForDeploymentPostprocessing = 0;
		};
		E84CF2AF1CBC408000082C1A /* Resources */ = {
			isa = PBXResourcesBuildPhase;
			buildActionMask = 2147483647;
			files = (
				2252019F1D3DD648009E45FA /* iOS.xcassets in Resources */,
				225201A01D3DD648009E45FA /* LaunchScreen.storyboard in Resources */,
				C23EB02D1D4635C400D3E0AC /* Shared.xcassets in Resources */,
			);
			runOnlyForDeploymentPostprocessing = 0;
		};
/* End PBXResourcesBuildPhase section */

/* Begin PBXShellScriptBuildPhase section */
		0D9CF3A2D31EB552B27CDC3D /* [CP] Copy Pods Resources */ = {
			isa = PBXShellScriptBuildPhase;
			buildActionMask = 2147483647;
			files = (
			);
			inputPaths = (
			);
			name = "[CP] Copy Pods Resources";
			outputPaths = (
			);
			runOnlyForDeploymentPostprocessing = 0;
			shellPath = /bin/sh;
			shellScript = "\"${SRCROOT}/Pods/Target Support Files/Pods-RealmTasks-RealmTasks iOS Tests/Pods-RealmTasks-RealmTasks iOS Tests-resources.sh\"\n";
			showEnvVarsInLog = 0;
		};
		12A823A7CA8E791DDFE2C184 /* [CP] Embed Pods Frameworks */ = {
			isa = PBXShellScriptBuildPhase;
			buildActionMask = 2147483647;
			files = (
			);
			inputPaths = (
			);
			name = "[CP] Embed Pods Frameworks";
			outputPaths = (
			);
			runOnlyForDeploymentPostprocessing = 0;
			shellPath = /bin/sh;
			shellScript = "\"${SRCROOT}/Pods/Target Support Files/Pods-RealmTasks-RealmTasks iOS/Pods-RealmTasks-RealmTasks iOS-frameworks.sh\"\n";
			showEnvVarsInLog = 0;
		};
		22AD84861E262772002D5C48 /* SwiftLint */ = {
			isa = PBXShellScriptBuildPhase;
			buildActionMask = 2147483647;
			files = (
			);
			inputPaths = (
			);
			name = SwiftLint;
			outputPaths = (
			);
			runOnlyForDeploymentPostprocessing = 0;
			shellPath = /bin/sh;
			shellScript = Pods/SwiftLint/swiftlint;
		};
		22AD84871E26320B002D5C48 /* SwiftLint */ = {
			isa = PBXShellScriptBuildPhase;
			buildActionMask = 2147483647;
			files = (
			);
			inputPaths = (
			);
			name = SwiftLint;
			outputPaths = (
			);
			runOnlyForDeploymentPostprocessing = 0;
			shellPath = /bin/sh;
			shellScript = Pods/SwiftLint/swiftlint;
		};
		22EDBB5497A561545F23AE8D /* [CP] Check Pods Manifest.lock */ = {
			isa = PBXShellScriptBuildPhase;
			buildActionMask = 2147483647;
			files = (
			);
			inputPaths = (
			);
			name = "[CP] Check Pods Manifest.lock";
			outputPaths = (
			);
			runOnlyForDeploymentPostprocessing = 0;
			shellPath = /bin/sh;
			shellScript = "diff \"${PODS_ROOT}/../Podfile.lock\" \"${PODS_ROOT}/Manifest.lock\" > /dev/null\nif [ $? != 0 ] ; then\n    # print error to STDERR\n    echo \"error: The sandbox is not in sync with the Podfile.lock. Run 'pod install' or update your CocoaPods installation.\" >&2\n    exit 1\nfi\n";
			showEnvVarsInLog = 0;
		};
		2A8DD934183969A4FD9533EC /* [CP] Check Pods Manifest.lock */ = {
			isa = PBXShellScriptBuildPhase;
			buildActionMask = 2147483647;
			files = (
			);
			inputPaths = (
			);
			name = "[CP] Check Pods Manifest.lock";
			outputPaths = (
			);
			runOnlyForDeploymentPostprocessing = 0;
			shellPath = /bin/sh;
			shellScript = "diff \"${PODS_ROOT}/../Podfile.lock\" \"${PODS_ROOT}/Manifest.lock\" > /dev/null\nif [ $? != 0 ] ; then\n    # print error to STDERR\n    echo \"error: The sandbox is not in sync with the Podfile.lock. Run 'pod install' or update your CocoaPods installation.\" >&2\n    exit 1\nfi\n";
			showEnvVarsInLog = 0;
		};
		40B288F667440ABF61689613 /* [CP] Copy Pods Resources */ = {
			isa = PBXShellScriptBuildPhase;
			buildActionMask = 2147483647;
			files = (
			);
			inputPaths = (
			);
			name = "[CP] Copy Pods Resources";
			outputPaths = (
			);
			runOnlyForDeploymentPostprocessing = 0;
			shellPath = /bin/sh;
			shellScript = "\"${SRCROOT}/Pods/Target Support Files/Pods-RealmTasks-RealmTasks macOS/Pods-RealmTasks-RealmTasks macOS-resources.sh\"\n";
			showEnvVarsInLog = 0;
		};
		5B368728E85906F40F548CF1 /* [CP] Embed Pods Frameworks */ = {
			isa = PBXShellScriptBuildPhase;
			buildActionMask = 2147483647;
			files = (
			);
			inputPaths = (
			);
			name = "[CP] Embed Pods Frameworks";
			outputPaths = (
			);
			runOnlyForDeploymentPostprocessing = 0;
			shellPath = /bin/sh;
			shellScript = "\"${SRCROOT}/Pods/Target Support Files/Pods-RealmTasks-RealmTasks iOS Tests/Pods-RealmTasks-RealmTasks iOS Tests-frameworks.sh\"\n";
			showEnvVarsInLog = 0;
		};
		6A0804EADBC811A055BD359F /* [CP] Embed Pods Frameworks */ = {
			isa = PBXShellScriptBuildPhase;
			buildActionMask = 2147483647;
			files = (
			);
			inputPaths = (
			);
			name = "[CP] Embed Pods Frameworks";
			outputPaths = (
			);
			runOnlyForDeploymentPostprocessing = 0;
			shellPath = /bin/sh;
			shellScript = "\"${SRCROOT}/Pods/Target Support Files/Pods-RealmTasks-RealmTasks macOS/Pods-RealmTasks-RealmTasks macOS-frameworks.sh\"\n";
			showEnvVarsInLog = 0;
		};
		6E38F307B198239ED96B8CCD /* [CP] Check Pods Manifest.lock */ = {
			isa = PBXShellScriptBuildPhase;
			buildActionMask = 2147483647;
			files = (
			);
			inputPaths = (
			);
			name = "[CP] Check Pods Manifest.lock";
			outputPaths = (
			);
			runOnlyForDeploymentPostprocessing = 0;
			shellPath = /bin/sh;
			shellScript = "diff \"${PODS_ROOT}/../Podfile.lock\" \"${PODS_ROOT}/Manifest.lock\" > /dev/null\nif [ $? != 0 ] ; then\n    # print error to STDERR\n    echo \"error: The sandbox is not in sync with the Podfile.lock. Run 'pod install' or update your CocoaPods installation.\" >&2\n    exit 1\nfi\n";
			showEnvVarsInLog = 0;
		};
		C23EB03A1D4648E100D3E0AC /* Write local IP address */ = {
			isa = PBXShellScriptBuildPhase;
			buildActionMask = 2147483647;
			files = (
			);
			inputPaths = (
			);
			name = "Write local IP address";
			outputPaths = (
			);
			runOnlyForDeploymentPostprocessing = 0;
			shellPath = /bin/sh;
			shellScript = "LOCAL_IP_ADDR=$(ipconfig getifaddr $(netstat -f inet -rant | awk '/default/ { print $6; exit }'))\necho \"let localIPAddress = \\\"$LOCAL_IP_ADDR\\\"\" > \"$SRCROOT/RealmTasks Shared/LocalIPAddress.swift\"";
		};
		C2E472211D3FDFDB00276542 /* Write local IP address */ = {
			isa = PBXShellScriptBuildPhase;
			buildActionMask = 2147483647;
			files = (
			);
			inputPaths = (
			);
			name = "Write local IP address";
			outputPaths = (
			);
			runOnlyForDeploymentPostprocessing = 0;
			shellPath = /bin/sh;
			shellScript = "LOCAL_IP_ADDR=$(ipconfig getifaddr $(netstat -f inet -rant | awk '/default/ { print $6; exit }'))\necho \"let localIPAddress = \\\"${LOCAL_IP_ADDR:-127.0.0.1}\\\"\" > \"$SRCROOT/RealmTasks Shared/LocalIPAddress.swift\"\n";
			showEnvVarsInLog = 0;
		};
		F27998141CF9201225AF6BF3 /* [CP] Copy Pods Resources */ = {
			isa = PBXShellScriptBuildPhase;
			buildActionMask = 2147483647;
			files = (
			);
			inputPaths = (
			);
			name = "[CP] Copy Pods Resources";
			outputPaths = (
			);
			runOnlyForDeploymentPostprocessing = 0;
			shellPath = /bin/sh;
			shellScript = "\"${SRCROOT}/Pods/Target Support Files/Pods-RealmTasks-RealmTasks iOS/Pods-RealmTasks-RealmTasks iOS-resources.sh\"\n";
			showEnvVarsInLog = 0;
		};
/* End PBXShellScriptBuildPhase section */

/* Begin PBXSourcesBuildPhase section */
		143C81DB1D65D1AA00E872E6 /* Sources */ = {
			isa = PBXSourcesBuildPhase;
			buildActionMask = 2147483647;
			files = (
				143C81E21D65D1AA00E872E6 /* RealmTasksTests.swift in Sources */,
			);
			runOnlyForDeploymentPostprocessing = 0;
		};
		C23EB0191D46329400D3E0AC /* Sources */ = {
			isa = PBXSourcesBuildPhase;
			buildActionMask = 2147483647;
			files = (
				C23EB05B1D4655A900D3E0AC /* TaskCellView.swift in Sources */,
				C23EB0591D46535F00D3E0AC /* ListViewController.swift in Sources */,
				C277A6F31D8035B300DED239 /* ContainerViewController.swift in Sources */,
				C27B619F1DA7DFEC00B02EF3 /* ItemCellView.swift in Sources */,
				C28A34021D50A0C500EE8F1A /* LogInViewController.swift in Sources */,
				C23EB05D1D4A028A00D3E0AC /* NSView+Animations.swift in Sources */,
				C23EB0331D463A2C00D3E0AC /* RealmColor.swift in Sources */,
				C23EB0201D46329400D3E0AC /* AppDelegate.swift in Sources */,
				C23EB0391D4643B900D3E0AC /* Constants.swift in Sources */,
				C28A34051D50D19B00EE8F1A /* RegisterViewController.swift in Sources */,
				C2CFD00A1D915DAB00725B88 /* ColorView.swift in Sources */,
				C2E981E91DB4F27300288A2B /* NSAttributedString+Strikethrough.swift in Sources */,
				E8A1E6531D59368200D8B04A /* SharedFunctionality.swift in Sources */,
				C2CFD00C1D91660200725B88 /* NSView+TrackingAreas.swift in Sources */,
				C277A6F11D80329D00DED239 /* TitleView.swift in Sources */,
				C23EB0301D46364000D3E0AC /* Models.swift in Sources */,
				C23EB0321D46364000D3E0AC /* LocalIPAddress.swift in Sources */,
				C277A6F71D80646500DED239 /* ListCellView.swift in Sources */,
			);
			runOnlyForDeploymentPostprocessing = 0;
		};
		E84CF2AD1CBC408000082C1A /* Sources */ = {
			isa = PBXSourcesBuildPhase;
			buildActionMask = 2147483647;
			files = (
				220C334A1D3DE1F40043A885 /* OnboardView.swift in Sources */,
				C2E472201D3FDF2E00276542 /* LocalIPAddress.swift in Sources */,
				225201A61D3DD648009E45FA /* ViewController.swift in Sources */,
				22092D861D5C5BCB0016E757 /* NavHintView.swift in Sources */,
				225201A51D3DD648009E45FA /* CellTextView.swift in Sources */,
				E8A1E6521D59360A00D8B04A /* SharedFunctionality.swift in Sources */,
				9C24AA071D8FEEB500192CE3 /* CellPresenter.swift in Sources */,
				C23EB0381D4643B900D3E0AC /* Constants.swift in Sources */,
				225201A31D3DD648009E45FA /* TableViewCell.swift in Sources */,
				E8A1E6501D59354500D8B04A /* ContainerViewController.swift in Sources */,
				9C24AA0D1D8FFEA200192CE3 /* ListPresenter.swift in Sources */,
				9CDF4F1F1D9E745300EC051B /* UIView+constraints.swift in Sources */,
				2252019E1D3DD648009E45FA /* AppDelegate.swift in Sources */,
				229372151E4D5D7800B2E2A1 /* FooterView.swift in Sources */,
				9CDF4F1D1D9E73AF00EC051B /* ViewControllerProtocol.swift in Sources */,
				22B9ADD41E44857300E81E66 /* UIImage+Icons.swift in Sources */,
				225201A41D3DD648009E45FA /* Models.swift in Sources */,
				225201A21D3DD648009E45FA /* RealmColor.swift in Sources */,
				9C24AA0B1D8FFC0400192CE3 /* TablePresenter.swift in Sources */,
				C2E981E81DB4F27300288A2B /* NSAttributedString+Strikethrough.swift in Sources */,
			);
			runOnlyForDeploymentPostprocessing = 0;
		};
/* End PBXSourcesBuildPhase section */

/* Begin PBXTargetDependency section */
		143C81E51D65D1AA00E872E6 /* PBXTargetDependency */ = {
			isa = PBXTargetDependency;
			target = E84CF2B01CBC408000082C1A /* RealmTasks iOS */;
			targetProxy = 143C81E41D65D1AA00E872E6 /* PBXContainerItemProxy */;
		};
/* End PBXTargetDependency section */

/* Begin PBXVariantGroup section */
		225201961D3DD648009E45FA /* LaunchScreen.storyboard */ = {
			isa = PBXVariantGroup;
			children = (
				225201971D3DD648009E45FA /* Base */,
			);
			name = LaunchScreen.storyboard;
			sourceTree = "<group>";
		};
/* End PBXVariantGroup section */

/* Begin XCBuildConfiguration section */
		143C81E61D65D1AA00E872E6 /* Debug */ = {
			isa = XCBuildConfiguration;
			baseConfigurationReference = 0AA4D2E06BB2A484E9D2DBF4 /* Pods-RealmTasks-RealmTasks iOS Tests.debug.xcconfig */;
			buildSettings = {
				ALWAYS_EMBED_SWIFT_STANDARD_LIBRARIES = YES;
				BUNDLE_LOADER = "$(TEST_HOST)";
				"CODE_SIGN_IDENTITY[sdk=iphoneos*]" = "iPhone Developer";
				INFOPLIST_FILE = "RealmTasks iOS Tests/Info.plist";
				LD_RUNPATH_SEARCH_PATHS = "$(inherited) @executable_path/Frameworks @loader_path/Frameworks";
				PRODUCT_BUNDLE_IDENTIFIER = "io.realm.RealmTasks-iOS-Tests";
				PRODUCT_NAME = "$(TARGET_NAME)";
				TEST_HOST = "$(BUILT_PRODUCTS_DIR)/RealmTasks.app/RealmTasks";
			};
			name = Debug;
		};
		143C81E71D65D1AA00E872E6 /* Release */ = {
			isa = XCBuildConfiguration;
			baseConfigurationReference = 36D73C99E80DFD3FBBEC671A /* Pods-RealmTasks-RealmTasks iOS Tests.release.xcconfig */;
			buildSettings = {
				ALWAYS_EMBED_SWIFT_STANDARD_LIBRARIES = YES;
				BUNDLE_LOADER = "$(TEST_HOST)";
				"CODE_SIGN_IDENTITY[sdk=iphoneos*]" = "iPhone Developer";
				INFOPLIST_FILE = "RealmTasks iOS Tests/Info.plist";
				LD_RUNPATH_SEARCH_PATHS = "$(inherited) @executable_path/Frameworks @loader_path/Frameworks";
				PRODUCT_BUNDLE_IDENTIFIER = "io.realm.RealmTasks-iOS-Tests";
				PRODUCT_NAME = "$(TARGET_NAME)";
				TEST_HOST = "$(BUILT_PRODUCTS_DIR)/RealmTasks.app/RealmTasks";
			};
			name = Release;
		};
		C23EB0281D46329400D3E0AC /* Debug */ = {
			isa = XCBuildConfiguration;
			baseConfigurationReference = D537CB852E108EDC2E48B670 /* Pods-RealmTasks-RealmTasks macOS.debug.xcconfig */;
			buildSettings = {
				ALWAYS_EMBED_SWIFT_STANDARD_LIBRARIES = YES;
				ASSETCATALOG_COMPILER_APPICON_NAME = AppIcon;
				CODE_SIGN_ENTITLEMENTS = "RealmTasks macOS/RealmTasks-macOS.entitlements";
				CODE_SIGN_IDENTITY = "-";
				COMBINE_HIDPI_IMAGES = YES;
				INFOPLIST_FILE = "$(SRCROOT)/$(TARGET_NAME)/Info.plist";
				LD_RUNPATH_SEARCH_PATHS = "$(inherited) @executable_path/../Frameworks";
				MACOSX_DEPLOYMENT_TARGET = 10.10;
				PRODUCT_BUNDLE_IDENTIFIER = io.realm.realmtasks.macos;
				SDKROOT = macosx;
			};
			name = Debug;
		};
		C23EB0291D46329400D3E0AC /* Release */ = {
			isa = XCBuildConfiguration;
			baseConfigurationReference = F3A327E1424F6C7BA7E2D7C8 /* Pods-RealmTasks-RealmTasks macOS.release.xcconfig */;
			buildSettings = {
				ALWAYS_EMBED_SWIFT_STANDARD_LIBRARIES = YES;
				ASSETCATALOG_COMPILER_APPICON_NAME = AppIcon;
				CODE_SIGN_ENTITLEMENTS = "RealmTasks macOS/RealmTasks-macOS.entitlements";
				CODE_SIGN_IDENTITY = "-";
				COMBINE_HIDPI_IMAGES = YES;
				INFOPLIST_FILE = "$(SRCROOT)/$(TARGET_NAME)/Info.plist";
				LD_RUNPATH_SEARCH_PATHS = "$(inherited) @executable_path/../Frameworks";
				MACOSX_DEPLOYMENT_TARGET = 10.10;
				PRODUCT_BUNDLE_IDENTIFIER = io.realm.realmtasks.macos;
				SDKROOT = macosx;
			};
			name = Release;
		};
		E84CF2CC1CBC408000082C1A /* Debug */ = {
			isa = XCBuildConfiguration;
			buildSettings = {
				ALWAYS_SEARCH_USER_PATHS = NO;
				CLANG_ANALYZER_NONNULL = YES;
				CLANG_CXX_LANGUAGE_STANDARD = "gnu++0x";
				CLANG_CXX_LIBRARY = "libc++";
				CLANG_ENABLE_MODULES = YES;
				CLANG_ENABLE_OBJC_ARC = YES;
				CLANG_WARN_BOOL_CONVERSION = YES;
				CLANG_WARN_CONSTANT_CONVERSION = YES;
				CLANG_WARN_DIRECT_OBJC_ISA_USAGE = YES_ERROR;
				CLANG_WARN_EMPTY_BODY = YES;
				CLANG_WARN_ENUM_CONVERSION = YES;
				CLANG_WARN_INFINITE_RECURSION = YES;
				CLANG_WARN_INT_CONVERSION = YES;
				CLANG_WARN_OBJC_ROOT_CLASS = YES_ERROR;
				CLANG_WARN_SUSPICIOUS_MOVE = YES;
				CLANG_WARN_UNREACHABLE_CODE = YES;
				CLANG_WARN__DUPLICATE_METHOD_MATCH = YES;
				CODE_SIGN_IDENTITY = "Mac Developer";
				COPY_PHASE_STRIP = NO;
				DEBUG_INFORMATION_FORMAT = dwarf;
				ENABLE_STRICT_OBJC_MSGSEND = YES;
				ENABLE_TESTABILITY = YES;
				GCC_C_LANGUAGE_STANDARD = gnu99;
				GCC_DYNAMIC_NO_PIC = NO;
				GCC_NO_COMMON_BLOCKS = YES;
				GCC_OPTIMIZATION_LEVEL = 0;
				GCC_PREPROCESSOR_DEFINITIONS = (
					"DEBUG=1",
					"$(inherited)",
				);
				GCC_WARN_64_TO_32_BIT_CONVERSION = YES;
				GCC_WARN_ABOUT_RETURN_TYPE = YES_ERROR;
				GCC_WARN_UNDECLARED_SELECTOR = YES;
				GCC_WARN_UNINITIALIZED_AUTOS = YES_AGGRESSIVE;
				GCC_WARN_UNUSED_FUNCTION = YES;
				GCC_WARN_UNUSED_VARIABLE = YES;
				MTL_ENABLE_DEBUG_INFO = YES;
				ONLY_ACTIVE_ARCH = YES;
				OTHER_SWIFT_FLAGS = "-DDEBUG";
				PRODUCT_NAME = RealmTasks;
				SWIFT_OPTIMIZATION_LEVEL = "-Onone";
				SWIFT_VERSION = 3.0;
			};
			name = Debug;
		};
		E84CF2CD1CBC408000082C1A /* Release */ = {
			isa = XCBuildConfiguration;
			buildSettings = {
				ALWAYS_SEARCH_USER_PATHS = NO;
				CLANG_ANALYZER_NONNULL = YES;
				CLANG_CXX_LANGUAGE_STANDARD = "gnu++0x";
				CLANG_CXX_LIBRARY = "libc++";
				CLANG_ENABLE_MODULES = YES;
				CLANG_ENABLE_OBJC_ARC = YES;
				CLANG_WARN_BOOL_CONVERSION = YES;
				CLANG_WARN_CONSTANT_CONVERSION = YES;
				CLANG_WARN_DIRECT_OBJC_ISA_USAGE = YES_ERROR;
				CLANG_WARN_EMPTY_BODY = YES;
				CLANG_WARN_ENUM_CONVERSION = YES;
				CLANG_WARN_INFINITE_RECURSION = YES;
				CLANG_WARN_INT_CONVERSION = YES;
				CLANG_WARN_OBJC_ROOT_CLASS = YES_ERROR;
				CLANG_WARN_SUSPICIOUS_MOVE = YES;
				CLANG_WARN_UNREACHABLE_CODE = YES;
				CLANG_WARN__DUPLICATE_METHOD_MATCH = YES;
				CODE_SIGN_IDENTITY = "Mac Developer";
				COPY_PHASE_STRIP = NO;
				DEBUG_INFORMATION_FORMAT = "dwarf-with-dsym";
				ENABLE_NS_ASSERTIONS = NO;
				ENABLE_STRICT_OBJC_MSGSEND = YES;
				GCC_C_LANGUAGE_STANDARD = gnu99;
				GCC_NO_COMMON_BLOCKS = YES;
				GCC_WARN_64_TO_32_BIT_CONVERSION = YES;
				GCC_WARN_ABOUT_RETURN_TYPE = YES_ERROR;
				GCC_WARN_UNDECLARED_SELECTOR = YES;
				GCC_WARN_UNINITIALIZED_AUTOS = YES_AGGRESSIVE;
				GCC_WARN_UNUSED_FUNCTION = YES;
				GCC_WARN_UNUSED_VARIABLE = YES;
				MTL_ENABLE_DEBUG_INFO = NO;
				PRODUCT_NAME = RealmTasks;
				SWIFT_OPTIMIZATION_LEVEL = "-Owholemodule";
				SWIFT_VERSION = 3.0;
				VALIDATE_PRODUCT = YES;
			};
			name = Release;
		};
		E84CF2CF1CBC408000082C1A /* Debug */ = {
			isa = XCBuildConfiguration;
			baseConfigurationReference = 0DFE6C7EF9CCDB37848E6721 /* Pods-RealmTasks-RealmTasks iOS.debug.xcconfig */;
			buildSettings = {
				ALWAYS_EMBED_SWIFT_STANDARD_LIBRARIES = YES;
				ASSETCATALOG_COMPILER_APPICON_NAME = AppIcon;
				CODE_SIGN_IDENTITY = "iPhone Developer";
				DEVELOPMENT_TEAM = 4XL3X97RQ3;
				INFOPLIST_FILE = "$(SRCROOT)/$(TARGET_NAME)/Info.plist";
				IPHONEOS_DEPLOYMENT_TARGET = 9.3;
				LD_RUNPATH_SEARCH_PATHS = "$(inherited) @executable_path/Frameworks";
				PRODUCT_BUNDLE_IDENTIFIER = io.realm.realmtasks.ios;
				SDKROOT = iphoneos;
				TARGETED_DEVICE_FAMILY = "1,2";
			};
			name = Debug;
		};
		E84CF2D01CBC408000082C1A /* Release */ = {
			isa = XCBuildConfiguration;
			baseConfigurationReference = 12658D517EFD85331DC2F783 /* Pods-RealmTasks-RealmTasks iOS.release.xcconfig */;
			buildSettings = {
				ALWAYS_EMBED_SWIFT_STANDARD_LIBRARIES = YES;
				ASSETCATALOG_COMPILER_APPICON_NAME = AppIcon;
				CODE_SIGN_IDENTITY = "iPhone Distribution: TIGHTDB INC";
				DEVELOPMENT_TEAM = 4XL3X97RQ3;
				INFOPLIST_FILE = "$(SRCROOT)/$(TARGET_NAME)/Info.plist";
				IPHONEOS_DEPLOYMENT_TARGET = 9.3;
				LD_RUNPATH_SEARCH_PATHS = "$(inherited) @executable_path/Frameworks";
				PRODUCT_BUNDLE_IDENTIFIER = io.realm.realmtasks.ios;
				SDKROOT = iphoneos;
				TARGETED_DEVICE_FAMILY = "1,2";
			};
			name = Release;
		};
/* End XCBuildConfiguration section */

/* Begin XCConfigurationList section */
		143C81E81D65D1AA00E872E6 /* Build configuration list for PBXNativeTarget "RealmTasks iOS Tests" */ = {
			isa = XCConfigurationList;
			buildConfigurations = (
				143C81E61D65D1AA00E872E6 /* Debug */,
				143C81E71D65D1AA00E872E6 /* Release */,
			);
			defaultConfigurationIsVisible = 0;
			defaultConfigurationName = Release;
		};
		C23EB0271D46329400D3E0AC /* Build configuration list for PBXNativeTarget "RealmTasks macOS" */ = {
			isa = XCConfigurationList;
			buildConfigurations = (
				C23EB0281D46329400D3E0AC /* Debug */,
				C23EB0291D46329400D3E0AC /* Release */,
			);
			defaultConfigurationIsVisible = 0;
			defaultConfigurationName = Release;
		};
		E84CF2AC1CBC408000082C1A /* Build configuration list for PBXProject "RealmTasks" */ = {
			isa = XCConfigurationList;
			buildConfigurations = (
				E84CF2CC1CBC408000082C1A /* Debug */,
				E84CF2CD1CBC408000082C1A /* Release */,
			);
			defaultConfigurationIsVisible = 0;
			defaultConfigurationName = Release;
		};
		E84CF2CE1CBC408000082C1A /* Build configuration list for PBXNativeTarget "RealmTasks iOS" */ = {
			isa = XCConfigurationList;
			buildConfigurations = (
				E84CF2CF1CBC408000082C1A /* Debug */,
				E84CF2D01CBC408000082C1A /* Release */,
			);
			defaultConfigurationIsVisible = 0;
			defaultConfigurationName = Release;
		};
/* End XCConfigurationList section */
	};
	rootObject = E84CF2A91CBC408000082C1A /* Project object */;
}
