PODS:
  - Cartography (2.0.0)
  - Realm (3.7.6):
    - Realm/Headers (= 3.7.6)
  - Realm/Headers (3.7.6)
  - RealmLoginKit (0.1.3):
    - Realm
    - RealmLoginKit/Core (= 0.1.3)
    - TORoundedTableView
  - RealmLoginKit/Core (0.1.3):
    - Realm
    - TORoundedTableView
  - RealmSwift (3.7.6):
    - Realm (= 3.7.6)
  - SwiftLint (0.23.1)
  - TORoundedTableView (0.1.3)

DEPENDENCIES:
  - Cartography (~> 2.0.0)
  - "RealmLoginKit (from `https://raw.githubusercontent.com/realm-demos/realm-loginkit/master/RealmLoginKit%20Apple/RealmLoginKit.podspec`)"
  - RealmSwift (~> 3.7)
  - SwiftLint (= 0.23.1)

SPEC REPOS:
  https://github.com/cocoapods/specs.git:
    - Cartography
    - Realm
    - RealmSwift
    - SwiftLint
    - TORoundedTableView

EXTERNAL SOURCES:
  RealmLoginKit:
    :branch: to/swift-4
    :podspec: "https://raw.githubusercontent.com/realm-demos/realm-loginkit/master/RealmLoginKit%20Apple/RealmLoginKit.podspec"

SPEC CHECKSUMS:
  Cartography: d295eb25ab54bb57eecd8c2f04e9648c850f1281
  Realm: 9eaecad54712d6246d08ba34c10f354e4715d7d3
  RealmLoginKit: 41a2fc61f3fa294e35c786b751133b1744f4d640
  RealmSwift: 1fe08b4ebaeeaacf17f9ba0343f7b25c9fc31fa6
  SwiftLint: 1b670ce79284c76520f84060e87d645078fd32fa
  TORoundedTableView: cd1437ef81ab3888dea8c06d2dfe4795bcaac768

PODFILE CHECKSUM: dbe94ece33d4b48697fc96f1f0c78183cef4d0ce

COCOAPODS: 1.5.3
