PODS:
  - Cartography (0.7.0)
  - Realm (2.1.0):
    - Realm/Headers (= 2.1.0)
  - Realm/Headers (2.1.0)
  - RealmSwift (2.1.0):
    - Realm (= 2.1.0)

DEPENDENCIES:
  - Cartography (~> 0.7)
  - RealmSwift (~> 2.1.0)

SPEC CHECKSUMS:
  Cartography: dd6044b6fe352252f68b648df5bff47841e591cc
  Realm: bc829ad0ef3d4eea70c34cfcc3b1704d18d50df1
  RealmSwift: a4d4abbf0088c337cab5b738054395842e4b3052

PODFILE CHECKSUM: 60481898c7d0afa0783625490d7c26082dff8331

COCOAPODS: 1.1.1
