// !$*UTF8*$!
{
	archiveVersion = 1;
	classes = {
	};
	objectVersion = 46;
	objects = {

/* Begin PBXBuildFile section */
		2212D5BD1D19E0700017CBC4 /* Realm.framework in Frameworks */ = {isa = PBXBuildFile; fileRef = 2212D5BC1D19E0700017CBC4 /* Realm.framework */; };
		2252019E1D3DD648009E45FA /* AppDelegate.swift in Sources */ = {isa = PBXBuildFile; fileRef = 225201941D3DD648009E45FA /* AppDelegate.swift */; };
		2252019F1D3DD648009E45FA /* Assets.xcassets in Resources */ = {isa = PBXBuildFile; fileRef = 225201951D3DD648009E45FA /* Assets.xcassets */; };
		225201A01D3DD648009E45FA /* LaunchScreen.storyboard in Resources */ = {isa = PBXBuildFile; fileRef = 225201961D3DD648009E45FA /* LaunchScreen.storyboard */; };
		225201A11D3DD648009E45FA /* Info.plist in Resources */ = {isa = PBXBuildFile; fileRef = 225201981D3DD648009E45FA /* Info.plist */; };
		225201A21D3DD648009E45FA /* RealmColor.swift in Sources */ = {isa = PBXBuildFile; fileRef = 225201991D3DD648009E45FA /* RealmColor.swift */; };
		225201A31D3DD648009E45FA /* TableViewCell.swift in Sources */ = {isa = PBXBuildFile; fileRef = 2252019A1D3DD648009E45FA /* TableViewCell.swift */; };
		225201A41D3DD648009E45FA /* ToDoItem.swift in Sources */ = {isa = PBXBuildFile; fileRef = 2252019B1D3DD648009E45FA /* ToDoItem.swift */; };
		225201A51D3DD648009E45FA /* ToDoTextView.swift in Sources */ = {isa = PBXBuildFile; fileRef = 2252019C1D3DD648009E45FA /* ToDoTextView.swift */; };
		225201A61D3DD648009E45FA /* ViewController.swift in Sources */ = {isa = PBXBuildFile; fileRef = 2252019D1D3DD648009E45FA /* ViewController.swift */; };
		225201AA1D3DD65F009E45FA /* Info.plist in Resources */ = {isa = PBXBuildFile; fileRef = 225201A81D3DD65F009E45FA /* Info.plist */; };
		225201AB1D3DD65F009E45FA /* RealmTasksTests.swift in Sources */ = {isa = PBXBuildFile; fileRef = 225201A91D3DD65F009E45FA /* RealmTasksTests.swift */; };
		CE1E24E26EF88DC57CA26949 /* Pods_RealmTasks.framework in Frameworks */ = {isa = PBXBuildFile; fileRef = A99F5D1A2E003C49C7B29E93 /* Pods_RealmTasks.framework */; };
/* End PBXBuildFile section */

/* Begin PBXContainerItemProxy section */
		E84CF2C61CBC408000082C1A /* PBXContainerItemProxy */ = {
			isa = PBXContainerItemProxy;
			containerPortal = E84CF2A91CBC408000082C1A /* Project object */;
			proxyType = 1;
			remoteGlobalIDString = E84CF2B01CBC408000082C1A;
			remoteInfo = RealmClear;
		};
/* End PBXContainerItemProxy section */

/* Begin PBXFileReference section */
		2212D5BC1D19E0700017CBC4 /* Realm.framework */ = {isa = PBXFileReference; lastKnownFileType = wrapper.framework; name = Realm.framework; path = "Pods/Realm/ios/static/xcode-7/Realm.framework"; sourceTree = "<group>"; };
		225201941D3DD648009E45FA /* AppDelegate.swift */ = {isa = PBXFileReference; fileEncoding = 4; lastKnownFileType = sourcecode.swift; path = AppDelegate.swift; sourceTree = "<group>"; };
		225201951D3DD648009E45FA /* Assets.xcassets */ = {isa = PBXFileReference; lastKnownFileType = folder.assetcatalog; path = Assets.xcassets; sourceTree = "<group>"; };
		225201971D3DD648009E45FA /* Base */ = {isa = PBXFileReference; lastKnownFileType = file.storyboard; name = Base; path = Base.lproj/LaunchScreen.storyboard; sourceTree = "<group>"; };
		225201981D3DD648009E45FA /* Info.plist */ = {isa = PBXFileReference; fileEncoding = 4; lastKnownFileType = text.plist.xml; path = Info.plist; sourceTree = "<group>"; };
		225201991D3DD648009E45FA /* RealmColor.swift */ = {isa = PBXFileReference; fileEncoding = 4; lastKnownFileType = sourcecode.swift; path = RealmColor.swift; sourceTree = "<group>"; };
		2252019A1D3DD648009E45FA /* TableViewCell.swift */ = {isa = PBXFileReference; fileEncoding = 4; lastKnownFileType = sourcecode.swift; path = TableViewCell.swift; sourceTree = "<group>"; };
		2252019B1D3DD648009E45FA /* ToDoItem.swift */ = {isa = PBXFileReference; fileEncoding = 4; lastKnownFileType = sourcecode.swift; path = ToDoItem.swift; sourceTree = "<group>"; };
		2252019C1D3DD648009E45FA /* ToDoTextView.swift */ = {isa = PBXFileReference; fileEncoding = 4; lastKnownFileType = sourcecode.swift; path = ToDoTextView.swift; sourceTree = "<group>"; };
		2252019D1D3DD648009E45FA /* ViewController.swift */ = {isa = PBXFileReference; fileEncoding = 4; lastKnownFileType = sourcecode.swift; path = ViewController.swift; sourceTree = "<group>"; };
		225201A81D3DD65F009E45FA /* Info.plist */ = {isa = PBXFileReference; fileEncoding = 4; lastKnownFileType = text.plist.xml; path = Info.plist; sourceTree = "<group>"; };
		225201A91D3DD65F009E45FA /* RealmTasksTests.swift */ = {isa = PBXFileReference; fileEncoding = 4; lastKnownFileType = sourcecode.swift; path = RealmTasksTests.swift; sourceTree = "<group>"; };
		2FB66A984400EA7242A983B0 /* Pods-RealmTasks.release.xcconfig */ = {isa = PBXFileReference; includeInIndex = 1; lastKnownFileType = text.xcconfig; name = "Pods-RealmTasks.release.xcconfig"; path = "Pods/Target Support Files/Pods-RealmTasks/Pods-RealmTasks.release.xcconfig"; sourceTree = "<group>"; };
		A99F5D1A2E003C49C7B29E93 /* Pods_RealmTasks.framework */ = {isa = PBXFileReference; explicitFileType = wrapper.framework; includeInIndex = 0; path = Pods_RealmTasks.framework; sourceTree = BUILT_PRODUCTS_DIR; };
		C3834DC69B700E02514CA084 /* Pods-RealmTasks.debug.xcconfig */ = {isa = PBXFileReference; includeInIndex = 1; lastKnownFileType = text.xcconfig; name = "Pods-RealmTasks.debug.xcconfig"; path = "Pods/Target Support Files/Pods-RealmTasks/Pods-RealmTasks.debug.xcconfig"; sourceTree = "<group>"; };
		E84CF2B11CBC408000082C1A /* RealmTasks.app */ = {isa = PBXFileReference; explicitFileType = wrapper.application; includeInIndex = 0; path = RealmTasks.app; sourceTree = BUILT_PRODUCTS_DIR; };
		E84CF2C51CBC408000082C1A /* RealmTasks.xctest */ = {isa = PBXFileReference; explicitFileType = wrapper.cfbundle; includeInIndex = 0; path = RealmTasks.xctest; sourceTree = BUILT_PRODUCTS_DIR; };
/* End PBXFileReference section */

/* Begin PBXFrameworksBuildPhase section */
		E84CF2AE1CBC408000082C1A /* Frameworks */ = {
			isa = PBXFrameworksBuildPhase;
			buildActionMask = 2147483647;
			files = (
				2212D5BD1D19E0700017CBC4 /* Realm.framework in Frameworks */,
				CE1E24E26EF88DC57CA26949 /* Pods_RealmTasks.framework in Frameworks */,
			);
			runOnlyForDeploymentPostprocessing = 0;
		};
		E84CF2C21CBC408000082C1A /* Frameworks */ = {
			isa = PBXFrameworksBuildPhase;
			buildActionMask = 2147483647;
			files = (
			);
			runOnlyForDeploymentPostprocessing = 0;
		};
/* End PBXFrameworksBuildPhase section */

/* Begin PBXGroup section */
		1ED0F95C06DEF9F632FF9C5E /* Pods */ = {
			isa = PBXGroup;
			children = (
				C3834DC69B700E02514CA084 /* Pods-RealmTasks.debug.xcconfig */,
				2FB66A984400EA7242A983B0 /* Pods-RealmTasks.release.xcconfig */,
			);
			name = Pods;
			sourceTree = "<group>";
		};
		20DDCD0E2C347EB88F402A75 /* Frameworks */ = {
			isa = PBXGroup;
			children = (
				2212D5BC1D19E0700017CBC4 /* Realm.framework */,
				A99F5D1A2E003C49C7B29E93 /* Pods_RealmTasks.framework */,
			);
			name = Frameworks;
			sourceTree = "<group>";
		};
		225201931D3DD648009E45FA /* RealmTasks */ = {
			isa = PBXGroup;
			children = (
				225201941D3DD648009E45FA /* AppDelegate.swift */,
				225201951D3DD648009E45FA /* Assets.xcassets */,
				225201961D3DD648009E45FA /* LaunchScreen.storyboard */,
				225201981D3DD648009E45FA /* Info.plist */,
				225201991D3DD648009E45FA /* RealmColor.swift */,
				2252019A1D3DD648009E45FA /* TableViewCell.swift */,
				2252019B1D3DD648009E45FA /* ToDoItem.swift */,
				2252019C1D3DD648009E45FA /* ToDoTextView.swift */,
				2252019D1D3DD648009E45FA /* ViewController.swift */,
			);
			path = RealmTasks;
			sourceTree = "<group>";
		};
		225201A71D3DD65F009E45FA /* RealmTasksTests */ = {
			isa = PBXGroup;
			children = (
				225201A81D3DD65F009E45FA /* Info.plist */,
				225201A91D3DD65F009E45FA /* RealmTasksTests.swift */,
			);
			path = RealmTasksTests;
			sourceTree = "<group>";
		};
		E84CF2A81CBC408000082C1A = {
			isa = PBXGroup;
			children = (
				225201931D3DD648009E45FA /* RealmTasks */,
				225201A71D3DD65F009E45FA /* RealmTasksTests */,
				E84CF2B21CBC408000082C1A /* Products */,
				20DDCD0E2C347EB88F402A75 /* Frameworks */,
				1ED0F95C06DEF9F632FF9C5E /* Pods */,
			);
			sourceTree = "<group>";
		};
		E84CF2B21CBC408000082C1A /* Products */ = {
			isa = PBXGroup;
			children = (
				E84CF2B11CBC408000082C1A /* RealmTasks.app */,
				E84CF2C51CBC408000082C1A /* RealmTasks.xctest */,
			);
			name = Products;
			sourceTree = "<group>";
		};
/* End PBXGroup section */

/* Begin PBXNativeTarget section */
		E84CF2B01CBC408000082C1A /* RealmTasks */ = {
			isa = PBXNativeTarget;
			buildConfigurationList = E84CF2CE1CBC408000082C1A /* Build configuration list for PBXNativeTarget "RealmTasks" */;
			buildPhases = (
				35F4D05D72F0BCD961216D94 /* [CP] Check Pods Manifest.lock */,
				E84CF2AD1CBC408000082C1A /* Sources */,
				E84CF2AE1CBC408000082C1A /* Frameworks */,
				E84CF2AF1CBC408000082C1A /* Resources */,
				ACBBCF75C70A42D21B9BAF61 /* [CP] Embed Pods Frameworks */,
				96BCB93C57BBBCB3E5DA568B /* [CP] Copy Pods Resources */,
			);
			buildRules = (
			);
			dependencies = (
			);
			name = RealmTasks;
			productName = RealmClear;
			productReference = E84CF2B11CBC408000082C1A /* RealmTasks.app */;
			productType = "com.apple.product-type.application";
		};
		E84CF2C41CBC408000082C1A /* RealmTasksTests */ = {
			isa = PBXNativeTarget;
			buildConfigurationList = E84CF2D11CBC408000082C1A /* Build configuration list for PBXNativeTarget "RealmTasksTests" */;
			buildPhases = (
				E84CF2C11CBC408000082C1A /* Sources */,
				E84CF2C21CBC408000082C1A /* Frameworks */,
				E84CF2C31CBC408000082C1A /* Resources */,
			);
			buildRules = (
			);
			dependencies = (
				E84CF2C71CBC408000082C1A /* PBXTargetDependency */,
			);
			name = RealmTasksTests;
			productName = RealmClearTests;
			productReference = E84CF2C51CBC408000082C1A /* RealmTasks.xctest */;
			productType = "com.apple.product-type.bundle.unit-test";
		};
/* End PBXNativeTarget section */

/* Begin PBXProject section */
		E84CF2A91CBC408000082C1A /* Project object */ = {
			isa = PBXProject;
			attributes = {
				LastSwiftUpdateCheck = 0730;
				LastUpgradeCheck = 0730;
				ORGANIZATIONNAME = Realm;
				TargetAttributes = {
					E84CF2B01CBC408000082C1A = {
						CreatedOnToolsVersion = 7.3;
					};
					E84CF2C41CBC408000082C1A = {
						CreatedOnToolsVersion = 7.3;
						TestTargetID = E84CF2B01CBC408000082C1A;
					};
				};
			};
			buildConfigurationList = E84CF2AC1CBC408000082C1A /* Build configuration list for PBXProject "RealmTasks" */;
			compatibilityVersion = "Xcode 3.2";
			developmentRegion = English;
			hasScannedForEncodings = 0;
			knownRegions = (
				en,
				Base,
			);
			mainGroup = E84CF2A81CBC408000082C1A;
			productRefGroup = E84CF2B21CBC408000082C1A /* Products */;
			projectDirPath = "";
			projectRoot = "";
			targets = (
				E84CF2B01CBC408000082C1A /* RealmTasks */,
				E84CF2C41CBC408000082C1A /* RealmTasksTests */,
			);
		};
/* End PBXProject section */

/* Begin PBXResourcesBuildPhase section */
		E84CF2AF1CBC408000082C1A /* Resources */ = {
			isa = PBXResourcesBuildPhase;
			buildActionMask = 2147483647;
			files = (
				2252019F1D3DD648009E45FA /* Assets.xcassets in Resources */,
				225201A01D3DD648009E45FA /* LaunchScreen.storyboard in Resources */,
				225201A11D3DD648009E45FA /* Info.plist in Resources */,
			);
			runOnlyForDeploymentPostprocessing = 0;
		};
		E84CF2C31CBC408000082C1A /* Resources */ = {
			isa = PBXResourcesBuildPhase;
			buildActionMask = 2147483647;
			files = (
				225201AA1D3DD65F009E45FA /* Info.plist in Resources */,
			);
			runOnlyForDeploymentPostprocessing = 0;
		};
/* End PBXResourcesBuildPhase section */

/* Begin PBXShellScriptBuildPhase section */
		35F4D05D72F0BCD961216D94 /* [CP] Check Pods Manifest.lock */ = {
			isa = PBXShellScriptBuildPhase;
			buildActionMask = 2147483647;
			files = (
			);
			inputPaths = (
			);
			name = "[CP] Check Pods Manifest.lock";
			outputPaths = (
			);
			runOnlyForDeploymentPostprocessing = 0;
			shellPath = /bin/sh;
			shellScript = "diff \"${PODS_ROOT}/../Podfile.lock\" \"${PODS_ROOT}/Manifest.lock\" > /dev/null\nif [[ $? != 0 ]] ; then\n    cat << EOM\nerror: The sandbox is not in sync with the Podfile.lock. Run 'pod install' or update your CocoaPods installation.\nEOM\n    exit 1\nfi\n";
			showEnvVarsInLog = 0;
		};
		96BCB93C57BBBCB3E5DA568B /* [CP] Copy Pods Resources */ = {
			isa = PBXShellScriptBuildPhase;
			buildActionMask = 2147483647;
			files = (
			);
			inputPaths = (
			);
			name = "[CP] Copy Pods Resources";
			outputPaths = (
			);
			runOnlyForDeploymentPostprocessing = 0;
			shellPath = /bin/sh;
			shellScript = "\"${SRCROOT}/Pods/Target Support Files/Pods-RealmTasks/Pods-RealmTasks-resources.sh\"\n";
			showEnvVarsInLog = 0;
		};
		ACBBCF75C70A42D21B9BAF61 /* [CP] Embed Pods Frameworks */ = {
			isa = PBXShellScriptBuildPhase;
			buildActionMask = 2147483647;
			files = (
			);
			inputPaths = (
			);
			name = "[CP] Embed Pods Frameworks";
			outputPaths = (
			);
			runOnlyForDeploymentPostprocessing = 0;
			shellPath = /bin/sh;
			shellScript = "\"${SRCROOT}/Pods/Target Support Files/Pods-RealmTasks/Pods-RealmTasks-frameworks.sh\"\n";
			showEnvVarsInLog = 0;
		};
/* End PBXShellScriptBuildPhase section */

/* Begin PBXSourcesBuildPhase section */
		E84CF2AD1CBC408000082C1A /* Sources */ = {
			isa = PBXSourcesBuildPhase;
			buildActionMask = 2147483647;
			files = (
				225201A61D3DD648009E45FA /* ViewController.swift in Sources */,
				225201A51D3DD648009E45FA /* ToDoTextView.swift in Sources */,
				225201A31D3DD648009E45FA /* TableViewCell.swift in Sources */,
				2252019E1D3DD648009E45FA /* AppDelegate.swift in Sources */,
				225201A41D3DD648009E45FA /* ToDoItem.swift in Sources */,
				225201A21D3DD648009E45FA /* RealmColor.swift in Sources */,
			);
			runOnlyForDeploymentPostprocessing = 0;
		};
		E84CF2C11CBC408000082C1A /* Sources */ = {
			isa = PBXSourcesBuildPhase;
			buildActionMask = 2147483647;
			files = (
				225201AB1D3DD65F009E45FA /* RealmTasksTests.swift in Sources */,
			);
			runOnlyForDeploymentPostprocessing = 0;
		};
/* End PBXSourcesBuildPhase section */

/* Begin PBXTargetDependency section */
		E84CF2C71CBC408000082C1A /* PBXTargetDependency */ = {
			isa = PBXTargetDependency;
			target = E84CF2B01CBC408000082C1A /* RealmTasks */;
			targetProxy = E84CF2C61CBC408000082C1A /* PBXContainerItemProxy */;
		};
/* End PBXTargetDependency section */

/* Begin PBXVariantGroup section */
		225201961D3DD648009E45FA /* LaunchScreen.storyboard */ = {
			isa = PBXVariantGroup;
			children = (
				225201971D3DD648009E45FA /* Base */,
			);
			name = LaunchScreen.storyboard;
			sourceTree = "<group>";
		};
/* End PBXVariantGroup section */

/* Begin XCBuildConfiguration section */
		E84CF2CC1CBC408000082C1A /* Debug */ = {
			isa = XCBuildConfiguration;
			buildSettings = {
				ALWAYS_SEARCH_USER_PATHS = NO;
				CLANG_ANALYZER_NONNULL = YES;
				CLANG_CXX_LANGUAGE_STANDARD = "gnu++0x";
				CLANG_CXX_LIBRARY = "libc++";
				CLANG_ENABLE_MODULES = YES;
				CLANG_ENABLE_OBJC_ARC = YES;
				CLANG_WARN_BOOL_CONVERSION = YES;
				CLANG_WARN_CONSTANT_CONVERSION = YES;
				CLANG_WARN_DIRECT_OBJC_ISA_USAGE = YES_ERROR;
				CLANG_WARN_EMPTY_BODY = YES;
				CLANG_WARN_ENUM_CONVERSION = YES;
				CLANG_WARN_INT_CONVERSION = YES;
				CLANG_WARN_OBJC_ROOT_CLASS = YES_ERROR;
				CLANG_WARN_UNREACHABLE_CODE = YES;
				CLANG_WARN__DUPLICATE_METHOD_MATCH = YES;
				"CODE_SIGN_IDENTITY[sdk=iphoneos*]" = "iPhone Developer";
				COPY_PHASE_STRIP = NO;
				DEBUG_INFORMATION_FORMAT = dwarf;
				ENABLE_STRICT_OBJC_MSGSEND = YES;
				ENABLE_TESTABILITY = YES;
				GCC_C_LANGUAGE_STANDARD = gnu99;
				GCC_DYNAMIC_NO_PIC = NO;
				GCC_NO_COMMON_BLOCKS = YES;
				GCC_OPTIMIZATION_LEVEL = 0;
				GCC_PREPROCESSOR_DEFINITIONS = (
					"DEBUG=1",
					"$(inherited)",
				);
				GCC_WARN_64_TO_32_BIT_CONVERSION = YES;
				GCC_WARN_ABOUT_RETURN_TYPE = YES_ERROR;
				GCC_WARN_UNDECLARED_SELECTOR = YES;
				GCC_WARN_UNINITIALIZED_AUTOS = YES_AGGRESSIVE;
				GCC_WARN_UNUSED_FUNCTION = YES;
				GCC_WARN_UNUSED_VARIABLE = YES;
				IPHONEOS_DEPLOYMENT_TARGET = 9.3;
				MTL_ENABLE_DEBUG_INFO = YES;
				ONLY_ACTIVE_ARCH = YES;
				SDKROOT = iphoneos;
				SWIFT_OPTIMIZATION_LEVEL = "-Onone";
			};
			name = Debug;
		};
		E84CF2CD1CBC408000082C1A /* Release */ = {
			isa = XCBuildConfiguration;
			buildSettings = {
				ALWAYS_SEARCH_USER_PATHS = NO;
				CLANG_ANALYZER_NONNULL = YES;
				CLANG_CXX_LANGUAGE_STANDARD = "gnu++0x";
				CLANG_CXX_LIBRARY = "libc++";
				CLANG_ENABLE_MODULES = YES;
				CLANG_ENABLE_OBJC_ARC = YES;
				CLANG_WARN_BOOL_CONVERSION = YES;
				CLANG_WARN_CONSTANT_CONVERSION = YES;
				CLANG_WARN_DIRECT_OBJC_ISA_USAGE = YES_ERROR;
				CLANG_WARN_EMPTY_BODY = YES;
				CLANG_WARN_ENUM_CONVERSION = YES;
				CLANG_WARN_INT_CONVERSION = YES;
				CLANG_WARN_OBJC_ROOT_CLASS = YES_ERROR;
				CLANG_WARN_UNREACHABLE_CODE = YES;
				CLANG_WARN__DUPLICATE_METHOD_MATCH = YES;
				"CODE_SIGN_IDENTITY[sdk=iphoneos*]" = "iPhone Developer";
				COPY_PHASE_STRIP = NO;
				DEBUG_INFORMATION_FORMAT = "dwarf-with-dsym";
				ENABLE_NS_ASSERTIONS = NO;
				ENABLE_STRICT_OBJC_MSGSEND = YES;
				GCC_C_LANGUAGE_STANDARD = gnu99;
				GCC_NO_COMMON_BLOCKS = YES;
				GCC_WARN_64_TO_32_BIT_CONVERSION = YES;
				GCC_WARN_ABOUT_RETURN_TYPE = YES_ERROR;
				GCC_WARN_UNDECLARED_SELECTOR = YES;
				GCC_WARN_UNINITIALIZED_AUTOS = YES_AGGRESSIVE;
				GCC_WARN_UNUSED_FUNCTION = YES;
				GCC_WARN_UNUSED_VARIABLE = YES;
				IPHONEOS_DEPLOYMENT_TARGET = 9.3;
				MTL_ENABLE_DEBUG_INFO = NO;
				SDKROOT = iphoneos;
				VALIDATE_PRODUCT = YES;
			};
			name = Release;
		};
		E84CF2CF1CBC408000082C1A /* Debug */ = {
			isa = XCBuildConfiguration;
			baseConfigurationReference = C3834DC69B700E02514CA084 /* Pods-RealmTasks.debug.xcconfig */;
			buildSettings = {
				ASSETCATALOG_COMPILER_APPICON_NAME = AppIcon;
				FRAMEWORK_SEARCH_PATHS = (
					"$(inherited)",
					"$(PROJECT_DIR)/Pods/Realm/ios/static/xcode-7",
					"$(PROJECT_DIR)/Pods/RealmSwift/ios/swift-2.2",
				);
				INFOPLIST_FILE = RealmTasks/Info.plist;
				LD_RUNPATH_SEARCH_PATHS = "$(inherited) @executable_path/Frameworks";
				PRODUCT_BUNDLE_IDENTIFIER = io.realm.RealmTasks;
				PRODUCT_NAME = RealmTasks;
			};
			name = Debug;
		};
		E84CF2D01CBC408000082C1A /* Release */ = {
			isa = XCBuildConfiguration;
			baseConfigurationReference = 2FB66A984400EA7242A983B0 /* Pods-RealmTasks.release.xcconfig */;
			buildSettings = {
				ASSETCATALOG_COMPILER_APPICON_NAME = AppIcon;
				FRAMEWORK_SEARCH_PATHS = (
					"$(inherited)",
					"$(PROJECT_DIR)/Pods/Realm/ios/static/xcode-7",
					"$(PROJECT_DIR)/Pods/RealmSwift/ios/swift-2.2",
				);
				INFOPLIST_FILE = RealmTasks/Info.plist;
				LD_RUNPATH_SEARCH_PATHS = "$(inherited) @executable_path/Frameworks";
				PRODUCT_BUNDLE_IDENTIFIER = io.realm.RealmTasks;
				PRODUCT_NAME = RealmTasks;
			};
			name = Release;
		};
		E84CF2D21CBC408000082C1A /* Debug */ = {
			isa = XCBuildConfiguration;
			buildSettings = {
				BUNDLE_LOADER = "$(TEST_HOST)";
				INFOPLIST_FILE = RealmTasksTests/Info.plist;
				LD_RUNPATH_SEARCH_PATHS = "$(inherited) @executable_path/Frameworks @loader_path/Frameworks";
				PRODUCT_BUNDLE_IDENTIFIER = io.realm.RealmTasksTests;
				PRODUCT_NAME = RealmTasks;
				TEST_HOST = "$(BUILT_PRODUCTS_DIR)/RealmTasks.app/RealmTasks";
			};
			name = Debug;
		};
		E84CF2D31CBC408000082C1A /* Release */ = {
			isa = XCBuildConfiguration;
			buildSettings = {
				BUNDLE_LOADER = "$(TEST_HOST)";
				INFOPLIST_FILE = RealmTasksTests/Info.plist;
				LD_RUNPATH_SEARCH_PATHS = "$(inherited) @executable_path/Frameworks @loader_path/Frameworks";
				PRODUCT_BUNDLE_IDENTIFIER = io.realm.RealmTasksTests;
				PRODUCT_NAME = RealmTasks;
				TEST_HOST = "$(BUILT_PRODUCTS_DIR)/RealmTasks.app/RealmTasks";
			};
			name = Release;
		};
/* End XCBuildConfiguration section */

/* Begin XCConfigurationList section */
		E84CF2AC1CBC408000082C1A /* Build configuration list for PBXProject "RealmTasks" */ = {
			isa = XCConfigurationList;
			buildConfigurations = (
				E84CF2CC1CBC408000082C1A /* Debug */,
				E84CF2CD1CBC408000082C1A /* Release */,
			);
			defaultConfigurationIsVisible = 0;
			defaultConfigurationName = Release;
		};
		E84CF2CE1CBC408000082C1A /* Build configuration list for PBXNativeTarget "RealmTasks" */ = {
			isa = XCConfigurationList;
			buildConfigurations = (
				E84CF2CF1CBC408000082C1A /* Debug */,
				E84CF2D01CBC408000082C1A /* Release */,
			);
			defaultConfigurationIsVisible = 0;
			defaultConfigurationName = Release;
		};
		E84CF2D11CBC408000082C1A /* Build configuration list for PBXNativeTarget "RealmTasksTests" */ = {
			isa = XCConfigurationList;
			buildConfigurations = (
				E84CF2D21CBC408000082C1A /* Debug */,
				E84CF2D31CBC408000082C1A /* Release */,
			);
			defaultConfigurationIsVisible = 0;
			defaultConfigurationName = Release;
		};
/* End XCConfigurationList section */
	};
	rootObject = E84CF2A91CBC408000082C1A /* Project object */;
}
