// !$*UTF8*$!
{
	archiveVersion = 1;
	classes = {
	};
	objectVersion = 46;
	objects = {

/* Begin PBXBuildFile section */
		22092D861D5C5BCB0016E757 /* NavHintView.swift in Sources */ = {isa = PBXBuildFile; fileRef = 22092D851D5C5BCB0016E757 /* NavHintView.swift */; };
		220C334A1D3DE1F40043A885 /* OnboardView.swift in Sources */ = {isa = PBXBuildFile; fileRef = 220C33491D3DE1F40043A885 /* OnboardView.swift */; };
		2212D5BD1D19E0700017CBC4 /* Realm.framework in Frameworks */ = {isa = PBXBuildFile; fileRef = 2212D5BC1D19E0700017CBC4 /* Realm.framework */; };
		2252019E1D3DD648009E45FA /* AppDelegate.swift in Sources */ = {isa = PBXBuildFile; fileRef = 225201941D3DD648009E45FA /* AppDelegate.swift */; };
		2252019F1D3DD648009E45FA /* iOS.xcassets in Resources */ = {isa = PBXBuildFile; fileRef = 225201951D3DD648009E45FA /* iOS.xcassets */; };
		225201A01D3DD648009E45FA /* LaunchScreen.storyboard in Resources */ = {isa = PBXBuildFile; fileRef = 225201961D3DD648009E45FA /* LaunchScreen.storyboard */; };
		225201A21D3DD648009E45FA /* RealmColor.swift in Sources */ = {isa = PBXBuildFile; fileRef = 225201991D3DD648009E45FA /* RealmColor.swift */; };
		225201A31D3DD648009E45FA /* TableViewCell.swift in Sources */ = {isa = PBXBuildFile; fileRef = 2252019A1D3DD648009E45FA /* TableViewCell.swift */; };
		225201A41D3DD648009E45FA /* Models.swift in Sources */ = {isa = PBXBuildFile; fileRef = 2252019B1D3DD648009E45FA /* Models.swift */; };
		225201A51D3DD648009E45FA /* CellTextView.swift in Sources */ = {isa = PBXBuildFile; fileRef = 2252019C1D3DD648009E45FA /* CellTextView.swift */; };
		225201A61D3DD648009E45FA /* ViewController.swift in Sources */ = {isa = PBXBuildFile; fileRef = 2252019D1D3DD648009E45FA /* ViewController.swift */; };
		AF6DB3B195E188C570802C2B /* Pods_RealmTasks_RealmTasks_macOS.framework in Frameworks */ = {isa = PBXBuildFile; fileRef = 0C1FC133460B9224E2A98CBE /* Pods_RealmTasks_RealmTasks_macOS.framework */; };
		C23EB0201D46329400D3E0AC /* AppDelegate.swift in Sources */ = {isa = PBXBuildFile; fileRef = C23EB01F1D46329400D3E0AC /* AppDelegate.swift */; };
		C23EB0221D46329400D3E0AC /* macOS.xcassets in Resources */ = {isa = PBXBuildFile; fileRef = C23EB0211D46329400D3E0AC /* macOS.xcassets */; };
		C23EB02D1D4635C400D3E0AC /* Shared.xcassets in Resources */ = {isa = PBXBuildFile; fileRef = C23EB02C1D4635C400D3E0AC /* Shared.xcassets */; };
		C23EB02E1D4635C400D3E0AC /* Shared.xcassets in Resources */ = {isa = PBXBuildFile; fileRef = C23EB02C1D4635C400D3E0AC /* Shared.xcassets */; };
		C23EB0301D46364000D3E0AC /* Models.swift in Sources */ = {isa = PBXBuildFile; fileRef = 2252019B1D3DD648009E45FA /* Models.swift */; };
		C23EB0321D46364000D3E0AC /* LocalIPAddress.swift in Sources */ = {isa = PBXBuildFile; fileRef = C2E4721F1D3FDF2E00276542 /* LocalIPAddress.swift */; };
		C23EB0331D463A2C00D3E0AC /* RealmColor.swift in Sources */ = {isa = PBXBuildFile; fileRef = 225201991D3DD648009E45FA /* RealmColor.swift */; };
		C23EB0351D46421C00D3E0AC /* RealmConfigurations.swift in Sources */ = {isa = PBXBuildFile; fileRef = C23EB0341D46421C00D3E0AC /* RealmConfigurations.swift */; };
		C23EB0361D46421C00D3E0AC /* RealmConfigurations.swift in Sources */ = {isa = PBXBuildFile; fileRef = C23EB0341D46421C00D3E0AC /* RealmConfigurations.swift */; };
		C23EB0381D4643B900D3E0AC /* Constants.swift in Sources */ = {isa = PBXBuildFile; fileRef = C23EB0371D4643B900D3E0AC /* Constants.swift */; };
		C23EB0391D4643B900D3E0AC /* Constants.swift in Sources */ = {isa = PBXBuildFile; fileRef = C23EB0371D4643B900D3E0AC /* Constants.swift */; };
		C23EB03C1D464A7D00D3E0AC /* Main.storyboard in Resources */ = {isa = PBXBuildFile; fileRef = C23EB03B1D464A7D00D3E0AC /* Main.storyboard */; };
		C23EB0591D46535F00D3E0AC /* TaskListViewController.swift in Sources */ = {isa = PBXBuildFile; fileRef = C23EB0581D46535F00D3E0AC /* TaskListViewController.swift */; };
		C23EB05B1D4655A900D3E0AC /* TaskCellView.swift in Sources */ = {isa = PBXBuildFile; fileRef = C23EB05A1D4655A900D3E0AC /* TaskCellView.swift */; };
		C23EB05D1D4A028A00D3E0AC /* NSView+Animations.swift in Sources */ = {isa = PBXBuildFile; fileRef = C23EB05C1D4A028A00D3E0AC /* NSView+Animations.swift */; };
		C28A34021D50A0C500EE8F1A /* LogInViewController.swift in Sources */ = {isa = PBXBuildFile; fileRef = C28A34011D50A0C500EE8F1A /* LogInViewController.swift */; };
		C28A34051D50D19B00EE8F1A /* RegisterViewController.swift in Sources */ = {isa = PBXBuildFile; fileRef = C28A34041D50D19B00EE8F1A /* RegisterViewController.swift */; };
		C2E472201D3FDF2E00276542 /* LocalIPAddress.swift in Sources */ = {isa = PBXBuildFile; fileRef = C2E4721F1D3FDF2E00276542 /* LocalIPAddress.swift */; };
		E89CE68B1D409D3500BB4521 /* RealmSyncLogin.storyboard in Resources */ = {isa = PBXBuildFile; fileRef = E89CE6841D409D3500BB4521 /* RealmSyncLogin.storyboard */; };
		E89CE68E1D409D3500BB4521 /* LogInViewController.swift in Sources */ = {isa = PBXBuildFile; fileRef = E89CE6891D409D3500BB4521 /* LogInViewController.swift */; };
		E89CE68F1D409D3500BB4521 /* RegisterViewController.swift in Sources */ = {isa = PBXBuildFile; fileRef = E89CE68A1D409D3500BB4521 /* RegisterViewController.swift */; };
		E8A1E6501D59354500D8B04A /* ContainerViewController.swift in Sources */ = {isa = PBXBuildFile; fileRef = E8A1E64F1D59354500D8B04A /* ContainerViewController.swift */; };
		E8A1E6521D59360A00D8B04A /* SharedFunctionality.swift in Sources */ = {isa = PBXBuildFile; fileRef = E8A1E6511D59360A00D8B04A /* SharedFunctionality.swift */; };
		E8A1E6531D59368200D8B04A /* SharedFunctionality.swift in Sources */ = {isa = PBXBuildFile; fileRef = E8A1E6511D59360A00D8B04A /* SharedFunctionality.swift */; };
		EC86AB13DF2672178CFBDC08 /* Pods_RealmTasks_RealmTasks_iOS.framework in Frameworks */ = {isa = PBXBuildFile; fileRef = 0F65AA97E042CAA771FDB716 /* Pods_RealmTasks_RealmTasks_iOS.framework */; };
/* End PBXBuildFile section */

/* Begin PBXFileReference section */
		0C1FC133460B9224E2A98CBE /* Pods_RealmTasks_RealmTasks_macOS.framework */ = {isa = PBXFileReference; explicitFileType = wrapper.framework; includeInIndex = 0; path = Pods_RealmTasks_RealmTasks_macOS.framework; sourceTree = BUILT_PRODUCTS_DIR; };
		0F65AA97E042CAA771FDB716 /* Pods_RealmTasks_RealmTasks_iOS.framework */ = {isa = PBXFileReference; explicitFileType = wrapper.framework; includeInIndex = 0; path = Pods_RealmTasks_RealmTasks_iOS.framework; sourceTree = BUILT_PRODUCTS_DIR; };
		1F2F1BE895B44ABCE16F567F /* Pods-RealmTasks-RealmTasks iOS.release.xcconfig */ = {isa = PBXFileReference; includeInIndex = 1; lastKnownFileType = text.xcconfig; name = "Pods-RealmTasks-RealmTasks iOS.release.xcconfig"; path = "Pods/Target Support Files/Pods-RealmTasks-RealmTasks iOS/Pods-RealmTasks-RealmTasks iOS.release.xcconfig"; sourceTree = "<group>"; };
		22092D851D5C5BCB0016E757 /* NavHintView.swift */ = {isa = PBXFileReference; fileEncoding = 4; lastKnownFileType = sourcecode.swift; path = NavHintView.swift; sourceTree = "<group>"; };
		220C33491D3DE1F40043A885 /* OnboardView.swift */ = {isa = PBXFileReference; fileEncoding = 4; lastKnownFileType = sourcecode.swift; path = OnboardView.swift; sourceTree = "<group>"; };
		2212D5BC1D19E0700017CBC4 /* Realm.framework */ = {isa = PBXFileReference; lastKnownFileType = wrapper.framework; name = Realm.framework; path = "Pods/Realm/ios/static/xcode-7/Realm.framework"; sourceTree = "<group>"; };
		225201941D3DD648009E45FA /* AppDelegate.swift */ = {isa = PBXFileReference; fileEncoding = 4; lastKnownFileType = sourcecode.swift; path = AppDelegate.swift; sourceTree = "<group>"; };
		225201951D3DD648009E45FA /* iOS.xcassets */ = {isa = PBXFileReference; lastKnownFileType = folder.assetcatalog; path = iOS.xcassets; sourceTree = "<group>"; };
		225201971D3DD648009E45FA /* Base */ = {isa = PBXFileReference; lastKnownFileType = file.storyboard; name = Base; path = Base.lproj/LaunchScreen.storyboard; sourceTree = "<group>"; };
		225201981D3DD648009E45FA /* Info.plist */ = {isa = PBXFileReference; fileEncoding = 4; lastKnownFileType = text.plist.xml; path = Info.plist; sourceTree = "<group>"; };
		225201991D3DD648009E45FA /* RealmColor.swift */ = {isa = PBXFileReference; fileEncoding = 4; lastKnownFileType = sourcecode.swift; path = RealmColor.swift; sourceTree = "<group>"; };
		2252019A1D3DD648009E45FA /* TableViewCell.swift */ = {isa = PBXFileReference; fileEncoding = 4; lastKnownFileType = sourcecode.swift; path = TableViewCell.swift; sourceTree = "<group>"; };
		2252019B1D3DD648009E45FA /* Models.swift */ = {isa = PBXFileReference; fileEncoding = 4; lastKnownFileType = sourcecode.swift; path = Models.swift; sourceTree = "<group>"; };
		2252019C1D3DD648009E45FA /* CellTextView.swift */ = {isa = PBXFileReference; fileEncoding = 4; lastKnownFileType = sourcecode.swift; path = CellTextView.swift; sourceTree = "<group>"; };
		2252019D1D3DD648009E45FA /* ViewController.swift */ = {isa = PBXFileReference; fileEncoding = 4; lastKnownFileType = sourcecode.swift; path = ViewController.swift; sourceTree = "<group>"; };
		9CCE23B978EF7565F4866B4B /* Pods-RealmTasks-RealmTasks iOS.debug.xcconfig */ = {isa = PBXFileReference; includeInIndex = 1; lastKnownFileType = text.xcconfig; name = "Pods-RealmTasks-RealmTasks iOS.debug.xcconfig"; path = "Pods/Target Support Files/Pods-RealmTasks-RealmTasks iOS/Pods-RealmTasks-RealmTasks iOS.debug.xcconfig"; sourceTree = "<group>"; };
		C23EB01D1D46329400D3E0AC /* Realm Tasks.app */ = {isa = PBXFileReference; explicitFileType = wrapper.application; includeInIndex = 0; path = "Realm Tasks.app"; sourceTree = BUILT_PRODUCTS_DIR; };
		C23EB01F1D46329400D3E0AC /* AppDelegate.swift */ = {isa = PBXFileReference; lastKnownFileType = sourcecode.swift; path = AppDelegate.swift; sourceTree = "<group>"; };
		C23EB0211D46329400D3E0AC /* macOS.xcassets */ = {isa = PBXFileReference; lastKnownFileType = folder.assetcatalog; path = macOS.xcassets; sourceTree = "<group>"; };
		C23EB0261D46329400D3E0AC /* Info.plist */ = {isa = PBXFileReference; lastKnownFileType = text.plist.xml; path = Info.plist; sourceTree = "<group>"; };
		C23EB02A1D46339E00D3E0AC /* RealmTasks.entitlements */ = {isa = PBXFileReference; lastKnownFileType = text.xml; path = RealmTasks.entitlements; sourceTree = "<group>"; };
		C23EB02C1D4635C400D3E0AC /* Shared.xcassets */ = {isa = PBXFileReference; lastKnownFileType = folder.assetcatalog; path = Shared.xcassets; sourceTree = "<group>"; };
		C23EB0341D46421C00D3E0AC /* RealmConfigurations.swift */ = {isa = PBXFileReference; fileEncoding = 4; lastKnownFileType = sourcecode.swift; path = RealmConfigurations.swift; sourceTree = "<group>"; };
		C23EB0371D4643B900D3E0AC /* Constants.swift */ = {isa = PBXFileReference; fileEncoding = 4; lastKnownFileType = sourcecode.swift; path = Constants.swift; sourceTree = "<group>"; };
		C23EB03B1D464A7D00D3E0AC /* Main.storyboard */ = {isa = PBXFileReference; fileEncoding = 4; lastKnownFileType = file.storyboard; path = Main.storyboard; sourceTree = "<group>"; };
		C23EB0581D46535F00D3E0AC /* TaskListViewController.swift */ = {isa = PBXFileReference; fileEncoding = 4; lastKnownFileType = sourcecode.swift; path = TaskListViewController.swift; sourceTree = "<group>"; };
		C23EB05A1D4655A900D3E0AC /* TaskCellView.swift */ = {isa = PBXFileReference; fileEncoding = 4; lastKnownFileType = sourcecode.swift; path = TaskCellView.swift; sourceTree = "<group>"; };
		C23EB05C1D4A028A00D3E0AC /* NSView+Animations.swift */ = {isa = PBXFileReference; fileEncoding = 4; lastKnownFileType = sourcecode.swift; path = "NSView+Animations.swift"; sourceTree = "<group>"; };
		C28A34011D50A0C500EE8F1A /* LogInViewController.swift */ = {isa = PBXFileReference; fileEncoding = 4; lastKnownFileType = sourcecode.swift; path = LogInViewController.swift; sourceTree = "<group>"; };
		C28A34041D50D19B00EE8F1A /* RegisterViewController.swift */ = {isa = PBXFileReference; fileEncoding = 4; lastKnownFileType = sourcecode.swift; path = RegisterViewController.swift; sourceTree = "<group>"; };
		C2E4721F1D3FDF2E00276542 /* LocalIPAddress.swift */ = {isa = PBXFileReference; fileEncoding = 4; lastKnownFileType = sourcecode.swift; path = LocalIPAddress.swift; sourceTree = "<group>"; };
		E84CF2B11CBC408000082C1A /* Realm Tasks.app */ = {isa = PBXFileReference; explicitFileType = wrapper.application; includeInIndex = 0; path = "Realm Tasks.app"; sourceTree = BUILT_PRODUCTS_DIR; };
		E89CE6841D409D3500BB4521 /* RealmSyncLogin.storyboard */ = {isa = PBXFileReference; fileEncoding = 4; lastKnownFileType = file.storyboard; path = RealmSyncLogin.storyboard; sourceTree = "<group>"; };
		E89CE6891D409D3500BB4521 /* LogInViewController.swift */ = {isa = PBXFileReference; fileEncoding = 4; lastKnownFileType = sourcecode.swift; path = LogInViewController.swift; sourceTree = "<group>"; };
		E89CE68A1D409D3500BB4521 /* RegisterViewController.swift */ = {isa = PBXFileReference; fileEncoding = 4; lastKnownFileType = sourcecode.swift; path = RegisterViewController.swift; sourceTree = "<group>"; };
		E8A1E64F1D59354500D8B04A /* ContainerViewController.swift */ = {isa = PBXFileReference; fileEncoding = 4; lastKnownFileType = sourcecode.swift; path = ContainerViewController.swift; sourceTree = "<group>"; };
		E8A1E6511D59360A00D8B04A /* SharedFunctionality.swift */ = {isa = PBXFileReference; fileEncoding = 4; lastKnownFileType = sourcecode.swift; path = SharedFunctionality.swift; sourceTree = "<group>"; };
		F9B66AB3287C77E6F01777F3 /* Pods-RealmTasks-RealmTasks macOS.debug.xcconfig */ = {isa = PBXFileReference; includeInIndex = 1; lastKnownFileType = text.xcconfig; name = "Pods-RealmTasks-RealmTasks macOS.debug.xcconfig"; path = "Pods/Target Support Files/Pods-RealmTasks-RealmTasks macOS/Pods-RealmTasks-RealmTasks macOS.debug.xcconfig"; sourceTree = "<group>"; };
		FE1F651C6DD135AF60B7902F /* Pods-RealmTasks-RealmTasks macOS.release.xcconfig */ = {isa = PBXFileReference; includeInIndex = 1; lastKnownFileType = text.xcconfig; name = "Pods-RealmTasks-RealmTasks macOS.release.xcconfig"; path = "Pods/Target Support Files/Pods-RealmTasks-RealmTasks macOS/Pods-RealmTasks-RealmTasks macOS.release.xcconfig"; sourceTree = "<group>"; };
/* End PBXFileReference section */

/* Begin PBXFrameworksBuildPhase section */
		C23EB01A1D46329400D3E0AC /* Frameworks */ = {
			isa = PBXFrameworksBuildPhase;
			buildActionMask = 2147483647;
			files = (
				AF6DB3B195E188C570802C2B /* Pods_RealmTasks_RealmTasks_macOS.framework in Frameworks */,
			);
			runOnlyForDeploymentPostprocessing = 0;
		};
		E84CF2AE1CBC408000082C1A /* Frameworks */ = {
			isa = PBXFrameworksBuildPhase;
			buildActionMask = 2147483647;
			files = (
				2212D5BD1D19E0700017CBC4 /* Realm.framework in Frameworks */,
				EC86AB13DF2672178CFBDC08 /* Pods_RealmTasks_RealmTasks_iOS.framework in Frameworks */,
			);
			runOnlyForDeploymentPostprocessing = 0;
		};
/* End PBXFrameworksBuildPhase section */

/* Begin PBXGroup section */
		20DDCD0E2C347EB88F402A75 /* Frameworks */ = {
			isa = PBXGroup;
			children = (
				2212D5BC1D19E0700017CBC4 /* Realm.framework */,
				0F65AA97E042CAA771FDB716 /* Pods_RealmTasks_RealmTasks_iOS.framework */,
				0C1FC133460B9224E2A98CBE /* Pods_RealmTasks_RealmTasks_macOS.framework */,
			);
			name = Frameworks;
			sourceTree = "<group>";
		};
		225201931D3DD648009E45FA /* RealmTasks iOS */ = {
			isa = PBXGroup;
			children = (
				225201941D3DD648009E45FA /* AppDelegate.swift */,
				2252019C1D3DD648009E45FA /* CellTextView.swift */,
				E8A1E64F1D59354500D8B04A /* ContainerViewController.swift */,
				225201981D3DD648009E45FA /* Info.plist */,
				225201951D3DD648009E45FA /* iOS.xcassets */,
				225201961D3DD648009E45FA /* LaunchScreen.storyboard */,
				E89CE6821D409D0400BB4521 /* LogInViewController */,
				220C33491D3DE1F40043A885 /* OnboardView.swift */,
				22092D851D5C5BCB0016E757 /* NavHintView.swift */,
				2252019A1D3DD648009E45FA /* TableViewCell.swift */,
				2252019D1D3DD648009E45FA /* ViewController.swift */,
			);
			path = "RealmTasks iOS";
			sourceTree = "<group>";
		};
		C23EB01E1D46329400D3E0AC /* RealmTasks macOS */ = {
			isa = PBXGroup;
			children = (
				C23EB02A1D46339E00D3E0AC /* RealmTasks.entitlements */,
				C23EB0211D46329400D3E0AC /* macOS.xcassets */,
				C23EB0261D46329400D3E0AC /* Info.plist */,
				C23EB03B1D464A7D00D3E0AC /* Main.storyboard */,
				C23EB01F1D46329400D3E0AC /* AppDelegate.swift */,
				C23EB0581D46535F00D3E0AC /* TaskListViewController.swift */,
				C23EB05A1D4655A900D3E0AC /* TaskCellView.swift */,
				C23EB05C1D4A028A00D3E0AC /* NSView+Animations.swift */,
				C28A34011D50A0C500EE8F1A /* LogInViewController.swift */,
				C28A34041D50D19B00EE8F1A /* RegisterViewController.swift */,
			);
			path = "RealmTasks macOS";
			sourceTree = "<group>";
		};
		C23EB02B1D4634B700D3E0AC /* RealmTasks Shared */ = {
			isa = PBXGroup;
			children = (
				C23EB0371D4643B900D3E0AC /* Constants.swift */,
				C2E4721F1D3FDF2E00276542 /* LocalIPAddress.swift */,
				2252019B1D3DD648009E45FA /* Models.swift */,
				225201991D3DD648009E45FA /* RealmColor.swift */,
				C23EB0341D46421C00D3E0AC /* RealmConfigurations.swift */,
				C23EB02C1D4635C400D3E0AC /* Shared.xcassets */,
				E8A1E6511D59360A00D8B04A /* SharedFunctionality.swift */,
			);
			path = "RealmTasks Shared";
			sourceTree = "<group>";
		};
		E84CF2A81CBC408000082C1A = {
			isa = PBXGroup;
			children = (
				C23EB02B1D4634B700D3E0AC /* RealmTasks Shared */,
				225201931D3DD648009E45FA /* RealmTasks iOS */,
				C23EB01E1D46329400D3E0AC /* RealmTasks macOS */,
				E84CF2B21CBC408000082C1A /* Products */,
				20DDCD0E2C347EB88F402A75 /* Frameworks */,
				FA3ECB465F0764AECB003C19 /* Pods */,
			);
			sourceTree = "<group>";
		};
		E84CF2B21CBC408000082C1A /* Products */ = {
			isa = PBXGroup;
			children = (
				E84CF2B11CBC408000082C1A /* Realm Tasks.app */,
				C23EB01D1D46329400D3E0AC /* Realm Tasks.app */,
			);
			name = Products;
			sourceTree = "<group>";
		};
		E89CE6821D409D0400BB4521 /* LogInViewController */ = {
			isa = PBXGroup;
			children = (
				E89CE6831D409D3500BB4521 /* Assets */,
				E89CE6851D409D3500BB4521 /* Classes */,
			);
			path = LogInViewController;
			sourceTree = "<group>";
		};
		E89CE6831D409D3500BB4521 /* Assets */ = {
			isa = PBXGroup;
			children = (
				E89CE6841D409D3500BB4521 /* RealmSyncLogin.storyboard */,
			);
			path = Assets;
			sourceTree = "<group>";
		};
		E89CE6851D409D3500BB4521 /* Classes */ = {
			isa = PBXGroup;
			children = (
				E89CE6881D409D3500BB4521 /* UI */,
			);
			path = Classes;
			sourceTree = "<group>";
		};
		E89CE6881D409D3500BB4521 /* UI */ = {
			isa = PBXGroup;
			children = (
				E89CE6891D409D3500BB4521 /* LogInViewController.swift */,
				E89CE68A1D409D3500BB4521 /* RegisterViewController.swift */,
			);
			path = UI;
			sourceTree = "<group>";
		};
		FA3ECB465F0764AECB003C19 /* Pods */ = {
			isa = PBXGroup;
			children = (
				9CCE23B978EF7565F4866B4B /* Pods-RealmTasks-RealmTasks iOS.debug.xcconfig */,
				1F2F1BE895B44ABCE16F567F /* Pods-RealmTasks-RealmTasks iOS.release.xcconfig */,
				F9B66AB3287C77E6F01777F3 /* Pods-RealmTasks-RealmTasks macOS.debug.xcconfig */,
				FE1F651C6DD135AF60B7902F /* Pods-RealmTasks-RealmTasks macOS.release.xcconfig */,
			);
			name = Pods;
			sourceTree = "<group>";
		};
/* End PBXGroup section */

/* Begin PBXNativeTarget section */
		C23EB01C1D46329400D3E0AC /* RealmTasks macOS */ = {
			isa = PBXNativeTarget;
			buildConfigurationList = C23EB0271D46329400D3E0AC /* Build configuration list for PBXNativeTarget "RealmTasks macOS" */;
			buildPhases = (
				666E57D5FF9C810836B976B3 /* [CP] Check Pods Manifest.lock */,
				C23EB03A1D4648E100D3E0AC /* Write local IP address */,
				C23EB0191D46329400D3E0AC /* Sources */,
				C23EB01A1D46329400D3E0AC /* Frameworks */,
				C23EB01B1D46329400D3E0AC /* Resources */,
				8B1FB31D3393CD8ADBB8A08A /* [CP] Embed Pods Frameworks */,
				5ED81D26D231C143AB37A5C5 /* [CP] Copy Pods Resources */,
			);
			buildRules = (
			);
			dependencies = (
			);
			name = "RealmTasks macOS";
			productName = RealmTasks;
			productReference = C23EB01D1D46329400D3E0AC /* Realm Tasks.app */;
			productType = "com.apple.product-type.application";
		};
		E84CF2B01CBC408000082C1A /* RealmTasks iOS */ = {
			isa = PBXNativeTarget;
			buildConfigurationList = E84CF2CE1CBC408000082C1A /* Build configuration list for PBXNativeTarget "RealmTasks iOS" */;
			buildPhases = (
				35F4D05D72F0BCD961216D94 /* [CP] Check Pods Manifest.lock */,
				C2E472211D3FDFDB00276542 /* Write local IP address */,
				E84CF2AD1CBC408000082C1A /* Sources */,
				E84CF2AE1CBC408000082C1A /* Frameworks */,
				E84CF2AF1CBC408000082C1A /* Resources */,
				ACBBCF75C70A42D21B9BAF61 /* [CP] Embed Pods Frameworks */,
				96BCB93C57BBBCB3E5DA568B /* [CP] Copy Pods Resources */,
			);
			buildRules = (
			);
			dependencies = (
			);
			name = "RealmTasks iOS";
			productName = RealmTasks;
			productReference = E84CF2B11CBC408000082C1A /* Realm Tasks.app */;
			productType = "com.apple.product-type.application";
		};
/* End PBXNativeTarget section */

/* Begin PBXProject section */
		E84CF2A91CBC408000082C1A /* Project object */ = {
			isa = PBXProject;
			attributes = {
				LastSwiftUpdateCheck = 0730;
				LastUpgradeCheck = 0730;
				ORGANIZATIONNAME = Realm;
				TargetAttributes = {
					C23EB01C1D46329400D3E0AC = {
						CreatedOnToolsVersion = 7.3.1;
						DevelopmentTeam = QX5CR2FTN2;
						SystemCapabilities = {
							com.apple.Sandbox = {
								enabled = 1;
							};
						};
					};
					E84CF2B01CBC408000082C1A = {
						CreatedOnToolsVersion = 7.3;
						DevelopmentTeam = QX5CR2FTN2;
					};
				};
			};
			buildConfigurationList = E84CF2AC1CBC408000082C1A /* Build configuration list for PBXProject "RealmTasks" */;
			compatibilityVersion = "Xcode 3.2";
			developmentRegion = English;
			hasScannedForEncodings = 0;
			knownRegions = (
				en,
				Base,
			);
			mainGroup = E84CF2A81CBC408000082C1A;
			productRefGroup = E84CF2B21CBC408000082C1A /* Products */;
			projectDirPath = "";
			projectRoot = "";
			targets = (
				E84CF2B01CBC408000082C1A /* RealmTasks iOS */,
				C23EB01C1D46329400D3E0AC /* RealmTasks macOS */,
			);
		};
/* End PBXProject section */

/* Begin PBXResourcesBuildPhase section */
		C23EB01B1D46329400D3E0AC /* Resources */ = {
			isa = PBXResourcesBuildPhase;
			buildActionMask = 2147483647;
			files = (
				C23EB0221D46329400D3E0AC /* macOS.xcassets in Resources */,
				C23EB02E1D4635C400D3E0AC /* Shared.xcassets in Resources */,
				C23EB03C1D464A7D00D3E0AC /* Main.storyboard in Resources */,
			);
			runOnlyForDeploymentPostprocessing = 0;
		};
		E84CF2AF1CBC408000082C1A /* Resources */ = {
			isa = PBXResourcesBuildPhase;
			buildActionMask = 2147483647;
			files = (
				2252019F1D3DD648009E45FA /* iOS.xcassets in Resources */,
				225201A01D3DD648009E45FA /* LaunchScreen.storyboard in Resources */,
				C23EB02D1D4635C400D3E0AC /* Shared.xcassets in Resources */,
				E89CE68B1D409D3500BB4521 /* RealmSyncLogin.storyboard in Resources */,
			);
			runOnlyForDeploymentPostprocessing = 0;
		};
/* End PBXResourcesBuildPhase section */

/* Begin PBXShellScriptBuildPhase section */
		35F4D05D72F0BCD961216D94 /* [CP] Check Pods Manifest.lock */ = {
			isa = PBXShellScriptBuildPhase;
			buildActionMask = 2147483647;
			files = (
			);
			inputPaths = (
			);
			name = "[CP] Check Pods Manifest.lock";
			outputPaths = (
			);
			runOnlyForDeploymentPostprocessing = 0;
			shellPath = /bin/sh;
			shellScript = "diff \"${PODS_ROOT}/../Podfile.lock\" \"${PODS_ROOT}/Manifest.lock\" > /dev/null\nif [[ $? != 0 ]] ; then\n    cat << EOM\nerror: The sandbox is not in sync with the Podfile.lock. Run 'pod install' or update your CocoaPods installation.\nEOM\n    exit 1\nfi\n";
			showEnvVarsInLog = 0;
		};
		5ED81D26D231C143AB37A5C5 /* [CP] Copy Pods Resources */ = {
			isa = PBXShellScriptBuildPhase;
			buildActionMask = 2147483647;
			files = (
			);
			inputPaths = (
			);
			name = "[CP] Copy Pods Resources";
			outputPaths = (
			);
			runOnlyForDeploymentPostprocessing = 0;
			shellPath = /bin/sh;
			shellScript = "\"${SRCROOT}/Pods/Target Support Files/Pods-RealmTasks-RealmTasks macOS/Pods-RealmTasks-RealmTasks macOS-resources.sh\"\n";
			showEnvVarsInLog = 0;
		};
		666E57D5FF9C810836B976B3 /* [CP] Check Pods Manifest.lock */ = {
			isa = PBXShellScriptBuildPhase;
			buildActionMask = 2147483647;
			files = (
			);
			inputPaths = (
			);
			name = "[CP] Check Pods Manifest.lock";
			outputPaths = (
			);
			runOnlyForDeploymentPostprocessing = 0;
			shellPath = /bin/sh;
			shellScript = "diff \"${PODS_ROOT}/../Podfile.lock\" \"${PODS_ROOT}/Manifest.lock\" > /dev/null\nif [[ $? != 0 ]] ; then\n    cat << EOM\nerror: The sandbox is not in sync with the Podfile.lock. Run 'pod install' or update your CocoaPods installation.\nEOM\n    exit 1\nfi\n";
			showEnvVarsInLog = 0;
		};
		8B1FB31D3393CD8ADBB8A08A /* [CP] Embed Pods Frameworks */ = {
			isa = PBXShellScriptBuildPhase;
			buildActionMask = 2147483647;
			files = (
			);
			inputPaths = (
			);
			name = "[CP] Embed Pods Frameworks";
			outputPaths = (
			);
			runOnlyForDeploymentPostprocessing = 0;
			shellPath = /bin/sh;
			shellScript = "\"${SRCROOT}/Pods/Target Support Files/Pods-RealmTasks-RealmTasks macOS/Pods-RealmTasks-RealmTasks macOS-frameworks.sh\"\n";
			showEnvVarsInLog = 0;
		};
		96BCB93C57BBBCB3E5DA568B /* [CP] Copy Pods Resources */ = {
			isa = PBXShellScriptBuildPhase;
			buildActionMask = 2147483647;
			files = (
			);
			inputPaths = (
			);
			name = "[CP] Copy Pods Resources";
			outputPaths = (
			);
			runOnlyForDeploymentPostprocessing = 0;
			shellPath = /bin/sh;
			shellScript = "\"${SRCROOT}/Pods/Target Support Files/Pods-RealmTasks-RealmTasks iOS/Pods-RealmTasks-RealmTasks iOS-resources.sh\"\n";
			showEnvVarsInLog = 0;
		};
		ACBBCF75C70A42D21B9BAF61 /* [CP] Embed Pods Frameworks */ = {
			isa = PBXShellScriptBuildPhase;
			buildActionMask = 2147483647;
			files = (
			);
			inputPaths = (
			);
			name = "[CP] Embed Pods Frameworks";
			outputPaths = (
			);
			runOnlyForDeploymentPostprocessing = 0;
			shellPath = /bin/sh;
			shellScript = "\"${SRCROOT}/Pods/Target Support Files/Pods-RealmTasks-RealmTasks iOS/Pods-RealmTasks-RealmTasks iOS-frameworks.sh\"\n";
			showEnvVarsInLog = 0;
		};
		C23EB03A1D4648E100D3E0AC /* Write local IP address */ = {
			isa = PBXShellScriptBuildPhase;
			buildActionMask = 2147483647;
			files = (
			);
			inputPaths = (
			);
			name = "Write local IP address";
			outputPaths = (
			);
			runOnlyForDeploymentPostprocessing = 0;
			shellPath = /bin/sh;
			shellScript = "LOCAL_IP_ADDR=$(ipconfig getifaddr $(netstat -f inet -rant | awk '/default/ { print $6; exit }'))\necho \"let localIPAddress = \\\"$LOCAL_IP_ADDR\\\"\" > \"$SRCROOT/RealmTasks Shared/LocalIPAddress.swift\"";
		};
		C2E472211D3FDFDB00276542 /* Write local IP address */ = {
			isa = PBXShellScriptBuildPhase;
			buildActionMask = 2147483647;
			files = (
			);
			inputPaths = (
			);
			name = "Write local IP address";
			outputPaths = (
			);
			runOnlyForDeploymentPostprocessing = 0;
			shellPath = /bin/sh;
			shellScript = "LOCAL_IP_ADDR=$(ipconfig getifaddr $(netstat -f inet -rant | awk '/default/ { print $6; exit }'))\necho \"let localIPAddress = \\\"$LOCAL_IP_ADDR\\\"\" > \"$SRCROOT/RealmTasks Shared/LocalIPAddress.swift\"\n";
			showEnvVarsInLog = 0;
		};
/* End PBXShellScriptBuildPhase section */

/* Begin PBXSourcesBuildPhase section */
		C23EB0191D46329400D3E0AC /* Sources */ = {
			isa = PBXSourcesBuildPhase;
			buildActionMask = 2147483647;
			files = (
				C23EB05B1D4655A900D3E0AC /* TaskCellView.swift in Sources */,
				C23EB0591D46535F00D3E0AC /* TaskListViewController.swift in Sources */,
				C28A34021D50A0C500EE8F1A /* LogInViewController.swift in Sources */,
				C23EB05D1D4A028A00D3E0AC /* NSView+Animations.swift in Sources */,
				C23EB0361D46421C00D3E0AC /* RealmConfigurations.swift in Sources */,
				C23EB0331D463A2C00D3E0AC /* RealmColor.swift in Sources */,
				C23EB0201D46329400D3E0AC /* AppDelegate.swift in Sources */,
				C23EB0391D4643B900D3E0AC /* Constants.swift in Sources */,
				C28A34051D50D19B00EE8F1A /* RegisterViewController.swift in Sources */,
				E8A1E6531D59368200D8B04A /* SharedFunctionality.swift in Sources */,
				C23EB0301D46364000D3E0AC /* Models.swift in Sources */,
				C23EB0321D46364000D3E0AC /* LocalIPAddress.swift in Sources */,
			);
			runOnlyForDeploymentPostprocessing = 0;
		};
		E84CF2AD1CBC408000082C1A /* Sources */ = {
			isa = PBXSourcesBuildPhase;
			buildActionMask = 2147483647;
			files = (
				220C334A1D3DE1F40043A885 /* OnboardView.swift in Sources */,
				C2E472201D3FDF2E00276542 /* LocalIPAddress.swift in Sources */,
				225201A61D3DD648009E45FA /* ViewController.swift in Sources */,
				22092D861D5C5BCB0016E757 /* NavHintView.swift in Sources */,
				225201A51D3DD648009E45FA /* CellTextView.swift in Sources */,
				E8A1E6521D59360A00D8B04A /* SharedFunctionality.swift in Sources */,
				C23EB0351D46421C00D3E0AC /* RealmConfigurations.swift in Sources */,
				C23EB0381D4643B900D3E0AC /* Constants.swift in Sources */,
				225201A31D3DD648009E45FA /* TableViewCell.swift in Sources */,
				E8A1E6501D59354500D8B04A /* ContainerViewController.swift in Sources */,
				2252019E1D3DD648009E45FA /* AppDelegate.swift in Sources */,
				E89CE68E1D409D3500BB4521 /* LogInViewController.swift in Sources */,
				E89CE68F1D409D3500BB4521 /* RegisterViewController.swift in Sources */,
				225201A41D3DD648009E45FA /* Models.swift in Sources */,
				225201A21D3DD648009E45FA /* RealmColor.swift in Sources */,
			);
			runOnlyForDeploymentPostprocessing = 0;
		};
/* End PBXSourcesBuildPhase section */

/* Begin PBXVariantGroup section */
		225201961D3DD648009E45FA /* LaunchScreen.storyboard */ = {
			isa = PBXVariantGroup;
			children = (
				225201971D3DD648009E45FA /* Base */,
			);
			name = LaunchScreen.storyboard;
			sourceTree = "<group>";
		};
/* End PBXVariantGroup section */

/* Begin XCBuildConfiguration section */
		C23EB0281D46329400D3E0AC /* Debug */ = {
			isa = XCBuildConfiguration;
			baseConfigurationReference = F9B66AB3287C77E6F01777F3 /* Pods-RealmTasks-RealmTasks macOS.debug.xcconfig */;
			buildSettings = {
				ASSETCATALOG_COMPILER_APPICON_NAME = AppIcon;
				CODE_SIGN_ENTITLEMENTS = "RealmTasks macOS/RealmTasks.entitlements";
				CODE_SIGN_IDENTITY = "Mac Developer";
				COMBINE_HIDPI_IMAGES = YES;
				INFOPLIST_FILE = "$(SRCROOT)/$(TARGET_NAME)/Info.plist";
				LD_RUNPATH_SEARCH_PATHS = "$(inherited) @executable_path/../Frameworks";
				MACOSX_DEPLOYMENT_TARGET = 10.10;
				PRODUCT_BUNDLE_IDENTIFIER = io.realm.tasks.macos;
				PRODUCT_NAME = "Realm Tasks";
				SDKROOT = macosx;
			};
			name = Debug;
		};
		C23EB0291D46329400D3E0AC /* Release */ = {
			isa = XCBuildConfiguration;
			baseConfigurationReference = FE1F651C6DD135AF60B7902F /* Pods-RealmTasks-RealmTasks macOS.release.xcconfig */;
			buildSettings = {
				ASSETCATALOG_COMPILER_APPICON_NAME = AppIcon;
				CODE_SIGN_ENTITLEMENTS = "RealmTasks macOS/RealmTasks.entitlements";
				CODE_SIGN_IDENTITY = "Mac Developer";
				COMBINE_HIDPI_IMAGES = YES;
				INFOPLIST_FILE = "$(SRCROOT)/$(TARGET_NAME)/Info.plist";
				LD_RUNPATH_SEARCH_PATHS = "$(inherited) @executable_path/../Frameworks";
				MACOSX_DEPLOYMENT_TARGET = 10.10;
				PRODUCT_BUNDLE_IDENTIFIER = io.realm.tasks.macos;
				PRODUCT_NAME = "Realm Tasks";
				SDKROOT = macosx;
			};
			name = Release;
		};
		E84CF2CC1CBC408000082C1A /* Debug */ = {
			isa = XCBuildConfiguration;
			buildSettings = {
				ALWAYS_SEARCH_USER_PATHS = NO;
				CLANG_ANALYZER_NONNULL = YES;
				CLANG_CXX_LANGUAGE_STANDARD = "gnu++0x";
				CLANG_CXX_LIBRARY = "libc++";
				CLANG_ENABLE_MODULES = YES;
				CLANG_ENABLE_OBJC_ARC = YES;
				CLANG_WARN_BOOL_CONVERSION = YES;
				CLANG_WARN_CONSTANT_CONVERSION = YES;
				CLANG_WARN_DIRECT_OBJC_ISA_USAGE = YES_ERROR;
				CLANG_WARN_EMPTY_BODY = YES;
				CLANG_WARN_ENUM_CONVERSION = YES;
				CLANG_WARN_INT_CONVERSION = YES;
				CLANG_WARN_OBJC_ROOT_CLASS = YES_ERROR;
				CLANG_WARN_UNREACHABLE_CODE = YES;
				CLANG_WARN__DUPLICATE_METHOD_MATCH = YES;
				COPY_PHASE_STRIP = NO;
				DEBUG_INFORMATION_FORMAT = dwarf;
				ENABLE_STRICT_OBJC_MSGSEND = YES;
				ENABLE_TESTABILITY = YES;
				GCC_C_LANGUAGE_STANDARD = gnu99;
				GCC_DYNAMIC_NO_PIC = NO;
				GCC_NO_COMMON_BLOCKS = YES;
				GCC_OPTIMIZATION_LEVEL = 0;
				GCC_PREPROCESSOR_DEFINITIONS = (
					"DEBUG=1",
					"$(inherited)",
				);
				GCC_WARN_64_TO_32_BIT_CONVERSION = YES;
				GCC_WARN_ABOUT_RETURN_TYPE = YES_ERROR;
				GCC_WARN_UNDECLARED_SELECTOR = YES;
				GCC_WARN_UNINITIALIZED_AUTOS = YES_AGGRESSIVE;
				GCC_WARN_UNUSED_FUNCTION = YES;
				GCC_WARN_UNUSED_VARIABLE = YES;
				INFOPLIST_FILE = "";
				IPHONEOS_DEPLOYMENT_TARGET = 9.3;
				MTL_ENABLE_DEBUG_INFO = YES;
				ONLY_ACTIVE_ARCH = YES;
				OTHER_SWIFT_FLAGS = "-DDEBUG";
				SDKROOT = iphoneos;
				SWIFT_OPTIMIZATION_LEVEL = "-Onone";
			};
			name = Debug;
		};
		E84CF2CD1CBC408000082C1A /* Release */ = {
			isa = XCBuildConfiguration;
			buildSettings = {
				ALWAYS_SEARCH_USER_PATHS = NO;
				CLANG_ANALYZER_NONNULL = YES;
				CLANG_CXX_LANGUAGE_STANDARD = "gnu++0x";
				CLANG_CXX_LIBRARY = "libc++";
				CLANG_ENABLE_MODULES = YES;
				CLANG_ENABLE_OBJC_ARC = YES;
				CLANG_WARN_BOOL_CONVERSION = YES;
				CLANG_WARN_CONSTANT_CONVERSION = YES;
				CLANG_WARN_DIRECT_OBJC_ISA_USAGE = YES_ERROR;
				CLANG_WARN_EMPTY_BODY = YES;
				CLANG_WARN_ENUM_CONVERSION = YES;
				CLANG_WARN_INT_CONVERSION = YES;
				CLANG_WARN_OBJC_ROOT_CLASS = YES_ERROR;
				CLANG_WARN_UNREACHABLE_CODE = YES;
				CLANG_WARN__DUPLICATE_METHOD_MATCH = YES;
				COPY_PHASE_STRIP = NO;
				DEBUG_INFORMATION_FORMAT = "dwarf-with-dsym";
				ENABLE_NS_ASSERTIONS = NO;
				ENABLE_STRICT_OBJC_MSGSEND = YES;
				GCC_C_LANGUAGE_STANDARD = gnu99;
				GCC_NO_COMMON_BLOCKS = YES;
				GCC_WARN_64_TO_32_BIT_CONVERSION = YES;
				GCC_WARN_ABOUT_RETURN_TYPE = YES_ERROR;
				GCC_WARN_UNDECLARED_SELECTOR = YES;
				GCC_WARN_UNINITIALIZED_AUTOS = YES_AGGRESSIVE;
				GCC_WARN_UNUSED_FUNCTION = YES;
				GCC_WARN_UNUSED_VARIABLE = YES;
				INFOPLIST_FILE = "";
				IPHONEOS_DEPLOYMENT_TARGET = 9.3;
				MTL_ENABLE_DEBUG_INFO = NO;
				SDKROOT = iphoneos;
				VALIDATE_PRODUCT = YES;
			};
			name = Release;
		};
		E84CF2CF1CBC408000082C1A /* Debug */ = {
			isa = XCBuildConfiguration;
			baseConfigurationReference = 9CCE23B978EF7565F4866B4B /* Pods-RealmTasks-RealmTasks iOS.debug.xcconfig */;
			buildSettings = {
				ASSETCATALOG_COMPILER_APPICON_NAME = AppIcon;
				CODE_SIGN_IDENTITY = "iPhone Developer";
				INFOPLIST_FILE = "$(SRCROOT)/$(TARGET_NAME)/Info.plist";
				LD_RUNPATH_SEARCH_PATHS = "$(inherited) @executable_path/Frameworks";
				PRODUCT_BUNDLE_IDENTIFIER = io.realm.tasks.ios;
				PRODUCT_NAME = "Realm Tasks";
			};
			name = Debug;
		};
		E84CF2D01CBC408000082C1A /* Release */ = {
			isa = XCBuildConfiguration;
			baseConfigurationReference = 1F2F1BE895B44ABCE16F567F /* Pods-RealmTasks-RealmTasks iOS.release.xcconfig */;
			buildSettings = {
				ASSETCATALOG_COMPILER_APPICON_NAME = AppIcon;
				CODE_SIGN_IDENTITY = "iPhone Developer";
				INFOPLIST_FILE = "$(SRCROOT)/$(TARGET_NAME)/Info.plist";
				LD_RUNPATH_SEARCH_PATHS = "$(inherited) @executable_path/Frameworks";
				PRODUCT_BUNDLE_IDENTIFIER = io.realm.tasks.ios;
				PRODUCT_NAME = "Realm Tasks";
			};
			name = Release;
		};
/* End XCBuildConfiguration section */

/* Begin XCConfigurationList section */
		C23EB0271D46329400D3E0AC /* Build configuration list for PBXNativeTarget "RealmTasks macOS" */ = {
			isa = XCConfigurationList;
			buildConfigurations = (
				C23EB0281D46329400D3E0AC /* Debug */,
				C23EB0291D46329400D3E0AC /* Release */,
			);
			defaultConfigurationIsVisible = 0;
			defaultConfigurationName = Release;
		};
		E84CF2AC1CBC408000082C1A /* Build configuration list for PBXProject "RealmTasks" */ = {
			isa = XCConfigurationList;
			buildConfigurations = (
				E84CF2CC1CBC408000082C1A /* Debug */,
				E84CF2CD1CBC408000082C1A /* Release */,
			);
			defaultConfigurationIsVisible = 0;
			defaultConfigurationName = Release;
		};
		E84CF2CE1CBC408000082C1A /* Build configuration list for PBXNativeTarget "RealmTasks iOS" */ = {
			isa = XCConfigurationList;
			buildConfigurations = (
				E84CF2CF1CBC408000082C1A /* Debug */,
				E84CF2D01CBC408000082C1A /* Release */,
			);
			defaultConfigurationIsVisible = 0;
			defaultConfigurationName = Release;
		};
/* End XCConfigurationList section */
	};
	rootObject = E84CF2A91CBC408000082C1A /* Project object */;
}
